
Microsoft Visual Studio Solution File, Format Version 12.00
# Visual Studio 15
VisualStudioVersion = 15.0.27703.2035
MinimumVisualStudioVersion = 10.0.40219.1
Project("{FAE04EC0-301F-11D3-BF4B-00C04F79EFBC}") = "C8oSDKPCL", "C8oSDKPCL\C8oSDKPCL.csproj", "{1764723D-85B1-4FDE-ACCF-88BB7A3B62A8}"
EndProject
Project("{D954291E-2A0B-460D-934E-DC6B0785DB48}") = "C8oFullSyncCbl", "C8oFullSyncCbl\C8oFullSyncCbl.shproj", "{863CE965-5C79-48F0-9E97-1AADC3241A87}"
EndProject
Project("{FAE04EC0-301F-11D3-BF4B-00C04F79EFBC}") = "C8oSDKDotNet.Android", "C8oSDKDotNet.Android\C8oSDKDotNet.Android.csproj", "{4F9BA553-8252-412D-98C8-C113CC009F82}"
EndProject
Project("{FAE04EC0-301F-11D3-BF4B-00C04F79EFBC}") = "C8oSDKDotNet.iOS", "C8oSDKDotNet.iOS\C8oSDKDotNet.iOS.csproj", "{9D58D300-2DAD-488D-BEF1-6F591CF3E401}"
EndProject
Project("{D954291E-2A0B-460D-934E-DC6B0785DB48}") = "C8oPlatform", "C8oPlatforms\C8oPlatform.shproj", "{BDF9111D-F09A-4213-9721-114434CA73B6}"
EndProject
Project("{FAE04EC0-301F-11D3-BF4B-00C04F79EFBC}") = "C8oSDKDotNet.Windows", "C8oSDKDotNet.Windows\C8oSDKDotNet.Windows.csproj", "{FAD46F42-E48D-45D3-BA42-A27298F0B63B}"
EndProject
Project("{2150E333-8FDC-42A3-9474-1A3956D46DE8}") = "Solution Items", "Solution Items", "{3FCB2A24-57B3-4A12-8A25-C16DD29F72B0}"
	ProjectSection(SolutionItems) = preProject
		C8oFullSyncExtensions.nuspec = C8oFullSyncExtensions.nuspec
		C8oSDK-PCL.nuspec = C8oSDK-PCL.nuspec
		C8oSDK-PCL.shfbproj = C8oSDK-PCL.shfbproj
		tools\convertigo\component\component.yaml = tools\convertigo\component\component.yaml
		README.md = README.md
	EndProjectSection
EndProject
Project("{FAE04EC0-301F-11D3-BF4B-00C04F79EFBC}") = "C8oSDKNUnitWPF", "C8oSDKNUnitWPF\C8oSDKNUnitWPF.csproj", "{1F0D5C6E-D47D-430F-9C7F-76D8B8B3718E}"
EndProject
Project("{FAE04EC0-301F-11D3-BF4B-00C04F79EFBC}") = "C8oSDKNUnitWPF_nuget", "C8oSDKNUnitWPF_nuget\C8oSDKNUnitWPF_nuget.csproj", "{171F9ED3-8216-4201-9370-DEA9FEC9D308}"
EndProject
Project("{FAE04EC0-301F-11D3-BF4B-00C04F79EFBC}") = "C8oSDKDotNet.UWP", "C8oSDKDotNet.UWP\C8oSDKDotNet.UWP.csproj", "{40462F44-8CDA-4D8C-B8D4-1DA7A0657EC6}"
EndProject
Project("{D954291E-2A0B-460D-934E-DC6B0785DB48}") = "Couchbase.Lite.Shared", "Couchbase.Lite.Shared\Couchbase.Lite.Shared.shproj", "{FF87EED7-5DE9-47E9-82F4-D1DF659D1DC2}"
EndProject
Project("{D954291E-2A0B-460D-934E-DC6B0785DB48}") = "storage.sqlite.common", "SQLiteCommon\storage.sqlite.common\storage.sqlite.common.shproj", "{79FC4A01-1E39-468F-8E55-195BC918232E}"
EndProject
Project("{FAE04EC0-301F-11D3-BF4B-00C04F79EFBC}") = "C8oSDKDotNet.Tests.Android", "C8oSDKDotNet.Tests.Android\C8oSDKDotNet.Tests.Android.csproj", "{AD7B78B0-AE51-4FB7-9B11-4E22A2B538CA}"
EndProject
Project("{D954291E-2A0B-460D-934E-DC6B0785DB48}") = "C8oSDKDoNet.SharedTests", "C8oSDKDoNet.SharedTests\C8oSDKDoNet.SharedTests.shproj", "{5C5520F4-4E52-4B13-AD23-24DCC1D2B55E}"
EndProject
Project("{FAE04EC0-301F-11D3-BF4B-00C04F79EFBC}") = "SDKUItest", "SDKUItest\SDKUItest.csproj", "{B19C892E-2628-4CA7-AD27-08D406A3B14B}"
EndProject
Global
	GlobalSection(SharedMSBuildProjectFiles) = preSolution
		C8oSDKDoNet.SharedTests\C8oSDKDoNet.SharedTests.projitems*{1f0d5c6e-d47d-430f-9c7f-76d8b8b3718e}*SharedItemsImports = 4
		C8oFullSyncCbl\C8oFullSyncNet.projitems*{40462f44-8cda-4d8c-b8d4-1da7a0657ec6}*SharedItemsImports = 4
		C8oPlatforms\C8oPlatforms.projitems*{40462f44-8cda-4d8c-b8d4-1da7a0657ec6}*SharedItemsImports = 4
		Couchbase.Lite.Shared\Couchbase.Lite.Shared.projitems*{40462f44-8cda-4d8c-b8d4-1da7a0657ec6}*SharedItemsImports = 4
		SQLiteCommon\storage.sqlite.common\storage.sqlite.common.projitems*{40462f44-8cda-4d8c-b8d4-1da7a0657ec6}*SharedItemsImports = 4
		C8oFullSyncCbl\C8oFullSyncNet.projitems*{4f9ba553-8252-412d-98c8-c113cc009f82}*SharedItemsImports = 4
		C8oPlatforms\C8oPlatforms.projitems*{4f9ba553-8252-412d-98c8-c113cc009f82}*SharedItemsImports = 4
		Couchbase.Lite.Shared\Couchbase.Lite.Shared.projitems*{4f9ba553-8252-412d-98c8-c113cc009f82}*SharedItemsImports = 4
		SQLiteCommon\storage.sqlite.common\storage.sqlite.common.projitems*{4f9ba553-8252-412d-98c8-c113cc009f82}*SharedItemsImports = 4
		C8oSDKDoNet.SharedTests\C8oSDKDoNet.SharedTests.projitems*{5c5520f4-4e52-4b13-ad23-24dcc1d2b55e}*SharedItemsImports = 13
		SQLiteCommon\storage.sqlite.common\storage.sqlite.common.projitems*{79fc4a01-1e39-468f-8e55-195bc918232e}*SharedItemsImports = 13
		C8oFullSyncCbl\C8oFullSyncNet.projitems*{863ce965-5c79-48f0-9e97-1aadc3241a87}*SharedItemsImports = 13
		C8oFullSyncCbl\C8oFullSyncNet.projitems*{9d58d300-2dad-488d-bef1-6f591cf3e401}*SharedItemsImports = 4
		C8oPlatforms\C8oPlatforms.projitems*{9d58d300-2dad-488d-bef1-6f591cf3e401}*SharedItemsImports = 4
		C8oSDKDoNet.SharedTests\C8oSDKDoNet.SharedTests.projitems*{ad7b78b0-ae51-4fb7-9b11-4e22a2b538ca}*SharedItemsImports = 4
		C8oPlatforms\C8oPlatforms.projitems*{bdf9111d-f09a-4213-9721-114434ca73b6}*SharedItemsImports = 13
		C8oFullSyncCbl\C8oFullSyncNet.projitems*{fad46f42-e48d-45d3-ba42-a27298f0b63b}*SharedItemsImports = 4
		C8oPlatforms\C8oPlatforms.projitems*{fad46f42-e48d-45d3-ba42-a27298f0b63b}*SharedItemsImports = 4
		Couchbase.Lite.Shared\Couchbase.Lite.Shared.projitems*{fad46f42-e48d-45d3-ba42-a27298f0b63b}*SharedItemsImports = 4
		SQLiteCommon\storage.sqlite.common\storage.sqlite.common.projitems*{fad46f42-e48d-45d3-ba42-a27298f0b63b}*SharedItemsImports = 4
		Couchbase.Lite.Shared\Couchbase.Lite.Shared.projitems*{ff87eed7-5de9-47e9-82f4-d1df659d1dc2}*SharedItemsImports = 13
	EndGlobalSection
	GlobalSection(SolutionConfigurationPlatforms) = preSolution
		Debug|Any CPU = Debug|Any CPU
		Debug|ARM = Debug|ARM
		Debug|iPhone = Debug|iPhone
		Debug|iPhoneSimulator = Debug|iPhoneSimulator
		Debug|x64 = Debug|x64
		Debug|x86 = Debug|x86
		Packaging|Any CPU = Packaging|Any CPU
		Packaging|ARM = Packaging|ARM
		Packaging|iPhone = Packaging|iPhone
		Packaging|iPhoneSimulator = Packaging|iPhoneSimulator
		Packaging|x64 = Packaging|x64
		Packaging|x86 = Packaging|x86
		Release|Any CPU = Release|Any CPU
		Release|ARM = Release|ARM
		Release|iPhone = Release|iPhone
		Release|iPhoneSimulator = Release|iPhoneSimulator
		Release|x64 = Release|x64
		Release|x86 = Release|x86
	EndGlobalSection
	GlobalSection(ProjectConfigurationPlatforms) = postSolution
		{1764723D-85B1-4FDE-ACCF-88BB7A3B62A8}.Debug|Any CPU.ActiveCfg = Debug|Any CPU
		{1764723D-85B1-4FDE-ACCF-88BB7A3B62A8}.Debug|Any CPU.Build.0 = Debug|Any CPU
		{1764723D-85B1-4FDE-ACCF-88BB7A3B62A8}.Debug|ARM.ActiveCfg = Debug|Any CPU
		{1764723D-85B1-4FDE-ACCF-88BB7A3B62A8}.Debug|ARM.Build.0 = Debug|Any CPU
		{1764723D-85B1-4FDE-ACCF-88BB7A3B62A8}.Debug|iPhone.ActiveCfg = Debug|Any CPU
		{1764723D-85B1-4FDE-ACCF-88BB7A3B62A8}.Debug|iPhone.Build.0 = Debug|Any CPU
		{1764723D-85B1-4FDE-ACCF-88BB7A3B62A8}.Debug|iPhoneSimulator.ActiveCfg = Debug|Any CPU
		{1764723D-85B1-4FDE-ACCF-88BB7A3B62A8}.Debug|iPhoneSimulator.Build.0 = Debug|Any CPU
		{1764723D-85B1-4FDE-ACCF-88BB7A3B62A8}.Debug|x64.ActiveCfg = Debug|Any CPU
		{1764723D-85B1-4FDE-ACCF-88BB7A3B62A8}.Debug|x64.Build.0 = Debug|Any CPU
		{1764723D-85B1-4FDE-ACCF-88BB7A3B62A8}.Debug|x86.ActiveCfg = Debug|Any CPU
		{1764723D-85B1-4FDE-ACCF-88BB7A3B62A8}.Debug|x86.Build.0 = Debug|Any CPU
		{1764723D-85B1-4FDE-ACCF-88BB7A3B62A8}.Packaging|Any CPU.ActiveCfg = Release|Any CPU
		{1764723D-85B1-4FDE-ACCF-88BB7A3B62A8}.Packaging|Any CPU.Build.0 = Release|Any CPU
		{1764723D-85B1-4FDE-ACCF-88BB7A3B62A8}.Packaging|ARM.ActiveCfg = Release|Any CPU
		{1764723D-85B1-4FDE-ACCF-88BB7A3B62A8}.Packaging|ARM.Build.0 = Release|Any CPU
		{1764723D-85B1-4FDE-ACCF-88BB7A3B62A8}.Packaging|iPhone.ActiveCfg = Release|Any CPU
		{1764723D-85B1-4FDE-ACCF-88BB7A3B62A8}.Packaging|iPhone.Build.0 = Release|Any CPU
		{1764723D-85B1-4FDE-ACCF-88BB7A3B62A8}.Packaging|iPhoneSimulator.ActiveCfg = Release|Any CPU
		{1764723D-85B1-4FDE-ACCF-88BB7A3B62A8}.Packaging|iPhoneSimulator.Build.0 = Release|Any CPU
		{1764723D-85B1-4FDE-ACCF-88BB7A3B62A8}.Packaging|x64.ActiveCfg = Release|Any CPU
		{1764723D-85B1-4FDE-ACCF-88BB7A3B62A8}.Packaging|x64.Build.0 = Release|Any CPU
		{1764723D-85B1-4FDE-ACCF-88BB7A3B62A8}.Packaging|x86.ActiveCfg = Release|Any CPU
		{1764723D-85B1-4FDE-ACCF-88BB7A3B62A8}.Packaging|x86.Build.0 = Release|Any CPU
		{1764723D-85B1-4FDE-ACCF-88BB7A3B62A8}.Release|Any CPU.ActiveCfg = Release|Any CPU
		{1764723D-85B1-4FDE-ACCF-88BB7A3B62A8}.Release|Any CPU.Build.0 = Release|Any CPU
		{1764723D-85B1-4FDE-ACCF-88BB7A3B62A8}.Release|ARM.ActiveCfg = Release|Any CPU
		{1764723D-85B1-4FDE-ACCF-88BB7A3B62A8}.Release|ARM.Build.0 = Release|Any CPU
		{1764723D-85B1-4FDE-ACCF-88BB7A3B62A8}.Release|iPhone.ActiveCfg = Release|Any CPU
		{1764723D-85B1-4FDE-ACCF-88BB7A3B62A8}.Release|iPhone.Build.0 = Release|Any CPU
		{1764723D-85B1-4FDE-ACCF-88BB7A3B62A8}.Release|iPhoneSimulator.ActiveCfg = Release|Any CPU
		{1764723D-85B1-4FDE-ACCF-88BB7A3B62A8}.Release|iPhoneSimulator.Build.0 = Release|Any CPU
		{1764723D-85B1-4FDE-ACCF-88BB7A3B62A8}.Release|x64.ActiveCfg = Release|Any CPU
		{1764723D-85B1-4FDE-ACCF-88BB7A3B62A8}.Release|x64.Build.0 = Release|Any CPU
		{1764723D-85B1-4FDE-ACCF-88BB7A3B62A8}.Release|x86.ActiveCfg = Release|Any CPU
		{1764723D-85B1-4FDE-ACCF-88BB7A3B62A8}.Release|x86.Build.0 = Release|Any CPU
		{4F9BA553-8252-412D-98C8-C113CC009F82}.Debug|Any CPU.ActiveCfg = Debug|Any CPU
		{4F9BA553-8252-412D-98C8-C113CC009F82}.Debug|Any CPU.Build.0 = Debug|Any CPU
		{4F9BA553-8252-412D-98C8-C113CC009F82}.Debug|ARM.ActiveCfg = Debug|Any CPU
		{4F9BA553-8252-412D-98C8-C113CC009F82}.Debug|ARM.Build.0 = Debug|Any CPU
		{4F9BA553-8252-412D-98C8-C113CC009F82}.Debug|iPhone.ActiveCfg = Debug|Any CPU
		{4F9BA553-8252-412D-98C8-C113CC009F82}.Debug|iPhone.Build.0 = Debug|Any CPU
		{4F9BA553-8252-412D-98C8-C113CC009F82}.Debug|iPhoneSimulator.ActiveCfg = Debug|Any CPU
		{4F9BA553-8252-412D-98C8-C113CC009F82}.Debug|iPhoneSimulator.Build.0 = Debug|Any CPU
		{4F9BA553-8252-412D-98C8-C113CC009F82}.Debug|x64.ActiveCfg = Debug|Any CPU
		{4F9BA553-8252-412D-98C8-C113CC009F82}.Debug|x64.Build.0 = Debug|Any CPU
		{4F9BA553-8252-412D-98C8-C113CC009F82}.Debug|x86.ActiveCfg = Debug|Any CPU
		{4F9BA553-8252-412D-98C8-C113CC009F82}.Debug|x86.Build.0 = Debug|Any CPU
		{4F9BA553-8252-412D-98C8-C113CC009F82}.Packaging|Any CPU.ActiveCfg = Release|Any CPU
		{4F9BA553-8252-412D-98C8-C113CC009F82}.Packaging|Any CPU.Build.0 = Release|Any CPU
		{4F9BA553-8252-412D-98C8-C113CC009F82}.Packaging|ARM.ActiveCfg = Release|Any CPU
		{4F9BA553-8252-412D-98C8-C113CC009F82}.Packaging|ARM.Build.0 = Release|Any CPU
		{4F9BA553-8252-412D-98C8-C113CC009F82}.Packaging|iPhone.ActiveCfg = Release|Any CPU
		{4F9BA553-8252-412D-98C8-C113CC009F82}.Packaging|iPhone.Build.0 = Release|Any CPU
		{4F9BA553-8252-412D-98C8-C113CC009F82}.Packaging|iPhoneSimulator.ActiveCfg = Release|Any CPU
		{4F9BA553-8252-412D-98C8-C113CC009F82}.Packaging|iPhoneSimulator.Build.0 = Release|Any CPU
		{4F9BA553-8252-412D-98C8-C113CC009F82}.Packaging|x64.ActiveCfg = Release|Any CPU
		{4F9BA553-8252-412D-98C8-C113CC009F82}.Packaging|x64.Build.0 = Release|Any CPU
		{4F9BA553-8252-412D-98C8-C113CC009F82}.Packaging|x86.ActiveCfg = Release|Any CPU
		{4F9BA553-8252-412D-98C8-C113CC009F82}.Packaging|x86.Build.0 = Release|Any CPU
		{4F9BA553-8252-412D-98C8-C113CC009F82}.Release|Any CPU.ActiveCfg = Release|Any CPU
		{4F9BA553-8252-412D-98C8-C113CC009F82}.Release|Any CPU.Build.0 = Release|Any CPU
		{4F9BA553-8252-412D-98C8-C113CC009F82}.Release|ARM.ActiveCfg = Release|Any CPU
		{4F9BA553-8252-412D-98C8-C113CC009F82}.Release|ARM.Build.0 = Release|Any CPU
		{4F9BA553-8252-412D-98C8-C113CC009F82}.Release|iPhone.ActiveCfg = Release|Any CPU
		{4F9BA553-8252-412D-98C8-C113CC009F82}.Release|iPhone.Build.0 = Release|Any CPU
		{4F9BA553-8252-412D-98C8-C113CC009F82}.Release|iPhoneSimulator.ActiveCfg = Release|Any CPU
		{4F9BA553-8252-412D-98C8-C113CC009F82}.Release|iPhoneSimulator.Build.0 = Release|Any CPU
		{4F9BA553-8252-412D-98C8-C113CC009F82}.Release|x64.ActiveCfg = Release|Any CPU
		{4F9BA553-8252-412D-98C8-C113CC009F82}.Release|x64.Build.0 = Release|Any CPU
		{4F9BA553-8252-412D-98C8-C113CC009F82}.Release|x86.ActiveCfg = Release|Any CPU
		{4F9BA553-8252-412D-98C8-C113CC009F82}.Release|x86.Build.0 = Release|Any CPU
		{9D58D300-2DAD-488D-BEF1-6F591CF3E401}.Debug|Any CPU.ActiveCfg = Debug|Any CPU
		{9D58D300-2DAD-488D-BEF1-6F591CF3E401}.Debug|Any CPU.Build.0 = Debug|Any CPU
		{9D58D300-2DAD-488D-BEF1-6F591CF3E401}.Debug|ARM.ActiveCfg = Debug|Any CPU
		{9D58D300-2DAD-488D-BEF1-6F591CF3E401}.Debug|ARM.Build.0 = Debug|Any CPU
		{9D58D300-2DAD-488D-BEF1-6F591CF3E401}.Debug|iPhone.ActiveCfg = Debug|Any CPU
		{9D58D300-2DAD-488D-BEF1-6F591CF3E401}.Debug|iPhone.Build.0 = Debug|Any CPU
		{9D58D300-2DAD-488D-BEF1-6F591CF3E401}.Debug|iPhoneSimulator.ActiveCfg = Debug|Any CPU
		{9D58D300-2DAD-488D-BEF1-6F591CF3E401}.Debug|iPhoneSimulator.Build.0 = Debug|Any CPU
		{9D58D300-2DAD-488D-BEF1-6F591CF3E401}.Debug|x64.ActiveCfg = Debug|Any CPU
		{9D58D300-2DAD-488D-BEF1-6F591CF3E401}.Debug|x64.Build.0 = Debug|Any CPU
		{9D58D300-2DAD-488D-BEF1-6F591CF3E401}.Debug|x86.ActiveCfg = Debug|Any CPU
		{9D58D300-2DAD-488D-BEF1-6F591CF3E401}.Debug|x86.Build.0 = Debug|Any CPU
		{9D58D300-2DAD-488D-BEF1-6F591CF3E401}.Packaging|Any CPU.ActiveCfg = Release|Any CPU
		{9D58D300-2DAD-488D-BEF1-6F591CF3E401}.Packaging|Any CPU.Build.0 = Release|Any CPU
		{9D58D300-2DAD-488D-BEF1-6F591CF3E401}.Packaging|ARM.ActiveCfg = Release|Any CPU
		{9D58D300-2DAD-488D-BEF1-6F591CF3E401}.Packaging|ARM.Build.0 = Release|Any CPU
		{9D58D300-2DAD-488D-BEF1-6F591CF3E401}.Packaging|iPhone.ActiveCfg = Release|Any CPU
		{9D58D300-2DAD-488D-BEF1-6F591CF3E401}.Packaging|iPhone.Build.0 = Release|Any CPU
		{9D58D300-2DAD-488D-BEF1-6F591CF3E401}.Packaging|iPhoneSimulator.ActiveCfg = Release|Any CPU
		{9D58D300-2DAD-488D-BEF1-6F591CF3E401}.Packaging|iPhoneSimulator.Build.0 = Release|Any CPU
		{9D58D300-2DAD-488D-BEF1-6F591CF3E401}.Packaging|x64.ActiveCfg = Release|Any CPU
		{9D58D300-2DAD-488D-BEF1-6F591CF3E401}.Packaging|x64.Build.0 = Release|Any CPU
		{9D58D300-2DAD-488D-BEF1-6F591CF3E401}.Packaging|x86.ActiveCfg = Release|Any CPU
		{9D58D300-2DAD-488D-BEF1-6F591CF3E401}.Packaging|x86.Build.0 = Release|Any CPU
		{9D58D300-2DAD-488D-BEF1-6F591CF3E401}.Release|Any CPU.ActiveCfg = Release|Any CPU
		{9D58D300-2DAD-488D-BEF1-6F591CF3E401}.Release|Any CPU.Build.0 = Release|Any CPU
		{9D58D300-2DAD-488D-BEF1-6F591CF3E401}.Release|ARM.ActiveCfg = Release|Any CPU
		{9D58D300-2DAD-488D-BEF1-6F591CF3E401}.Release|ARM.Build.0 = Release|Any CPU
		{9D58D300-2DAD-488D-BEF1-6F591CF3E401}.Release|iPhone.ActiveCfg = Release|Any CPU
		{9D58D300-2DAD-488D-BEF1-6F591CF3E401}.Release|iPhone.Build.0 = Release|Any CPU
		{9D58D300-2DAD-488D-BEF1-6F591CF3E401}.Release|iPhoneSimulator.ActiveCfg = Release|Any CPU
		{9D58D300-2DAD-488D-BEF1-6F591CF3E401}.Release|iPhoneSimulator.Build.0 = Release|Any CPU
		{9D58D300-2DAD-488D-BEF1-6F591CF3E401}.Release|x64.ActiveCfg = Release|Any CPU
		{9D58D300-2DAD-488D-BEF1-6F591CF3E401}.Release|x64.Build.0 = Release|Any CPU
		{9D58D300-2DAD-488D-BEF1-6F591CF3E401}.Release|x86.ActiveCfg = Release|Any CPU
		{9D58D300-2DAD-488D-BEF1-6F591CF3E401}.Release|x86.Build.0 = Release|Any CPU
		{FAD46F42-E48D-45D3-BA42-A27298F0B63B}.Debug|Any CPU.ActiveCfg = Debug|Any CPU
		{FAD46F42-E48D-45D3-BA42-A27298F0B63B}.Debug|Any CPU.Build.0 = Debug|Any CPU
		{FAD46F42-E48D-45D3-BA42-A27298F0B63B}.Debug|ARM.ActiveCfg = Debug|Any CPU
		{FAD46F42-E48D-45D3-BA42-A27298F0B63B}.Debug|ARM.Build.0 = Debug|Any CPU
		{FAD46F42-E48D-45D3-BA42-A27298F0B63B}.Debug|iPhone.ActiveCfg = Debug|Any CPU
		{FAD46F42-E48D-45D3-BA42-A27298F0B63B}.Debug|iPhone.Build.0 = Debug|Any CPU
		{FAD46F42-E48D-45D3-BA42-A27298F0B63B}.Debug|iPhoneSimulator.ActiveCfg = Debug|Any CPU
		{FAD46F42-E48D-45D3-BA42-A27298F0B63B}.Debug|iPhoneSimulator.Build.0 = Debug|Any CPU
		{FAD46F42-E48D-45D3-BA42-A27298F0B63B}.Debug|x64.ActiveCfg = Debug|Any CPU
		{FAD46F42-E48D-45D3-BA42-A27298F0B63B}.Debug|x64.Build.0 = Debug|Any CPU
		{FAD46F42-E48D-45D3-BA42-A27298F0B63B}.Debug|x86.ActiveCfg = Debug|Any CPU
		{FAD46F42-E48D-45D3-BA42-A27298F0B63B}.Debug|x86.Build.0 = Debug|Any CPU
		{FAD46F42-E48D-45D3-BA42-A27298F0B63B}.Packaging|Any CPU.ActiveCfg = Release|Any CPU
		{FAD46F42-E48D-45D3-BA42-A27298F0B63B}.Packaging|Any CPU.Build.0 = Release|Any CPU
		{FAD46F42-E48D-45D3-BA42-A27298F0B63B}.Packaging|ARM.ActiveCfg = Release|Any CPU
		{FAD46F42-E48D-45D3-BA42-A27298F0B63B}.Packaging|ARM.Build.0 = Release|Any CPU
		{FAD46F42-E48D-45D3-BA42-A27298F0B63B}.Packaging|iPhone.ActiveCfg = Release|Any CPU
		{FAD46F42-E48D-45D3-BA42-A27298F0B63B}.Packaging|iPhone.Build.0 = Release|Any CPU
		{FAD46F42-E48D-45D3-BA42-A27298F0B63B}.Packaging|iPhoneSimulator.ActiveCfg = Release|Any CPU
		{FAD46F42-E48D-45D3-BA42-A27298F0B63B}.Packaging|iPhoneSimulator.Build.0 = Release|Any CPU
		{FAD46F42-E48D-45D3-BA42-A27298F0B63B}.Packaging|x64.ActiveCfg = Release|Any CPU
		{FAD46F42-E48D-45D3-BA42-A27298F0B63B}.Packaging|x64.Build.0 = Release|Any CPU
		{FAD46F42-E48D-45D3-BA42-A27298F0B63B}.Packaging|x86.ActiveCfg = Release|Any CPU
		{FAD46F42-E48D-45D3-BA42-A27298F0B63B}.Packaging|x86.Build.0 = Release|Any CPU
		{FAD46F42-E48D-45D3-BA42-A27298F0B63B}.Release|Any CPU.ActiveCfg = Release|Any CPU
		{FAD46F42-E48D-45D3-BA42-A27298F0B63B}.Release|Any CPU.Build.0 = Release|Any CPU
		{FAD46F42-E48D-45D3-BA42-A27298F0B63B}.Release|ARM.ActiveCfg = Release|Any CPU
		{FAD46F42-E48D-45D3-BA42-A27298F0B63B}.Release|ARM.Build.0 = Release|Any CPU
		{FAD46F42-E48D-45D3-BA42-A27298F0B63B}.Release|iPhone.ActiveCfg = Release|Any CPU
		{FAD46F42-E48D-45D3-BA42-A27298F0B63B}.Release|iPhone.Build.0 = Release|Any CPU
		{FAD46F42-E48D-45D3-BA42-A27298F0B63B}.Release|iPhoneSimulator.ActiveCfg = Release|Any CPU
		{FAD46F42-E48D-45D3-BA42-A27298F0B63B}.Release|iPhoneSimulator.Build.0 = Release|Any CPU
		{FAD46F42-E48D-45D3-BA42-A27298F0B63B}.Release|x64.ActiveCfg = Release|Any CPU
		{FAD46F42-E48D-45D3-BA42-A27298F0B63B}.Release|x64.Build.0 = Release|Any CPU
		{FAD46F42-E48D-45D3-BA42-A27298F0B63B}.Release|x86.ActiveCfg = Release|Any CPU
		{FAD46F42-E48D-45D3-BA42-A27298F0B63B}.Release|x86.Build.0 = Release|Any CPU
		{1F0D5C6E-D47D-430F-9C7F-76D8B8B3718E}.Debug|Any CPU.ActiveCfg = Debug|Any CPU
		{1F0D5C6E-D47D-430F-9C7F-76D8B8B3718E}.Debug|Any CPU.Build.0 = Debug|Any CPU
		{1F0D5C6E-D47D-430F-9C7F-76D8B8B3718E}.Debug|ARM.ActiveCfg = Debug|Any CPU
		{1F0D5C6E-D47D-430F-9C7F-76D8B8B3718E}.Debug|ARM.Build.0 = Debug|Any CPU
		{1F0D5C6E-D47D-430F-9C7F-76D8B8B3718E}.Debug|iPhone.ActiveCfg = Debug|Any CPU
		{1F0D5C6E-D47D-430F-9C7F-76D8B8B3718E}.Debug|iPhone.Build.0 = Debug|Any CPU
		{1F0D5C6E-D47D-430F-9C7F-76D8B8B3718E}.Debug|iPhoneSimulator.ActiveCfg = Debug|Any CPU
		{1F0D5C6E-D47D-430F-9C7F-76D8B8B3718E}.Debug|iPhoneSimulator.Build.0 = Debug|Any CPU
		{1F0D5C6E-D47D-430F-9C7F-76D8B8B3718E}.Debug|x64.ActiveCfg = Debug|Any CPU
		{1F0D5C6E-D47D-430F-9C7F-76D8B8B3718E}.Debug|x64.Build.0 = Debug|Any CPU
		{1F0D5C6E-D47D-430F-9C7F-76D8B8B3718E}.Debug|x86.ActiveCfg = Debug|Any CPU
		{1F0D5C6E-D47D-430F-9C7F-76D8B8B3718E}.Debug|x86.Build.0 = Debug|Any CPU
		{1F0D5C6E-D47D-430F-9C7F-76D8B8B3718E}.Packaging|Any CPU.ActiveCfg = Release|Any CPU
		{1F0D5C6E-D47D-430F-9C7F-76D8B8B3718E}.Packaging|Any CPU.Build.0 = Release|Any CPU
		{1F0D5C6E-D47D-430F-9C7F-76D8B8B3718E}.Packaging|ARM.ActiveCfg = Release|Any CPU
		{1F0D5C6E-D47D-430F-9C7F-76D8B8B3718E}.Packaging|ARM.Build.0 = Release|Any CPU
		{1F0D5C6E-D47D-430F-9C7F-76D8B8B3718E}.Packaging|iPhone.ActiveCfg = Release|Any CPU
		{1F0D5C6E-D47D-430F-9C7F-76D8B8B3718E}.Packaging|iPhone.Build.0 = Release|Any CPU
		{1F0D5C6E-D47D-430F-9C7F-76D8B8B3718E}.Packaging|iPhoneSimulator.ActiveCfg = Release|Any CPU
		{1F0D5C6E-D47D-430F-9C7F-76D8B8B3718E}.Packaging|iPhoneSimulator.Build.0 = Release|Any CPU
		{1F0D5C6E-D47D-430F-9C7F-76D8B8B3718E}.Packaging|x64.ActiveCfg = Release|Any CPU
		{1F0D5C6E-D47D-430F-9C7F-76D8B8B3718E}.Packaging|x64.Build.0 = Release|Any CPU
		{1F0D5C6E-D47D-430F-9C7F-76D8B8B3718E}.Packaging|x86.ActiveCfg = Release|Any CPU
		{1F0D5C6E-D47D-430F-9C7F-76D8B8B3718E}.Packaging|x86.Build.0 = Release|Any CPU
		{1F0D5C6E-D47D-430F-9C7F-76D8B8B3718E}.Release|Any CPU.ActiveCfg = Release|Any CPU
		{1F0D5C6E-D47D-430F-9C7F-76D8B8B3718E}.Release|Any CPU.Build.0 = Release|Any CPU
		{1F0D5C6E-D47D-430F-9C7F-76D8B8B3718E}.Release|ARM.ActiveCfg = Release|Any CPU
		{1F0D5C6E-D47D-430F-9C7F-76D8B8B3718E}.Release|ARM.Build.0 = Release|Any CPU
		{1F0D5C6E-D47D-430F-9C7F-76D8B8B3718E}.Release|iPhone.ActiveCfg = Release|Any CPU
		{1F0D5C6E-D47D-430F-9C7F-76D8B8B3718E}.Release|iPhone.Build.0 = Release|Any CPU
		{1F0D5C6E-D47D-430F-9C7F-76D8B8B3718E}.Release|iPhoneSimulator.ActiveCfg = Release|Any CPU
		{1F0D5C6E-D47D-430F-9C7F-76D8B8B3718E}.Release|iPhoneSimulator.Build.0 = Release|Any CPU
		{1F0D5C6E-D47D-430F-9C7F-76D8B8B3718E}.Release|x64.ActiveCfg = Release|Any CPU
		{1F0D5C6E-D47D-430F-9C7F-76D8B8B3718E}.Release|x64.Build.0 = Release|Any CPU
		{1F0D5C6E-D47D-430F-9C7F-76D8B8B3718E}.Release|x86.ActiveCfg = Release|Any CPU
		{1F0D5C6E-D47D-430F-9C7F-76D8B8B3718E}.Release|x86.Build.0 = Release|Any CPU
		{171F9ED3-8216-4201-9370-DEA9FEC9D308}.Debug|Any CPU.ActiveCfg = Debug|Any CPU
		{171F9ED3-8216-4201-9370-DEA9FEC9D308}.Debug|ARM.ActiveCfg = Debug|Any CPU
		{171F9ED3-8216-4201-9370-DEA9FEC9D308}.Debug|ARM.Build.0 = Debug|Any CPU
		{171F9ED3-8216-4201-9370-DEA9FEC9D308}.Debug|iPhone.ActiveCfg = Debug|Any CPU
		{171F9ED3-8216-4201-9370-DEA9FEC9D308}.Debug|iPhone.Build.0 = Debug|Any CPU
		{171F9ED3-8216-4201-9370-DEA9FEC9D308}.Debug|iPhoneSimulator.ActiveCfg = Debug|Any CPU
		{171F9ED3-8216-4201-9370-DEA9FEC9D308}.Debug|iPhoneSimulator.Build.0 = Debug|Any CPU
		{171F9ED3-8216-4201-9370-DEA9FEC9D308}.Debug|x64.ActiveCfg = Debug|Any CPU
		{171F9ED3-8216-4201-9370-DEA9FEC9D308}.Debug|x64.Build.0 = Debug|Any CPU
		{171F9ED3-8216-4201-9370-DEA9FEC9D308}.Debug|x86.ActiveCfg = Debug|Any CPU
		{171F9ED3-8216-4201-9370-DEA9FEC9D308}.Debug|x86.Build.0 = Debug|Any CPU
		{171F9ED3-8216-4201-9370-DEA9FEC9D308}.Packaging|Any CPU.ActiveCfg = Release|Any CPU
		{171F9ED3-8216-4201-9370-DEA9FEC9D308}.Packaging|Any CPU.Build.0 = Release|Any CPU
		{171F9ED3-8216-4201-9370-DEA9FEC9D308}.Packaging|ARM.ActiveCfg = Release|Any CPU
		{171F9ED3-8216-4201-9370-DEA9FEC9D308}.Packaging|ARM.Build.0 = Release|Any CPU
		{171F9ED3-8216-4201-9370-DEA9FEC9D308}.Packaging|iPhone.ActiveCfg = Release|Any CPU
		{171F9ED3-8216-4201-9370-DEA9FEC9D308}.Packaging|iPhone.Build.0 = Release|Any CPU
		{171F9ED3-8216-4201-9370-DEA9FEC9D308}.Packaging|iPhoneSimulator.ActiveCfg = Release|Any CPU
		{171F9ED3-8216-4201-9370-DEA9FEC9D308}.Packaging|iPhoneSimulator.Build.0 = Release|Any CPU
		{171F9ED3-8216-4201-9370-DEA9FEC9D308}.Packaging|x64.ActiveCfg = Release|Any CPU
		{171F9ED3-8216-4201-9370-DEA9FEC9D308}.Packaging|x64.Build.0 = Release|Any CPU
		{171F9ED3-8216-4201-9370-DEA9FEC9D308}.Packaging|x86.ActiveCfg = Release|Any CPU
		{171F9ED3-8216-4201-9370-DEA9FEC9D308}.Packaging|x86.Build.0 = Release|Any CPU
		{171F9ED3-8216-4201-9370-DEA9FEC9D308}.Release|Any CPU.ActiveCfg = Release|Any CPU
		{171F9ED3-8216-4201-9370-DEA9FEC9D308}.Release|ARM.ActiveCfg = Release|Any CPU
		{171F9ED3-8216-4201-9370-DEA9FEC9D308}.Release|ARM.Build.0 = Release|Any CPU
		{171F9ED3-8216-4201-9370-DEA9FEC9D308}.Release|iPhone.ActiveCfg = Release|Any CPU
		{171F9ED3-8216-4201-9370-DEA9FEC9D308}.Release|iPhone.Build.0 = Release|Any CPU
		{171F9ED3-8216-4201-9370-DEA9FEC9D308}.Release|iPhoneSimulator.ActiveCfg = Release|Any CPU
		{171F9ED3-8216-4201-9370-DEA9FEC9D308}.Release|iPhoneSimulator.Build.0 = Release|Any CPU
		{171F9ED3-8216-4201-9370-DEA9FEC9D308}.Release|x64.ActiveCfg = Release|Any CPU
		{171F9ED3-8216-4201-9370-DEA9FEC9D308}.Release|x64.Build.0 = Release|Any CPU
		{171F9ED3-8216-4201-9370-DEA9FEC9D308}.Release|x86.ActiveCfg = Release|Any CPU
		{171F9ED3-8216-4201-9370-DEA9FEC9D308}.Release|x86.Build.0 = Release|Any CPU
		{40462F44-8CDA-4D8C-B8D4-1DA7A0657EC6}.Debug|Any CPU.ActiveCfg = Debug|Any CPU
		{40462F44-8CDA-4D8C-B8D4-1DA7A0657EC6}.Debug|Any CPU.Build.0 = Debug|Any CPU
		{40462F44-8CDA-4D8C-B8D4-1DA7A0657EC6}.Debug|ARM.ActiveCfg = Debug|Any CPU
		{40462F44-8CDA-4D8C-B8D4-1DA7A0657EC6}.Debug|ARM.Build.0 = Debug|Any CPU
		{40462F44-8CDA-4D8C-B8D4-1DA7A0657EC6}.Debug|iPhone.ActiveCfg = Debug|Any CPU
		{40462F44-8CDA-4D8C-B8D4-1DA7A0657EC6}.Debug|iPhone.Build.0 = Debug|Any CPU
		{40462F44-8CDA-4D8C-B8D4-1DA7A0657EC6}.Debug|iPhoneSimulator.ActiveCfg = Debug|Any CPU
		{40462F44-8CDA-4D8C-B8D4-1DA7A0657EC6}.Debug|iPhoneSimulator.Build.0 = Debug|Any CPU
		{40462F44-8CDA-4D8C-B8D4-1DA7A0657EC6}.Debug|x64.ActiveCfg = Debug|Any CPU
		{40462F44-8CDA-4D8C-B8D4-1DA7A0657EC6}.Debug|x64.Build.0 = Debug|Any CPU
		{40462F44-8CDA-4D8C-B8D4-1DA7A0657EC6}.Debug|x86.ActiveCfg = Debug|Any CPU
		{40462F44-8CDA-4D8C-B8D4-1DA7A0657EC6}.Debug|x86.Build.0 = Debug|Any CPU
		{40462F44-8CDA-4D8C-B8D4-1DA7A0657EC6}.Packaging|Any CPU.ActiveCfg = Release|Any CPU
		{40462F44-8CDA-4D8C-B8D4-1DA7A0657EC6}.Packaging|Any CPU.Build.0 = Release|Any CPU
		{40462F44-8CDA-4D8C-B8D4-1DA7A0657EC6}.Packaging|ARM.ActiveCfg = Release|Any CPU
		{40462F44-8CDA-4D8C-B8D4-1DA7A0657EC6}.Packaging|ARM.Build.0 = Release|Any CPU
		{40462F44-8CDA-4D8C-B8D4-1DA7A0657EC6}.Packaging|iPhone.ActiveCfg = Release|Any CPU
		{40462F44-8CDA-4D8C-B8D4-1DA7A0657EC6}.Packaging|iPhone.Build.0 = Release|Any CPU
		{40462F44-8CDA-4D8C-B8D4-1DA7A0657EC6}.Packaging|iPhoneSimulator.ActiveCfg = Release|Any CPU
		{40462F44-8CDA-4D8C-B8D4-1DA7A0657EC6}.Packaging|iPhoneSimulator.Build.0 = Release|Any CPU
		{40462F44-8CDA-4D8C-B8D4-1DA7A0657EC6}.Packaging|x64.ActiveCfg = Release|Any CPU
		{40462F44-8CDA-4D8C-B8D4-1DA7A0657EC6}.Packaging|x64.Build.0 = Release|Any CPU
		{40462F44-8CDA-4D8C-B8D4-1DA7A0657EC6}.Packaging|x86.ActiveCfg = Release|Any CPU
		{40462F44-8CDA-4D8C-B8D4-1DA7A0657EC6}.Packaging|x86.Build.0 = Release|Any CPU
		{40462F44-8CDA-4D8C-B8D4-1DA7A0657EC6}.Release|Any CPU.ActiveCfg = Release|Any CPU
		{40462F44-8CDA-4D8C-B8D4-1DA7A0657EC6}.Release|Any CPU.Build.0 = Release|Any CPU
		{40462F44-8CDA-4D8C-B8D4-1DA7A0657EC6}.Release|ARM.ActiveCfg = Release|Any CPU
		{40462F44-8CDA-4D8C-B8D4-1DA7A0657EC6}.Release|ARM.Build.0 = Release|Any CPU
		{40462F44-8CDA-4D8C-B8D4-1DA7A0657EC6}.Release|iPhone.ActiveCfg = Release|Any CPU
		{40462F44-8CDA-4D8C-B8D4-1DA7A0657EC6}.Release|iPhone.Build.0 = Release|Any CPU
		{40462F44-8CDA-4D8C-B8D4-1DA7A0657EC6}.Release|iPhoneSimulator.ActiveCfg = Release|Any CPU
		{40462F44-8CDA-4D8C-B8D4-1DA7A0657EC6}.Release|iPhoneSimulator.Build.0 = Release|Any CPU
		{40462F44-8CDA-4D8C-B8D4-1DA7A0657EC6}.Release|x64.ActiveCfg = Release|Any CPU
		{40462F44-8CDA-4D8C-B8D4-1DA7A0657EC6}.Release|x64.Build.0 = Release|Any CPU
		{40462F44-8CDA-4D8C-B8D4-1DA7A0657EC6}.Release|x86.ActiveCfg = Release|Any CPU
		{40462F44-8CDA-4D8C-B8D4-1DA7A0657EC6}.Release|x86.Build.0 = Release|Any CPU
		{AD7B78B0-AE51-4FB7-9B11-4E22A2B538CA}.Debug|Any CPU.ActiveCfg = Debug|Any CPU
		{AD7B78B0-AE51-4FB7-9B11-4E22A2B538CA}.Debug|Any CPU.Build.0 = Debug|Any CPU
		{AD7B78B0-AE51-4FB7-9B11-4E22A2B538CA}.Debug|Any CPU.Deploy.0 = Debug|Any CPU
		{AD7B78B0-AE51-4FB7-9B11-4E22A2B538CA}.Debug|ARM.ActiveCfg = Debug|Any CPU
		{AD7B78B0-AE51-4FB7-9B11-4E22A2B538CA}.Debug|ARM.Build.0 = Debug|Any CPU
		{AD7B78B0-AE51-4FB7-9B11-4E22A2B538CA}.Debug|ARM.Deploy.0 = Debug|Any CPU
		{AD7B78B0-AE51-4FB7-9B11-4E22A2B538CA}.Debug|iPhone.ActiveCfg = Debug|Any CPU
		{AD7B78B0-AE51-4FB7-9B11-4E22A2B538CA}.Debug|iPhone.Build.0 = Debug|Any CPU
		{AD7B78B0-AE51-4FB7-9B11-4E22A2B538CA}.Debug|iPhone.Deploy.0 = Debug|Any CPU
		{AD7B78B0-AE51-4FB7-9B11-4E22A2B538CA}.Debug|iPhoneSimulator.ActiveCfg = Debug|Any CPU
		{AD7B78B0-AE51-4FB7-9B11-4E22A2B538CA}.Debug|iPhoneSimulator.Build.0 = Debug|Any CPU
		{AD7B78B0-AE51-4FB7-9B11-4E22A2B538CA}.Debug|iPhoneSimulator.Deploy.0 = Debug|Any CPU
		{AD7B78B0-AE51-4FB7-9B11-4E22A2B538CA}.Debug|x64.ActiveCfg = Debug|Any CPU
		{AD7B78B0-AE51-4FB7-9B11-4E22A2B538CA}.Debug|x64.Build.0 = Debug|Any CPU
		{AD7B78B0-AE51-4FB7-9B11-4E22A2B538CA}.Debug|x64.Deploy.0 = Debug|Any CPU
		{AD7B78B0-AE51-4FB7-9B11-4E22A2B538CA}.Debug|x86.ActiveCfg = Debug|Any CPU
		{AD7B78B0-AE51-4FB7-9B11-4E22A2B538CA}.Debug|x86.Build.0 = Debug|Any CPU
		{AD7B78B0-AE51-4FB7-9B11-4E22A2B538CA}.Debug|x86.Deploy.0 = Debug|Any CPU
		{AD7B78B0-AE51-4FB7-9B11-4E22A2B538CA}.Packaging|Any CPU.ActiveCfg = Release|Any CPU
		{AD7B78B0-AE51-4FB7-9B11-4E22A2B538CA}.Packaging|Any CPU.Build.0 = Release|Any CPU
		{AD7B78B0-AE51-4FB7-9B11-4E22A2B538CA}.Packaging|Any CPU.Deploy.0 = Release|Any CPU
		{AD7B78B0-AE51-4FB7-9B11-4E22A2B538CA}.Packaging|ARM.ActiveCfg = Release|Any CPU
		{AD7B78B0-AE51-4FB7-9B11-4E22A2B538CA}.Packaging|ARM.Build.0 = Release|Any CPU
		{AD7B78B0-AE51-4FB7-9B11-4E22A2B538CA}.Packaging|ARM.Deploy.0 = Release|Any CPU
		{AD7B78B0-AE51-4FB7-9B11-4E22A2B538CA}.Packaging|iPhone.ActiveCfg = Release|Any CPU
		{AD7B78B0-AE51-4FB7-9B11-4E22A2B538CA}.Packaging|iPhone.Build.0 = Release|Any CPU
		{AD7B78B0-AE51-4FB7-9B11-4E22A2B538CA}.Packaging|iPhone.Deploy.0 = Release|Any CPU
		{AD7B78B0-AE51-4FB7-9B11-4E22A2B538CA}.Packaging|iPhoneSimulator.ActiveCfg = Release|Any CPU
		{AD7B78B0-AE51-4FB7-9B11-4E22A2B538CA}.Packaging|iPhoneSimulator.Build.0 = Release|Any CPU
		{AD7B78B0-AE51-4FB7-9B11-4E22A2B538CA}.Packaging|iPhoneSimulator.Deploy.0 = Release|Any CPU
		{AD7B78B0-AE51-4FB7-9B11-4E22A2B538CA}.Packaging|x64.ActiveCfg = Release|Any CPU
		{AD7B78B0-AE51-4FB7-9B11-4E22A2B538CA}.Packaging|x64.Build.0 = Release|Any CPU
		{AD7B78B0-AE51-4FB7-9B11-4E22A2B538CA}.Packaging|x64.Deploy.0 = Release|Any CPU
		{AD7B78B0-AE51-4FB7-9B11-4E22A2B538CA}.Packaging|x86.ActiveCfg = Release|Any CPU
		{AD7B78B0-AE51-4FB7-9B11-4E22A2B538CA}.Packaging|x86.Build.0 = Release|Any CPU
		{AD7B78B0-AE51-4FB7-9B11-4E22A2B538CA}.Packaging|x86.Deploy.0 = Release|Any CPU
		{AD7B78B0-AE51-4FB7-9B11-4E22A2B538CA}.Release|Any CPU.ActiveCfg = Release|Any CPU
		{AD7B78B0-AE51-4FB7-9B11-4E22A2B538CA}.Release|Any CPU.Build.0 = Release|Any CPU
		{AD7B78B0-AE51-4FB7-9B11-4E22A2B538CA}.Release|Any CPU.Deploy.0 = Release|Any CPU
		{AD7B78B0-AE51-4FB7-9B11-4E22A2B538CA}.Release|ARM.ActiveCfg = Release|Any CPU
		{AD7B78B0-AE51-4FB7-9B11-4E22A2B538CA}.Release|ARM.Build.0 = Release|Any CPU
		{AD7B78B0-AE51-4FB7-9B11-4E22A2B538CA}.Release|ARM.Deploy.0 = Release|Any CPU
		{AD7B78B0-AE51-4FB7-9B11-4E22A2B538CA}.Release|iPhone.ActiveCfg = Release|Any CPU
		{AD7B78B0-AE51-4FB7-9B11-4E22A2B538CA}.Release|iPhone.Build.0 = Release|Any CPU
		{AD7B78B0-AE51-4FB7-9B11-4E22A2B538CA}.Release|iPhone.Deploy.0 = Release|Any CPU
		{AD7B78B0-AE51-4FB7-9B11-4E22A2B538CA}.Release|iPhoneSimulator.ActiveCfg = Release|Any CPU
		{AD7B78B0-AE51-4FB7-9B11-4E22A2B538CA}.Release|iPhoneSimulator.Build.0 = Release|Any CPU
		{AD7B78B0-AE51-4FB7-9B11-4E22A2B538CA}.Release|iPhoneSimulator.Deploy.0 = Release|Any CPU
		{AD7B78B0-AE51-4FB7-9B11-4E22A2B538CA}.Release|x64.ActiveCfg = Release|Any CPU
		{AD7B78B0-AE51-4FB7-9B11-4E22A2B538CA}.Release|x64.Build.0 = Release|Any CPU
		{AD7B78B0-AE51-4FB7-9B11-4E22A2B538CA}.Release|x64.Deploy.0 = Release|Any CPU
		{AD7B78B0-AE51-4FB7-9B11-4E22A2B538CA}.Release|x86.ActiveCfg = Release|Any CPU
		{AD7B78B0-AE51-4FB7-9B11-4E22A2B538CA}.Release|x86.Build.0 = Release|Any CPU
		{AD7B78B0-AE51-4FB7-9B11-4E22A2B538CA}.Release|x86.Deploy.0 = Release|Any CPU
		{B19C892E-2628-4CA7-AD27-08D406A3B14B}.Debug|Any CPU.ActiveCfg = Debug|Any CPU
		{B19C892E-2628-4CA7-AD27-08D406A3B14B}.Debug|Any CPU.Build.0 = Debug|Any CPU
		{B19C892E-2628-4CA7-AD27-08D406A3B14B}.Debug|ARM.ActiveCfg = Debug|Any CPU
		{B19C892E-2628-4CA7-AD27-08D406A3B14B}.Debug|ARM.Build.0 = Debug|Any CPU
		{B19C892E-2628-4CA7-AD27-08D406A3B14B}.Debug|iPhone.ActiveCfg = Debug|Any CPU
		{B19C892E-2628-4CA7-AD27-08D406A3B14B}.Debug|iPhone.Build.0 = Debug|Any CPU
		{B19C892E-2628-4CA7-AD27-08D406A3B14B}.Debug|iPhoneSimulator.ActiveCfg = Debug|Any CPU
		{B19C892E-2628-4CA7-AD27-08D406A3B14B}.Debug|iPhoneSimulator.Build.0 = Debug|Any CPU
		{B19C892E-2628-4CA7-AD27-08D406A3B14B}.Debug|x64.ActiveCfg = Debug|Any CPU
		{B19C892E-2628-4CA7-AD27-08D406A3B14B}.Debug|x64.Build.0 = Debug|Any CPU
		{B19C892E-2628-4CA7-AD27-08D406A3B14B}.Debug|x86.ActiveCfg = Debug|Any CPU
		{B19C892E-2628-4CA7-AD27-08D406A3B14B}.Debug|x86.Build.0 = Debug|Any CPU
		{B19C892E-2628-4CA7-AD27-08D406A3B14B}.Packaging|Any CPU.ActiveCfg = Release|Any CPU
		{B19C892E-2628-4CA7-AD27-08D406A3B14B}.Packaging|Any CPU.Build.0 = Release|Any CPU
		{B19C892E-2628-4CA7-AD27-08D406A3B14B}.Packaging|ARM.ActiveCfg = Release|Any CPU
		{B19C892E-2628-4CA7-AD27-08D406A3B14B}.Packaging|ARM.Build.0 = Release|Any CPU
		{B19C892E-2628-4CA7-AD27-08D406A3B14B}.Packaging|iPhone.ActiveCfg = Release|Any CPU
		{B19C892E-2628-4CA7-AD27-08D406A3B14B}.Packaging|iPhone.Build.0 = Release|Any CPU
		{B19C892E-2628-4CA7-AD27-08D406A3B14B}.Packaging|iPhoneSimulator.ActiveCfg = Release|Any CPU
		{B19C892E-2628-4CA7-AD27-08D406A3B14B}.Packaging|iPhoneSimulator.Build.0 = Release|Any CPU
		{B19C892E-2628-4CA7-AD27-08D406A3B14B}.Packaging|x64.ActiveCfg = Release|Any CPU
		{B19C892E-2628-4CA7-AD27-08D406A3B14B}.Packaging|x64.Build.0 = Release|Any CPU
		{B19C892E-2628-4CA7-AD27-08D406A3B14B}.Packaging|x86.ActiveCfg = Release|Any CPU
		{B19C892E-2628-4CA7-AD27-08D406A3B14B}.Packaging|x86.Build.0 = Release|Any CPU
		{B19C892E-2628-4CA7-AD27-08D406A3B14B}.Release|Any CPU.ActiveCfg = Release|Any CPU
		{B19C892E-2628-4CA7-AD27-08D406A3B14B}.Release|Any CPU.Build.0 = Release|Any CPU
		{B19C892E-2628-4CA7-AD27-08D406A3B14B}.Release|ARM.ActiveCfg = Release|Any CPU
		{B19C892E-2628-4CA7-AD27-08D406A3B14B}.Release|ARM.Build.0 = Release|Any CPU
		{B19C892E-2628-4CA7-AD27-08D406A3B14B}.Release|iPhone.ActiveCfg = Release|Any CPU
		{B19C892E-2628-4CA7-AD27-08D406A3B14B}.Release|iPhone.Build.0 = Release|Any CPU
		{B19C892E-2628-4CA7-AD27-08D406A3B14B}.Release|iPhoneSimulator.ActiveCfg = Release|Any CPU
		{B19C892E-2628-4CA7-AD27-08D406A3B14B}.Release|iPhoneSimulator.Build.0 = Release|Any CPU
		{B19C892E-2628-4CA7-AD27-08D406A3B14B}.Release|x64.ActiveCfg = Release|Any CPU
		{B19C892E-2628-4CA7-AD27-08D406A3B14B}.Release|x64.Build.0 = Release|Any CPU
		{B19C892E-2628-4CA7-AD27-08D406A3B14B}.Release|x86.ActiveCfg = Release|Any CPU
		{B19C892E-2628-4CA7-AD27-08D406A3B14B}.Release|x86.Build.0 = Release|Any CPU
	EndGlobalSection
	GlobalSection(SolutionProperties) = preSolution
		HideSolutionNode = FALSE
	EndGlobalSection
	GlobalSection(ExtensibilityGlobals) = postSolution
		SolutionGuid = {7C8F43A8-1789-4ADF-AB87-71A21813548B}
	EndGlobalSection
	GlobalSection(SubversionScc) = preSolution
		Svn-Managed = True
		Manager = AnkhSVN - Subversion Support for Visual Studio
	EndGlobalSection
EndGlobal
