
Microsoft Visual Studio Solution File, Format Version 12.00
# Visual Studio 2013
VisualStudioVersion = 12.0.40629.0
MinimumVisualStudioVersion = 10.0.40219.1
Project("{FAE04EC0-301F-11D3-BF4B-00C04F79EFBC}") = "C8oNetPclSDK", "C8oNetPclSDK\C8oNetPclSDK.csproj", "{67F9D3A8-F71E-4428-913F-C37AE82CDB24}"
EndProject
Project("{FAE04EC0-301F-11D3-BF4B-00C04F79EFBC}") = "Sample01Android", "Sample01Android\Sample01Android.csproj", "{0215F890-D4A8-4B6B-9FFA-8F3D7061B9E0}"
EndProject
Project("{FAE04EC0-301F-11D3-BF4B-00C04F79EFBC}") = "Sample01WindowsPhone", "Sample01WindowsPhone\Sample01WindowsPhone.csproj", "{0B3C9CF4-B3C3-4BFD-B6CA-09307D1E12CE}"
EndProject
Project("{FAE04EC0-301F-11D3-BF4B-00C04F79EFBC}") = "Sample01XamarinForms", "Sample01XamarinForms\Sample01XamarinForms\Sample01XamarinForms.csproj", "{2F002763-776D-43E6-8C68-264976E40EF5}"
EndProject
Project("{FAE04EC0-301F-11D3-BF4B-00C04F79EFBC}") = "Sample01XamarinForms.iOS", "Sample01XamarinForms\Sample01XamarinForms.iOS\Sample01XamarinForms.iOS.csproj", "{90B5FBF0-9247-4A91-AD79-FA41AD650D06}"
EndProject
Project("{FAE04EC0-301F-11D3-BF4B-00C04F79EFBC}") = "Sample01XamarinForms.Droid", "Sample01XamarinForms\Sample01XamarinForms.Droid\Sample01XamarinForms.Droid.csproj", "{C28E64B0-7F1E-4A5E-A16B-DF11D7D0B181}"
EndProject
Project("{FAE04EC0-301F-11D3-BF4B-00C04F79EFBC}") = "Sample01XamarinForms.WinPhone", "Sample01XamarinForms\Sample01XamarinForms.WinPhone\Sample01XamarinForms.WinPhone.csproj", "{362A3C09-F3F5-4509-B5EF-0F8F048FFC9E}"
EndProject
Project("{FAE04EC0-301F-11D3-BF4B-00C04F79EFBC}") = "C8oFullSyncNetAndroid", "C8oFullSyncNetAndroid\C8oFullSyncNetAndroid.csproj", "{4F9BA553-8252-412D-98C8-C113CC009F82}"
EndProject
Project("{FAE04EC0-301F-11D3-BF4B-00C04F79EFBC}") = "Sample02XamarinForms", "Sample02XamarinForms\Sample02XamarinForms\Sample02XamarinForms.csproj", "{2B92EDF2-0C2E-4E27-9121-99448A9543DB}"
EndProject
Project("{FAE04EC0-301F-11D3-BF4B-00C04F79EFBC}") = "Sample02XamarinForms.iOS", "Sample02XamarinForms\Sample02XamarinForms.iOS\Sample02XamarinForms.iOS.csproj", "{F3C08FDD-7F99-4EF4-920D-33CF43A77E0E}"
EndProject
Project("{FAE04EC0-301F-11D3-BF4B-00C04F79EFBC}") = "Sample02XamarinForms.Droid", "Sample02XamarinForms\Sample02XamarinForms.Droid\Sample02XamarinForms.Droid.csproj", "{0DA434E2-4E4E-4E74-9461-295A27AC1549}"
EndProject
Project("{FAE04EC0-301F-11D3-BF4B-00C04F79EFBC}") = "Sample02XamarinForms.WinPhone", "Sample02XamarinForms\Sample02XamarinForms.WinPhone\Sample02XamarinForms.WinPhone.csproj", "{A3806A96-3E0F-4284-8E85-B65879C0B0C9}"
EndProject
Project("{D954291E-2A0B-460D-934E-DC6B0785DB48}") = "C8oFullSyncNet", "C8oFullSyncNet\C8oFullSyncNet.shproj", "{863CE965-5C79-48F0-9E97-1AADC3241A87}"
EndProject
Project("{FAE04EC0-301F-11D3-BF4B-00C04F79EFBC}") = "C8oFullSyncNetiOS", "C8oFullSyncNetiOS\C8oFullSyncNetiOS.csproj", "{9D58D300-2DAD-488D-BEF1-6F591CF3E401}"
EndProject
Project("{FAE04EC0-301F-11D3-BF4B-00C04F79EFBC}") = "BigFileTransferSampleForms", "BigFileTransferSampleForms\BigFileTransferSampleForms\BigFileTransferSampleForms.csproj", "{8CA1FB7E-F86C-4016-A79D-D01F40764E56}"
EndProject
Project("{FAE04EC0-301F-11D3-BF4B-00C04F79EFBC}") = "BigFileTransferSampleForms.iOS", "BigFileTransferSampleForms\BigFileTransferSampleForms.iOS\BigFileTransferSampleForms.iOS.csproj", "{739CBC81-851A-4AD5-ADDE-617B5F3C45C2}"
EndProject
Project("{FAE04EC0-301F-11D3-BF4B-00C04F79EFBC}") = "BigFileTransferSampleForms.Droid", "BigFileTransferSampleForms\BigFileTransferSampleForms.Droid\BigFileTransferSampleForms.Droid.csproj", "{2C1C031C-4149-48E7-BDB3-8227A32684F7}"
EndProject
Project("{FAE04EC0-301F-11D3-BF4B-00C04F79EFBC}") = "BigFileTransferSampleForms.WinPhone", "BigFileTransferSampleForms\BigFileTransferSampleForms.WinPhone\BigFileTransferSampleForms.WinPhone.csproj", "{FB32D2BD-9D05-4BC1-ABEF-592F7CB3184A}"
EndProject
Project("{FAE04EC0-301F-11D3-BF4B-00C04F79EFBC}") = "C8oControls", "C8oControls\C8oControls.csproj", "{D7AAC1AC-DAE9-4D4A-82E9-185D0830DABA}"
EndProject
Global
	GlobalSection(SharedMSBuildProjectFiles) = preSolution
		BigFileTransfer\BigFileTransfer.projitems*{8ca1fb7e-f86c-4016-a79d-d01f40764e56}*SharedItemsImports = 4
		C8oFullSyncNet\C8oFullSyncNet.projitems*{863ce965-5c79-48f0-9e97-1aadc3241a87}*SharedItemsImports = 13
		C8oFullSyncNet\C8oFullSyncNet.projitems*{9d58d300-2dad-488d-bef1-6f591cf3e401}*SharedItemsImports = 4
		C8oFullSyncNet\C8oFullSyncNet.projitems*{4f9ba553-8252-412d-98c8-c113cc009f82}*SharedItemsImports = 4
	EndGlobalSection
	GlobalSection(SubversionScc) = preSolution
		Svn-Managed = True
		Manager = AnkhSVN - Subversion Support for Visual Studio
	EndGlobalSection
	GlobalSection(SolutionConfigurationPlatforms) = preSolution
		Ad-Hoc|Any CPU = Ad-Hoc|Any CPU
		Ad-Hoc|ARM = Ad-Hoc|ARM
		Ad-Hoc|iPhone = Ad-Hoc|iPhone
		Ad-Hoc|iPhoneSimulator = Ad-Hoc|iPhoneSimulator
		Ad-Hoc|Mixed Platforms = Ad-Hoc|Mixed Platforms
		Ad-Hoc|x86 = Ad-Hoc|x86
		AppStore|Any CPU = AppStore|Any CPU
		AppStore|ARM = AppStore|ARM
		AppStore|iPhone = AppStore|iPhone
		AppStore|iPhoneSimulator = AppStore|iPhoneSimulator
		AppStore|Mixed Platforms = AppStore|Mixed Platforms
		AppStore|x86 = AppStore|x86
		Debug|Any CPU = Debug|Any CPU
		Debug|ARM = Debug|ARM
		Debug|iPhone = Debug|iPhone
		Debug|iPhoneSimulator = Debug|iPhoneSimulator
		Debug|Mixed Platforms = Debug|Mixed Platforms
		Debug|x86 = Debug|x86
		Release|Any CPU = Release|Any CPU
		Release|ARM = Release|ARM
		Release|iPhone = Release|iPhone
		Release|iPhoneSimulator = Release|iPhoneSimulator
		Release|Mixed Platforms = Release|Mixed Platforms
		Release|x86 = Release|x86
	EndGlobalSection
	GlobalSection(ProjectConfigurationPlatforms) = postSolution
		{67F9D3A8-F71E-4428-913F-C37AE82CDB24}.Ad-Hoc|Any CPU.ActiveCfg = Release|Any CPU
		{67F9D3A8-F71E-4428-913F-C37AE82CDB24}.Ad-Hoc|Any CPU.Build.0 = Release|Any CPU
		{67F9D3A8-F71E-4428-913F-C37AE82CDB24}.Ad-Hoc|ARM.ActiveCfg = Release|Any CPU
		{67F9D3A8-F71E-4428-913F-C37AE82CDB24}.Ad-Hoc|iPhone.ActiveCfg = Release|Any CPU
		{67F9D3A8-F71E-4428-913F-C37AE82CDB24}.Ad-Hoc|iPhoneSimulator.ActiveCfg = Release|Any CPU
		{67F9D3A8-F71E-4428-913F-C37AE82CDB24}.Ad-Hoc|Mixed Platforms.ActiveCfg = Release|Any CPU
		{67F9D3A8-F71E-4428-913F-C37AE82CDB24}.Ad-Hoc|Mixed Platforms.Build.0 = Release|Any CPU
		{67F9D3A8-F71E-4428-913F-C37AE82CDB24}.Ad-Hoc|x86.ActiveCfg = Release|Any CPU
		{67F9D3A8-F71E-4428-913F-C37AE82CDB24}.AppStore|Any CPU.ActiveCfg = Release|Any CPU
		{67F9D3A8-F71E-4428-913F-C37AE82CDB24}.AppStore|Any CPU.Build.0 = Release|Any CPU
		{67F9D3A8-F71E-4428-913F-C37AE82CDB24}.AppStore|ARM.ActiveCfg = Release|Any CPU
		{67F9D3A8-F71E-4428-913F-C37AE82CDB24}.AppStore|iPhone.ActiveCfg = Release|Any CPU
		{67F9D3A8-F71E-4428-913F-C37AE82CDB24}.AppStore|iPhoneSimulator.ActiveCfg = Release|Any CPU
		{67F9D3A8-F71E-4428-913F-C37AE82CDB24}.AppStore|Mixed Platforms.ActiveCfg = Release|Any CPU
		{67F9D3A8-F71E-4428-913F-C37AE82CDB24}.AppStore|Mixed Platforms.Build.0 = Release|Any CPU
		{67F9D3A8-F71E-4428-913F-C37AE82CDB24}.AppStore|x86.ActiveCfg = Release|Any CPU
		{67F9D3A8-F71E-4428-913F-C37AE82CDB24}.Debug|Any CPU.ActiveCfg = Debug|Any CPU
		{67F9D3A8-F71E-4428-913F-C37AE82CDB24}.Debug|Any CPU.Build.0 = Debug|Any CPU
		{67F9D3A8-F71E-4428-913F-C37AE82CDB24}.Debug|ARM.ActiveCfg = Debug|Any CPU
		{67F9D3A8-F71E-4428-913F-C37AE82CDB24}.Debug|iPhone.ActiveCfg = Debug|Any CPU
		{67F9D3A8-F71E-4428-913F-C37AE82CDB24}.Debug|iPhoneSimulator.ActiveCfg = Debug|Any CPU
		{67F9D3A8-F71E-4428-913F-C37AE82CDB24}.Debug|Mixed Platforms.ActiveCfg = Debug|Any CPU
		{67F9D3A8-F71E-4428-913F-C37AE82CDB24}.Debug|Mixed Platforms.Build.0 = Debug|Any CPU
		{67F9D3A8-F71E-4428-913F-C37AE82CDB24}.Debug|x86.ActiveCfg = Debug|Any CPU
		{67F9D3A8-F71E-4428-913F-C37AE82CDB24}.Release|Any CPU.ActiveCfg = Release|Any CPU
		{67F9D3A8-F71E-4428-913F-C37AE82CDB24}.Release|Any CPU.Build.0 = Release|Any CPU
		{67F9D3A8-F71E-4428-913F-C37AE82CDB24}.Release|ARM.ActiveCfg = Release|Any CPU
		{67F9D3A8-F71E-4428-913F-C37AE82CDB24}.Release|iPhone.ActiveCfg = Release|Any CPU
		{67F9D3A8-F71E-4428-913F-C37AE82CDB24}.Release|iPhoneSimulator.ActiveCfg = Release|Any CPU
		{67F9D3A8-F71E-4428-913F-C37AE82CDB24}.Release|Mixed Platforms.ActiveCfg = Release|Any CPU
		{67F9D3A8-F71E-4428-913F-C37AE82CDB24}.Release|Mixed Platforms.Build.0 = Release|Any CPU
		{67F9D3A8-F71E-4428-913F-C37AE82CDB24}.Release|x86.ActiveCfg = Release|Any CPU
		{0215F890-D4A8-4B6B-9FFA-8F3D7061B9E0}.Ad-Hoc|Any CPU.ActiveCfg = Release|Any CPU
		{0215F890-D4A8-4B6B-9FFA-8F3D7061B9E0}.Ad-Hoc|Any CPU.Build.0 = Release|Any CPU
		{0215F890-D4A8-4B6B-9FFA-8F3D7061B9E0}.Ad-Hoc|Any CPU.Deploy.0 = Release|Any CPU
		{0215F890-D4A8-4B6B-9FFA-8F3D7061B9E0}.Ad-Hoc|ARM.ActiveCfg = Release|Any CPU
		{0215F890-D4A8-4B6B-9FFA-8F3D7061B9E0}.Ad-Hoc|iPhone.ActiveCfg = Release|Any CPU
		{0215F890-D4A8-4B6B-9FFA-8F3D7061B9E0}.Ad-Hoc|iPhoneSimulator.ActiveCfg = Release|Any CPU
		{0215F890-D4A8-4B6B-9FFA-8F3D7061B9E0}.Ad-Hoc|Mixed Platforms.ActiveCfg = Release|Any CPU
		{0215F890-D4A8-4B6B-9FFA-8F3D7061B9E0}.Ad-Hoc|Mixed Platforms.Build.0 = Release|Any CPU
		{0215F890-D4A8-4B6B-9FFA-8F3D7061B9E0}.Ad-Hoc|Mixed Platforms.Deploy.0 = Release|Any CPU
		{0215F890-D4A8-4B6B-9FFA-8F3D7061B9E0}.Ad-Hoc|x86.ActiveCfg = Release|Any CPU
		{0215F890-D4A8-4B6B-9FFA-8F3D7061B9E0}.AppStore|Any CPU.ActiveCfg = Release|Any CPU
		{0215F890-D4A8-4B6B-9FFA-8F3D7061B9E0}.AppStore|Any CPU.Build.0 = Release|Any CPU
		{0215F890-D4A8-4B6B-9FFA-8F3D7061B9E0}.AppStore|Any CPU.Deploy.0 = Release|Any CPU
		{0215F890-D4A8-4B6B-9FFA-8F3D7061B9E0}.AppStore|ARM.ActiveCfg = Release|Any CPU
		{0215F890-D4A8-4B6B-9FFA-8F3D7061B9E0}.AppStore|iPhone.ActiveCfg = Release|Any CPU
		{0215F890-D4A8-4B6B-9FFA-8F3D7061B9E0}.AppStore|iPhoneSimulator.ActiveCfg = Release|Any CPU
		{0215F890-D4A8-4B6B-9FFA-8F3D7061B9E0}.AppStore|Mixed Platforms.ActiveCfg = Release|Any CPU
		{0215F890-D4A8-4B6B-9FFA-8F3D7061B9E0}.AppStore|Mixed Platforms.Build.0 = Release|Any CPU
		{0215F890-D4A8-4B6B-9FFA-8F3D7061B9E0}.AppStore|Mixed Platforms.Deploy.0 = Release|Any CPU
		{0215F890-D4A8-4B6B-9FFA-8F3D7061B9E0}.AppStore|x86.ActiveCfg = Release|Any CPU
		{0215F890-D4A8-4B6B-9FFA-8F3D7061B9E0}.Debug|Any CPU.ActiveCfg = Debug|Any CPU
		{0215F890-D4A8-4B6B-9FFA-8F3D7061B9E0}.Debug|Any CPU.Build.0 = Debug|Any CPU
		{0215F890-D4A8-4B6B-9FFA-8F3D7061B9E0}.Debug|Any CPU.Deploy.0 = Debug|Any CPU
		{0215F890-D4A8-4B6B-9FFA-8F3D7061B9E0}.Debug|ARM.ActiveCfg = Debug|Any CPU
		{0215F890-D4A8-4B6B-9FFA-8F3D7061B9E0}.Debug|iPhone.ActiveCfg = Debug|Any CPU
		{0215F890-D4A8-4B6B-9FFA-8F3D7061B9E0}.Debug|iPhoneSimulator.ActiveCfg = Debug|Any CPU
		{0215F890-D4A8-4B6B-9FFA-8F3D7061B9E0}.Debug|Mixed Platforms.ActiveCfg = Debug|Any CPU
		{0215F890-D4A8-4B6B-9FFA-8F3D7061B9E0}.Debug|Mixed Platforms.Build.0 = Debug|Any CPU
		{0215F890-D4A8-4B6B-9FFA-8F3D7061B9E0}.Debug|Mixed Platforms.Deploy.0 = Debug|Any CPU
		{0215F890-D4A8-4B6B-9FFA-8F3D7061B9E0}.Debug|x86.ActiveCfg = Debug|Any CPU
		{0215F890-D4A8-4B6B-9FFA-8F3D7061B9E0}.Release|Any CPU.ActiveCfg = Release|Any CPU
		{0215F890-D4A8-4B6B-9FFA-8F3D7061B9E0}.Release|Any CPU.Build.0 = Release|Any CPU
		{0215F890-D4A8-4B6B-9FFA-8F3D7061B9E0}.Release|Any CPU.Deploy.0 = Release|Any CPU
		{0215F890-D4A8-4B6B-9FFA-8F3D7061B9E0}.Release|ARM.ActiveCfg = Release|Any CPU
		{0215F890-D4A8-4B6B-9FFA-8F3D7061B9E0}.Release|iPhone.ActiveCfg = Release|Any CPU
		{0215F890-D4A8-4B6B-9FFA-8F3D7061B9E0}.Release|iPhoneSimulator.ActiveCfg = Release|Any CPU
		{0215F890-D4A8-4B6B-9FFA-8F3D7061B9E0}.Release|Mixed Platforms.ActiveCfg = Release|Any CPU
		{0215F890-D4A8-4B6B-9FFA-8F3D7061B9E0}.Release|Mixed Platforms.Build.0 = Release|Any CPU
		{0215F890-D4A8-4B6B-9FFA-8F3D7061B9E0}.Release|Mixed Platforms.Deploy.0 = Release|Any CPU
		{0215F890-D4A8-4B6B-9FFA-8F3D7061B9E0}.Release|x86.ActiveCfg = Release|Any CPU
		{0B3C9CF4-B3C3-4BFD-B6CA-09307D1E12CE}.Ad-Hoc|Any CPU.ActiveCfg = Release|Any CPU
		{0B3C9CF4-B3C3-4BFD-B6CA-09307D1E12CE}.Ad-Hoc|Any CPU.Build.0 = Release|Any CPU
		{0B3C9CF4-B3C3-4BFD-B6CA-09307D1E12CE}.Ad-Hoc|Any CPU.Deploy.0 = Release|Any CPU
		{0B3C9CF4-B3C3-4BFD-B6CA-09307D1E12CE}.Ad-Hoc|ARM.ActiveCfg = Release|ARM
		{0B3C9CF4-B3C3-4BFD-B6CA-09307D1E12CE}.Ad-Hoc|ARM.Build.0 = Release|ARM
		{0B3C9CF4-B3C3-4BFD-B6CA-09307D1E12CE}.Ad-Hoc|ARM.Deploy.0 = Release|ARM
		{0B3C9CF4-B3C3-4BFD-B6CA-09307D1E12CE}.Ad-Hoc|iPhone.ActiveCfg = Release|Any CPU
		{0B3C9CF4-B3C3-4BFD-B6CA-09307D1E12CE}.Ad-Hoc|iPhoneSimulator.ActiveCfg = Release|Any CPU
		{0B3C9CF4-B3C3-4BFD-B6CA-09307D1E12CE}.Ad-Hoc|Mixed Platforms.ActiveCfg = Release|x86
		{0B3C9CF4-B3C3-4BFD-B6CA-09307D1E12CE}.Ad-Hoc|Mixed Platforms.Build.0 = Release|x86
		{0B3C9CF4-B3C3-4BFD-B6CA-09307D1E12CE}.Ad-Hoc|Mixed Platforms.Deploy.0 = Release|x86
		{0B3C9CF4-B3C3-4BFD-B6CA-09307D1E12CE}.Ad-Hoc|x86.ActiveCfg = Release|x86
		{0B3C9CF4-B3C3-4BFD-B6CA-09307D1E12CE}.Ad-Hoc|x86.Build.0 = Release|x86
		{0B3C9CF4-B3C3-4BFD-B6CA-09307D1E12CE}.Ad-Hoc|x86.Deploy.0 = Release|x86
		{0B3C9CF4-B3C3-4BFD-B6CA-09307D1E12CE}.AppStore|Any CPU.ActiveCfg = Release|Any CPU
		{0B3C9CF4-B3C3-4BFD-B6CA-09307D1E12CE}.AppStore|Any CPU.Build.0 = Release|Any CPU
		{0B3C9CF4-B3C3-4BFD-B6CA-09307D1E12CE}.AppStore|Any CPU.Deploy.0 = Release|Any CPU
		{0B3C9CF4-B3C3-4BFD-B6CA-09307D1E12CE}.AppStore|ARM.ActiveCfg = Release|ARM
		{0B3C9CF4-B3C3-4BFD-B6CA-09307D1E12CE}.AppStore|ARM.Build.0 = Release|ARM
		{0B3C9CF4-B3C3-4BFD-B6CA-09307D1E12CE}.AppStore|ARM.Deploy.0 = Release|ARM
		{0B3C9CF4-B3C3-4BFD-B6CA-09307D1E12CE}.AppStore|iPhone.ActiveCfg = Release|Any CPU
		{0B3C9CF4-B3C3-4BFD-B6CA-09307D1E12CE}.AppStore|iPhoneSimulator.ActiveCfg = Release|Any CPU
		{0B3C9CF4-B3C3-4BFD-B6CA-09307D1E12CE}.AppStore|Mixed Platforms.ActiveCfg = Release|x86
		{0B3C9CF4-B3C3-4BFD-B6CA-09307D1E12CE}.AppStore|Mixed Platforms.Build.0 = Release|x86
		{0B3C9CF4-B3C3-4BFD-B6CA-09307D1E12CE}.AppStore|Mixed Platforms.Deploy.0 = Release|x86
		{0B3C9CF4-B3C3-4BFD-B6CA-09307D1E12CE}.AppStore|x86.ActiveCfg = Release|x86
		{0B3C9CF4-B3C3-4BFD-B6CA-09307D1E12CE}.AppStore|x86.Build.0 = Release|x86
		{0B3C9CF4-B3C3-4BFD-B6CA-09307D1E12CE}.AppStore|x86.Deploy.0 = Release|x86
		{0B3C9CF4-B3C3-4BFD-B6CA-09307D1E12CE}.Debug|Any CPU.ActiveCfg = Debug|Any CPU
		{0B3C9CF4-B3C3-4BFD-B6CA-09307D1E12CE}.Debug|Any CPU.Build.0 = Debug|Any CPU
		{0B3C9CF4-B3C3-4BFD-B6CA-09307D1E12CE}.Debug|Any CPU.Deploy.0 = Debug|Any CPU
		{0B3C9CF4-B3C3-4BFD-B6CA-09307D1E12CE}.Debug|ARM.ActiveCfg = Debug|ARM
		{0B3C9CF4-B3C3-4BFD-B6CA-09307D1E12CE}.Debug|ARM.Build.0 = Debug|ARM
		{0B3C9CF4-B3C3-4BFD-B6CA-09307D1E12CE}.Debug|ARM.Deploy.0 = Debug|ARM
		{0B3C9CF4-B3C3-4BFD-B6CA-09307D1E12CE}.Debug|iPhone.ActiveCfg = Debug|Any CPU
		{0B3C9CF4-B3C3-4BFD-B6CA-09307D1E12CE}.Debug|iPhoneSimulator.ActiveCfg = Debug|Any CPU
		{0B3C9CF4-B3C3-4BFD-B6CA-09307D1E12CE}.Debug|Mixed Platforms.ActiveCfg = Debug|x86
		{0B3C9CF4-B3C3-4BFD-B6CA-09307D1E12CE}.Debug|Mixed Platforms.Build.0 = Debug|x86
		{0B3C9CF4-B3C3-4BFD-B6CA-09307D1E12CE}.Debug|Mixed Platforms.Deploy.0 = Debug|x86
		{0B3C9CF4-B3C3-4BFD-B6CA-09307D1E12CE}.Debug|x86.ActiveCfg = Debug|x86
		{0B3C9CF4-B3C3-4BFD-B6CA-09307D1E12CE}.Debug|x86.Build.0 = Debug|x86
		{0B3C9CF4-B3C3-4BFD-B6CA-09307D1E12CE}.Debug|x86.Deploy.0 = Debug|x86
		{0B3C9CF4-B3C3-4BFD-B6CA-09307D1E12CE}.Release|Any CPU.ActiveCfg = Release|Any CPU
		{0B3C9CF4-B3C3-4BFD-B6CA-09307D1E12CE}.Release|Any CPU.Build.0 = Release|Any CPU
		{0B3C9CF4-B3C3-4BFD-B6CA-09307D1E12CE}.Release|Any CPU.Deploy.0 = Release|Any CPU
		{0B3C9CF4-B3C3-4BFD-B6CA-09307D1E12CE}.Release|ARM.ActiveCfg = Release|ARM
		{0B3C9CF4-B3C3-4BFD-B6CA-09307D1E12CE}.Release|ARM.Build.0 = Release|ARM
		{0B3C9CF4-B3C3-4BFD-B6CA-09307D1E12CE}.Release|ARM.Deploy.0 = Release|ARM
		{0B3C9CF4-B3C3-4BFD-B6CA-09307D1E12CE}.Release|iPhone.ActiveCfg = Release|Any CPU
		{0B3C9CF4-B3C3-4BFD-B6CA-09307D1E12CE}.Release|iPhoneSimulator.ActiveCfg = Release|Any CPU
		{0B3C9CF4-B3C3-4BFD-B6CA-09307D1E12CE}.Release|Mixed Platforms.ActiveCfg = Release|x86
		{0B3C9CF4-B3C3-4BFD-B6CA-09307D1E12CE}.Release|Mixed Platforms.Build.0 = Release|x86
		{0B3C9CF4-B3C3-4BFD-B6CA-09307D1E12CE}.Release|Mixed Platforms.Deploy.0 = Release|x86
		{0B3C9CF4-B3C3-4BFD-B6CA-09307D1E12CE}.Release|x86.ActiveCfg = Release|x86
		{0B3C9CF4-B3C3-4BFD-B6CA-09307D1E12CE}.Release|x86.Build.0 = Release|x86
		{0B3C9CF4-B3C3-4BFD-B6CA-09307D1E12CE}.Release|x86.Deploy.0 = Release|x86
		{2F002763-776D-43E6-8C68-264976E40EF5}.Ad-Hoc|Any CPU.ActiveCfg = Release|Any CPU
		{2F002763-776D-43E6-8C68-264976E40EF5}.Ad-Hoc|Any CPU.Build.0 = Release|Any CPU
		{2F002763-776D-43E6-8C68-264976E40EF5}.Ad-Hoc|ARM.ActiveCfg = Release|Any CPU
		{2F002763-776D-43E6-8C68-264976E40EF5}.Ad-Hoc|iPhone.ActiveCfg = Release|Any CPU
		{2F002763-776D-43E6-8C68-264976E40EF5}.Ad-Hoc|iPhoneSimulator.ActiveCfg = Release|Any CPU
		{2F002763-776D-43E6-8C68-264976E40EF5}.Ad-Hoc|Mixed Platforms.ActiveCfg = Release|Any CPU
		{2F002763-776D-43E6-8C68-264976E40EF5}.Ad-Hoc|Mixed Platforms.Build.0 = Release|Any CPU
		{2F002763-776D-43E6-8C68-264976E40EF5}.Ad-Hoc|x86.ActiveCfg = Release|Any CPU
		{2F002763-776D-43E6-8C68-264976E40EF5}.AppStore|Any CPU.ActiveCfg = Release|Any CPU
		{2F002763-776D-43E6-8C68-264976E40EF5}.AppStore|Any CPU.Build.0 = Release|Any CPU
		{2F002763-776D-43E6-8C68-264976E40EF5}.AppStore|ARM.ActiveCfg = Release|Any CPU
		{2F002763-776D-43E6-8C68-264976E40EF5}.AppStore|iPhone.ActiveCfg = Release|Any CPU
		{2F002763-776D-43E6-8C68-264976E40EF5}.AppStore|iPhoneSimulator.ActiveCfg = Release|Any CPU
		{2F002763-776D-43E6-8C68-264976E40EF5}.AppStore|Mixed Platforms.ActiveCfg = Release|Any CPU
		{2F002763-776D-43E6-8C68-264976E40EF5}.AppStore|Mixed Platforms.Build.0 = Release|Any CPU
		{2F002763-776D-43E6-8C68-264976E40EF5}.AppStore|x86.ActiveCfg = Release|Any CPU
		{2F002763-776D-43E6-8C68-264976E40EF5}.Debug|Any CPU.ActiveCfg = Debug|Any CPU
		{2F002763-776D-43E6-8C68-264976E40EF5}.Debug|Any CPU.Build.0 = Debug|Any CPU
		{2F002763-776D-43E6-8C68-264976E40EF5}.Debug|ARM.ActiveCfg = Debug|Any CPU
		{2F002763-776D-43E6-8C68-264976E40EF5}.Debug|iPhone.ActiveCfg = Debug|Any CPU
		{2F002763-776D-43E6-8C68-264976E40EF5}.Debug|iPhoneSimulator.ActiveCfg = Debug|Any CPU
		{2F002763-776D-43E6-8C68-264976E40EF5}.Debug|Mixed Platforms.ActiveCfg = Debug|Any CPU
		{2F002763-776D-43E6-8C68-264976E40EF5}.Debug|Mixed Platforms.Build.0 = Debug|Any CPU
		{2F002763-776D-43E6-8C68-264976E40EF5}.Debug|x86.ActiveCfg = Debug|Any CPU
		{2F002763-776D-43E6-8C68-264976E40EF5}.Release|Any CPU.ActiveCfg = Release|Any CPU
		{2F002763-776D-43E6-8C68-264976E40EF5}.Release|Any CPU.Build.0 = Release|Any CPU
		{2F002763-776D-43E6-8C68-264976E40EF5}.Release|ARM.ActiveCfg = Release|Any CPU
		{2F002763-776D-43E6-8C68-264976E40EF5}.Release|iPhone.ActiveCfg = Release|Any CPU
		{2F002763-776D-43E6-8C68-264976E40EF5}.Release|iPhoneSimulator.ActiveCfg = Release|Any CPU
		{2F002763-776D-43E6-8C68-264976E40EF5}.Release|Mixed Platforms.ActiveCfg = Release|Any CPU
		{2F002763-776D-43E6-8C68-264976E40EF5}.Release|Mixed Platforms.Build.0 = Release|Any CPU
		{2F002763-776D-43E6-8C68-264976E40EF5}.Release|x86.ActiveCfg = Release|Any CPU
		{90B5FBF0-9247-4A91-AD79-FA41AD650D06}.Ad-Hoc|Any CPU.ActiveCfg = Ad-Hoc|iPhone
		{90B5FBF0-9247-4A91-AD79-FA41AD650D06}.Ad-Hoc|ARM.ActiveCfg = Ad-Hoc|iPhone
		{90B5FBF0-9247-4A91-AD79-FA41AD650D06}.Ad-Hoc|iPhone.ActiveCfg = Ad-Hoc|iPhone
		{90B5FBF0-9247-4A91-AD79-FA41AD650D06}.Ad-Hoc|iPhone.Build.0 = Ad-Hoc|iPhone
		{90B5FBF0-9247-4A91-AD79-FA41AD650D06}.Ad-Hoc|iPhoneSimulator.ActiveCfg = Ad-Hoc|iPhoneSimulator
		{90B5FBF0-9247-4A91-AD79-FA41AD650D06}.Ad-Hoc|iPhoneSimulator.Build.0 = Ad-Hoc|iPhoneSimulator
		{90B5FBF0-9247-4A91-AD79-FA41AD650D06}.Ad-Hoc|Mixed Platforms.ActiveCfg = Ad-Hoc|iPhone
		{90B5FBF0-9247-4A91-AD79-FA41AD650D06}.Ad-Hoc|Mixed Platforms.Build.0 = Ad-Hoc|iPhone
		{90B5FBF0-9247-4A91-AD79-FA41AD650D06}.Ad-Hoc|x86.ActiveCfg = Ad-Hoc|iPhone
		{90B5FBF0-9247-4A91-AD79-FA41AD650D06}.AppStore|Any CPU.ActiveCfg = AppStore|iPhone
		{90B5FBF0-9247-4A91-AD79-FA41AD650D06}.AppStore|ARM.ActiveCfg = AppStore|iPhone
		{90B5FBF0-9247-4A91-AD79-FA41AD650D06}.AppStore|iPhone.ActiveCfg = AppStore|iPhone
		{90B5FBF0-9247-4A91-AD79-FA41AD650D06}.AppStore|iPhone.Build.0 = AppStore|iPhone
		{90B5FBF0-9247-4A91-AD79-FA41AD650D06}.AppStore|iPhoneSimulator.ActiveCfg = AppStore|iPhoneSimulator
		{90B5FBF0-9247-4A91-AD79-FA41AD650D06}.AppStore|iPhoneSimulator.Build.0 = AppStore|iPhoneSimulator
		{90B5FBF0-9247-4A91-AD79-FA41AD650D06}.AppStore|Mixed Platforms.ActiveCfg = AppStore|iPhone
		{90B5FBF0-9247-4A91-AD79-FA41AD650D06}.AppStore|Mixed Platforms.Build.0 = AppStore|iPhone
		{90B5FBF0-9247-4A91-AD79-FA41AD650D06}.AppStore|x86.ActiveCfg = AppStore|iPhone
		{90B5FBF0-9247-4A91-AD79-FA41AD650D06}.Debug|Any CPU.ActiveCfg = Debug|iPhone
		{90B5FBF0-9247-4A91-AD79-FA41AD650D06}.Debug|ARM.ActiveCfg = Debug|iPhone
		{90B5FBF0-9247-4A91-AD79-FA41AD650D06}.Debug|iPhone.ActiveCfg = Debug|iPhone
		{90B5FBF0-9247-4A91-AD79-FA41AD650D06}.Debug|iPhone.Build.0 = Debug|iPhone
		{90B5FBF0-9247-4A91-AD79-FA41AD650D06}.Debug|iPhoneSimulator.ActiveCfg = Debug|iPhoneSimulator
		{90B5FBF0-9247-4A91-AD79-FA41AD650D06}.Debug|iPhoneSimulator.Build.0 = Debug|iPhoneSimulator
		{90B5FBF0-9247-4A91-AD79-FA41AD650D06}.Debug|Mixed Platforms.ActiveCfg = Debug|iPhone
		{90B5FBF0-9247-4A91-AD79-FA41AD650D06}.Debug|Mixed Platforms.Build.0 = Debug|iPhone
		{90B5FBF0-9247-4A91-AD79-FA41AD650D06}.Debug|x86.ActiveCfg = Debug|iPhone
		{90B5FBF0-9247-4A91-AD79-FA41AD650D06}.Release|Any CPU.ActiveCfg = Release|iPhone
		{90B5FBF0-9247-4A91-AD79-FA41AD650D06}.Release|ARM.ActiveCfg = Release|iPhone
		{90B5FBF0-9247-4A91-AD79-FA41AD650D06}.Release|iPhone.ActiveCfg = Release|iPhone
		{90B5FBF0-9247-4A91-AD79-FA41AD650D06}.Release|iPhone.Build.0 = Release|iPhone
		{90B5FBF0-9247-4A91-AD79-FA41AD650D06}.Release|iPhoneSimulator.ActiveCfg = Release|iPhoneSimulator
		{90B5FBF0-9247-4A91-AD79-FA41AD650D06}.Release|iPhoneSimulator.Build.0 = Release|iPhoneSimulator
		{90B5FBF0-9247-4A91-AD79-FA41AD650D06}.Release|Mixed Platforms.ActiveCfg = Release|iPhone
		{90B5FBF0-9247-4A91-AD79-FA41AD650D06}.Release|Mixed Platforms.Build.0 = Release|iPhone
		{90B5FBF0-9247-4A91-AD79-FA41AD650D06}.Release|x86.ActiveCfg = Release|iPhone
		{C28E64B0-7F1E-4A5E-A16B-DF11D7D0B181}.Ad-Hoc|Any CPU.ActiveCfg = Release|Any CPU
		{C28E64B0-7F1E-4A5E-A16B-DF11D7D0B181}.Ad-Hoc|Any CPU.Build.0 = Release|Any CPU
		{C28E64B0-7F1E-4A5E-A16B-DF11D7D0B181}.Ad-Hoc|Any CPU.Deploy.0 = Release|Any CPU
		{C28E64B0-7F1E-4A5E-A16B-DF11D7D0B181}.Ad-Hoc|ARM.ActiveCfg = Release|Any CPU
		{C28E64B0-7F1E-4A5E-A16B-DF11D7D0B181}.Ad-Hoc|iPhone.ActiveCfg = Release|Any CPU
		{C28E64B0-7F1E-4A5E-A16B-DF11D7D0B181}.Ad-Hoc|iPhoneSimulator.ActiveCfg = Release|Any CPU
		{C28E64B0-7F1E-4A5E-A16B-DF11D7D0B181}.Ad-Hoc|Mixed Platforms.ActiveCfg = Release|Any CPU
		{C28E64B0-7F1E-4A5E-A16B-DF11D7D0B181}.Ad-Hoc|Mixed Platforms.Build.0 = Release|Any CPU
		{C28E64B0-7F1E-4A5E-A16B-DF11D7D0B181}.Ad-Hoc|Mixed Platforms.Deploy.0 = Release|Any CPU
		{C28E64B0-7F1E-4A5E-A16B-DF11D7D0B181}.Ad-Hoc|x86.ActiveCfg = Release|Any CPU
		{C28E64B0-7F1E-4A5E-A16B-DF11D7D0B181}.AppStore|Any CPU.ActiveCfg = Release|Any CPU
		{C28E64B0-7F1E-4A5E-A16B-DF11D7D0B181}.AppStore|Any CPU.Build.0 = Release|Any CPU
		{C28E64B0-7F1E-4A5E-A16B-DF11D7D0B181}.AppStore|Any CPU.Deploy.0 = Release|Any CPU
		{C28E64B0-7F1E-4A5E-A16B-DF11D7D0B181}.AppStore|ARM.ActiveCfg = Release|Any CPU
		{C28E64B0-7F1E-4A5E-A16B-DF11D7D0B181}.AppStore|iPhone.ActiveCfg = Release|Any CPU
		{C28E64B0-7F1E-4A5E-A16B-DF11D7D0B181}.AppStore|iPhoneSimulator.ActiveCfg = Release|Any CPU
		{C28E64B0-7F1E-4A5E-A16B-DF11D7D0B181}.AppStore|Mixed Platforms.ActiveCfg = Release|Any CPU
		{C28E64B0-7F1E-4A5E-A16B-DF11D7D0B181}.AppStore|Mixed Platforms.Build.0 = Release|Any CPU
		{C28E64B0-7F1E-4A5E-A16B-DF11D7D0B181}.AppStore|Mixed Platforms.Deploy.0 = Release|Any CPU
		{C28E64B0-7F1E-4A5E-A16B-DF11D7D0B181}.AppStore|x86.ActiveCfg = Release|Any CPU
		{C28E64B0-7F1E-4A5E-A16B-DF11D7D0B181}.Debug|Any CPU.ActiveCfg = Debug|Any CPU
		{C28E64B0-7F1E-4A5E-A16B-DF11D7D0B181}.Debug|Any CPU.Build.0 = Debug|Any CPU
		{C28E64B0-7F1E-4A5E-A16B-DF11D7D0B181}.Debug|Any CPU.Deploy.0 = Debug|Any CPU
		{C28E64B0-7F1E-4A5E-A16B-DF11D7D0B181}.Debug|ARM.ActiveCfg = Debug|Any CPU
		{C28E64B0-7F1E-4A5E-A16B-DF11D7D0B181}.Debug|iPhone.ActiveCfg = Debug|Any CPU
		{C28E64B0-7F1E-4A5E-A16B-DF11D7D0B181}.Debug|iPhoneSimulator.ActiveCfg = Debug|Any CPU
		{C28E64B0-7F1E-4A5E-A16B-DF11D7D0B181}.Debug|Mixed Platforms.ActiveCfg = Debug|Any CPU
		{C28E64B0-7F1E-4A5E-A16B-DF11D7D0B181}.Debug|Mixed Platforms.Build.0 = Debug|Any CPU
		{C28E64B0-7F1E-4A5E-A16B-DF11D7D0B181}.Debug|Mixed Platforms.Deploy.0 = Debug|Any CPU
		{C28E64B0-7F1E-4A5E-A16B-DF11D7D0B181}.Debug|x86.ActiveCfg = Debug|Any CPU
		{C28E64B0-7F1E-4A5E-A16B-DF11D7D0B181}.Release|Any CPU.ActiveCfg = Release|Any CPU
		{C28E64B0-7F1E-4A5E-A16B-DF11D7D0B181}.Release|Any CPU.Build.0 = Release|Any CPU
		{C28E64B0-7F1E-4A5E-A16B-DF11D7D0B181}.Release|Any CPU.Deploy.0 = Release|Any CPU
		{C28E64B0-7F1E-4A5E-A16B-DF11D7D0B181}.Release|ARM.ActiveCfg = Release|Any CPU
		{C28E64B0-7F1E-4A5E-A16B-DF11D7D0B181}.Release|iPhone.ActiveCfg = Release|Any CPU
		{C28E64B0-7F1E-4A5E-A16B-DF11D7D0B181}.Release|iPhoneSimulator.ActiveCfg = Release|Any CPU
		{C28E64B0-7F1E-4A5E-A16B-DF11D7D0B181}.Release|Mixed Platforms.ActiveCfg = Release|Any CPU
		{C28E64B0-7F1E-4A5E-A16B-DF11D7D0B181}.Release|Mixed Platforms.Build.0 = Release|Any CPU
		{C28E64B0-7F1E-4A5E-A16B-DF11D7D0B181}.Release|Mixed Platforms.Deploy.0 = Release|Any CPU
		{C28E64B0-7F1E-4A5E-A16B-DF11D7D0B181}.Release|x86.ActiveCfg = Release|Any CPU
		{362A3C09-F3F5-4509-B5EF-0F8F048FFC9E}.Ad-Hoc|Any CPU.ActiveCfg = Release|Any CPU
		{362A3C09-F3F5-4509-B5EF-0F8F048FFC9E}.Ad-Hoc|Any CPU.Build.0 = Release|Any CPU
		{362A3C09-F3F5-4509-B5EF-0F8F048FFC9E}.Ad-Hoc|Any CPU.Deploy.0 = Release|Any CPU
		{362A3C09-F3F5-4509-B5EF-0F8F048FFC9E}.Ad-Hoc|ARM.ActiveCfg = Release|ARM
		{362A3C09-F3F5-4509-B5EF-0F8F048FFC9E}.Ad-Hoc|ARM.Build.0 = Release|ARM
		{362A3C09-F3F5-4509-B5EF-0F8F048FFC9E}.Ad-Hoc|ARM.Deploy.0 = Release|ARM
		{362A3C09-F3F5-4509-B5EF-0F8F048FFC9E}.Ad-Hoc|iPhone.ActiveCfg = Release|Any CPU
		{362A3C09-F3F5-4509-B5EF-0F8F048FFC9E}.Ad-Hoc|iPhoneSimulator.ActiveCfg = Release|Any CPU
		{362A3C09-F3F5-4509-B5EF-0F8F048FFC9E}.Ad-Hoc|Mixed Platforms.ActiveCfg = Release|x86
		{362A3C09-F3F5-4509-B5EF-0F8F048FFC9E}.Ad-Hoc|Mixed Platforms.Build.0 = Release|x86
		{362A3C09-F3F5-4509-B5EF-0F8F048FFC9E}.Ad-Hoc|Mixed Platforms.Deploy.0 = Release|x86
		{362A3C09-F3F5-4509-B5EF-0F8F048FFC9E}.Ad-Hoc|x86.ActiveCfg = Release|x86
		{362A3C09-F3F5-4509-B5EF-0F8F048FFC9E}.Ad-Hoc|x86.Build.0 = Release|x86
		{362A3C09-F3F5-4509-B5EF-0F8F048FFC9E}.Ad-Hoc|x86.Deploy.0 = Release|x86
		{362A3C09-F3F5-4509-B5EF-0F8F048FFC9E}.AppStore|Any CPU.ActiveCfg = Release|Any CPU
		{362A3C09-F3F5-4509-B5EF-0F8F048FFC9E}.AppStore|Any CPU.Build.0 = Release|Any CPU
		{362A3C09-F3F5-4509-B5EF-0F8F048FFC9E}.AppStore|Any CPU.Deploy.0 = Release|Any CPU
		{362A3C09-F3F5-4509-B5EF-0F8F048FFC9E}.AppStore|ARM.ActiveCfg = Release|ARM
		{362A3C09-F3F5-4509-B5EF-0F8F048FFC9E}.AppStore|ARM.Build.0 = Release|ARM
		{362A3C09-F3F5-4509-B5EF-0F8F048FFC9E}.AppStore|ARM.Deploy.0 = Release|ARM
		{362A3C09-F3F5-4509-B5EF-0F8F048FFC9E}.AppStore|iPhone.ActiveCfg = Release|Any CPU
		{362A3C09-F3F5-4509-B5EF-0F8F048FFC9E}.AppStore|iPhoneSimulator.ActiveCfg = Release|Any CPU
		{362A3C09-F3F5-4509-B5EF-0F8F048FFC9E}.AppStore|Mixed Platforms.ActiveCfg = Release|x86
		{362A3C09-F3F5-4509-B5EF-0F8F048FFC9E}.AppStore|Mixed Platforms.Build.0 = Release|x86
		{362A3C09-F3F5-4509-B5EF-0F8F048FFC9E}.AppStore|Mixed Platforms.Deploy.0 = Release|x86
		{362A3C09-F3F5-4509-B5EF-0F8F048FFC9E}.AppStore|x86.ActiveCfg = Release|x86
		{362A3C09-F3F5-4509-B5EF-0F8F048FFC9E}.AppStore|x86.Build.0 = Release|x86
		{362A3C09-F3F5-4509-B5EF-0F8F048FFC9E}.AppStore|x86.Deploy.0 = Release|x86
		{362A3C09-F3F5-4509-B5EF-0F8F048FFC9E}.Debug|Any CPU.ActiveCfg = Debug|Any CPU
		{362A3C09-F3F5-4509-B5EF-0F8F048FFC9E}.Debug|Any CPU.Build.0 = Debug|Any CPU
		{362A3C09-F3F5-4509-B5EF-0F8F048FFC9E}.Debug|Any CPU.Deploy.0 = Debug|Any CPU
		{362A3C09-F3F5-4509-B5EF-0F8F048FFC9E}.Debug|ARM.ActiveCfg = Debug|ARM
		{362A3C09-F3F5-4509-B5EF-0F8F048FFC9E}.Debug|ARM.Build.0 = Debug|ARM
		{362A3C09-F3F5-4509-B5EF-0F8F048FFC9E}.Debug|ARM.Deploy.0 = Debug|ARM
		{362A3C09-F3F5-4509-B5EF-0F8F048FFC9E}.Debug|iPhone.ActiveCfg = Debug|Any CPU
		{362A3C09-F3F5-4509-B5EF-0F8F048FFC9E}.Debug|iPhoneSimulator.ActiveCfg = Debug|Any CPU
		{362A3C09-F3F5-4509-B5EF-0F8F048FFC9E}.Debug|Mixed Platforms.ActiveCfg = Debug|x86
		{362A3C09-F3F5-4509-B5EF-0F8F048FFC9E}.Debug|Mixed Platforms.Build.0 = Debug|x86
		{362A3C09-F3F5-4509-B5EF-0F8F048FFC9E}.Debug|Mixed Platforms.Deploy.0 = Debug|x86
		{362A3C09-F3F5-4509-B5EF-0F8F048FFC9E}.Debug|x86.ActiveCfg = Debug|x86
		{362A3C09-F3F5-4509-B5EF-0F8F048FFC9E}.Debug|x86.Build.0 = Debug|x86
		{362A3C09-F3F5-4509-B5EF-0F8F048FFC9E}.Debug|x86.Deploy.0 = Debug|x86
		{362A3C09-F3F5-4509-B5EF-0F8F048FFC9E}.Release|Any CPU.ActiveCfg = Release|Any CPU
		{362A3C09-F3F5-4509-B5EF-0F8F048FFC9E}.Release|Any CPU.Build.0 = Release|Any CPU
		{362A3C09-F3F5-4509-B5EF-0F8F048FFC9E}.Release|Any CPU.Deploy.0 = Release|Any CPU
		{362A3C09-F3F5-4509-B5EF-0F8F048FFC9E}.Release|ARM.ActiveCfg = Release|ARM
		{362A3C09-F3F5-4509-B5EF-0F8F048FFC9E}.Release|ARM.Build.0 = Release|ARM
		{362A3C09-F3F5-4509-B5EF-0F8F048FFC9E}.Release|ARM.Deploy.0 = Release|ARM
		{362A3C09-F3F5-4509-B5EF-0F8F048FFC9E}.Release|iPhone.ActiveCfg = Release|Any CPU
		{362A3C09-F3F5-4509-B5EF-0F8F048FFC9E}.Release|iPhoneSimulator.ActiveCfg = Release|Any CPU
		{362A3C09-F3F5-4509-B5EF-0F8F048FFC9E}.Release|Mixed Platforms.ActiveCfg = Release|x86
		{362A3C09-F3F5-4509-B5EF-0F8F048FFC9E}.Release|Mixed Platforms.Build.0 = Release|x86
		{362A3C09-F3F5-4509-B5EF-0F8F048FFC9E}.Release|Mixed Platforms.Deploy.0 = Release|x86
		{362A3C09-F3F5-4509-B5EF-0F8F048FFC9E}.Release|x86.ActiveCfg = Release|x86
		{362A3C09-F3F5-4509-B5EF-0F8F048FFC9E}.Release|x86.Build.0 = Release|x86
		{362A3C09-F3F5-4509-B5EF-0F8F048FFC9E}.Release|x86.Deploy.0 = Release|x86
		{4F9BA553-8252-412D-98C8-C113CC009F82}.Ad-Hoc|Any CPU.ActiveCfg = Release|Any CPU
		{4F9BA553-8252-412D-98C8-C113CC009F82}.Ad-Hoc|Any CPU.Build.0 = Release|Any CPU
		{4F9BA553-8252-412D-98C8-C113CC009F82}.Ad-Hoc|ARM.ActiveCfg = Release|Any CPU
		{4F9BA553-8252-412D-98C8-C113CC009F82}.Ad-Hoc|iPhone.ActiveCfg = Release|Any CPU
		{4F9BA553-8252-412D-98C8-C113CC009F82}.Ad-Hoc|iPhoneSimulator.ActiveCfg = Release|Any CPU
		{4F9BA553-8252-412D-98C8-C113CC009F82}.Ad-Hoc|Mixed Platforms.ActiveCfg = Release|Any CPU
		{4F9BA553-8252-412D-98C8-C113CC009F82}.Ad-Hoc|Mixed Platforms.Build.0 = Release|Any CPU
		{4F9BA553-8252-412D-98C8-C113CC009F82}.Ad-Hoc|x86.ActiveCfg = Release|Any CPU
		{4F9BA553-8252-412D-98C8-C113CC009F82}.AppStore|Any CPU.ActiveCfg = Release|Any CPU
		{4F9BA553-8252-412D-98C8-C113CC009F82}.AppStore|Any CPU.Build.0 = Release|Any CPU
		{4F9BA553-8252-412D-98C8-C113CC009F82}.AppStore|ARM.ActiveCfg = Release|Any CPU
		{4F9BA553-8252-412D-98C8-C113CC009F82}.AppStore|iPhone.ActiveCfg = Release|Any CPU
		{4F9BA553-8252-412D-98C8-C113CC009F82}.AppStore|iPhoneSimulator.ActiveCfg = Release|Any CPU
		{4F9BA553-8252-412D-98C8-C113CC009F82}.AppStore|Mixed Platforms.ActiveCfg = Release|Any CPU
		{4F9BA553-8252-412D-98C8-C113CC009F82}.AppStore|Mixed Platforms.Build.0 = Release|Any CPU
		{4F9BA553-8252-412D-98C8-C113CC009F82}.AppStore|x86.ActiveCfg = Release|Any CPU
		{4F9BA553-8252-412D-98C8-C113CC009F82}.Debug|Any CPU.ActiveCfg = Debug|Any CPU
		{4F9BA553-8252-412D-98C8-C113CC009F82}.Debug|Any CPU.Build.0 = Debug|Any CPU
		{4F9BA553-8252-412D-98C8-C113CC009F82}.Debug|ARM.ActiveCfg = Debug|Any CPU
		{4F9BA553-8252-412D-98C8-C113CC009F82}.Debug|iPhone.ActiveCfg = Debug|Any CPU
		{4F9BA553-8252-412D-98C8-C113CC009F82}.Debug|iPhoneSimulator.ActiveCfg = Debug|Any CPU
		{4F9BA553-8252-412D-98C8-C113CC009F82}.Debug|Mixed Platforms.ActiveCfg = Debug|Any CPU
		{4F9BA553-8252-412D-98C8-C113CC009F82}.Debug|Mixed Platforms.Build.0 = Debug|Any CPU
		{4F9BA553-8252-412D-98C8-C113CC009F82}.Debug|x86.ActiveCfg = Debug|Any CPU
		{4F9BA553-8252-412D-98C8-C113CC009F82}.Release|Any CPU.ActiveCfg = Release|Any CPU
		{4F9BA553-8252-412D-98C8-C113CC009F82}.Release|Any CPU.Build.0 = Release|Any CPU
		{4F9BA553-8252-412D-98C8-C113CC009F82}.Release|ARM.ActiveCfg = Release|Any CPU
		{4F9BA553-8252-412D-98C8-C113CC009F82}.Release|iPhone.ActiveCfg = Release|Any CPU
		{4F9BA553-8252-412D-98C8-C113CC009F82}.Release|iPhoneSimulator.ActiveCfg = Release|Any CPU
		{4F9BA553-8252-412D-98C8-C113CC009F82}.Release|Mixed Platforms.ActiveCfg = Release|Any CPU
		{4F9BA553-8252-412D-98C8-C113CC009F82}.Release|Mixed Platforms.Build.0 = Release|Any CPU
		{4F9BA553-8252-412D-98C8-C113CC009F82}.Release|x86.ActiveCfg = Release|Any CPU
		{2B92EDF2-0C2E-4E27-9121-99448A9543DB}.Ad-Hoc|Any CPU.ActiveCfg = Release|Any CPU
		{2B92EDF2-0C2E-4E27-9121-99448A9543DB}.Ad-Hoc|Any CPU.Build.0 = Release|Any CPU
		{2B92EDF2-0C2E-4E27-9121-99448A9543DB}.Ad-Hoc|ARM.ActiveCfg = Release|Any CPU
		{2B92EDF2-0C2E-4E27-9121-99448A9543DB}.Ad-Hoc|iPhone.ActiveCfg = Release|Any CPU
		{2B92EDF2-0C2E-4E27-9121-99448A9543DB}.Ad-Hoc|iPhoneSimulator.ActiveCfg = Release|Any CPU
		{2B92EDF2-0C2E-4E27-9121-99448A9543DB}.Ad-Hoc|Mixed Platforms.ActiveCfg = Release|Any CPU
		{2B92EDF2-0C2E-4E27-9121-99448A9543DB}.Ad-Hoc|Mixed Platforms.Build.0 = Release|Any CPU
		{2B92EDF2-0C2E-4E27-9121-99448A9543DB}.Ad-Hoc|x86.ActiveCfg = Release|Any CPU
		{2B92EDF2-0C2E-4E27-9121-99448A9543DB}.AppStore|Any CPU.ActiveCfg = Release|Any CPU
		{2B92EDF2-0C2E-4E27-9121-99448A9543DB}.AppStore|Any CPU.Build.0 = Release|Any CPU
		{2B92EDF2-0C2E-4E27-9121-99448A9543DB}.AppStore|ARM.ActiveCfg = Release|Any CPU
		{2B92EDF2-0C2E-4E27-9121-99448A9543DB}.AppStore|iPhone.ActiveCfg = Release|Any CPU
		{2B92EDF2-0C2E-4E27-9121-99448A9543DB}.AppStore|iPhoneSimulator.ActiveCfg = Release|Any CPU
		{2B92EDF2-0C2E-4E27-9121-99448A9543DB}.AppStore|Mixed Platforms.ActiveCfg = Release|Any CPU
		{2B92EDF2-0C2E-4E27-9121-99448A9543DB}.AppStore|Mixed Platforms.Build.0 = Release|Any CPU
		{2B92EDF2-0C2E-4E27-9121-99448A9543DB}.AppStore|x86.ActiveCfg = Release|Any CPU
		{2B92EDF2-0C2E-4E27-9121-99448A9543DB}.Debug|Any CPU.ActiveCfg = Debug|Any CPU
		{2B92EDF2-0C2E-4E27-9121-99448A9543DB}.Debug|Any CPU.Build.0 = Debug|Any CPU
		{2B92EDF2-0C2E-4E27-9121-99448A9543DB}.Debug|ARM.ActiveCfg = Debug|Any CPU
		{2B92EDF2-0C2E-4E27-9121-99448A9543DB}.Debug|iPhone.ActiveCfg = Debug|Any CPU
		{2B92EDF2-0C2E-4E27-9121-99448A9543DB}.Debug|iPhoneSimulator.ActiveCfg = Debug|Any CPU
		{2B92EDF2-0C2E-4E27-9121-99448A9543DB}.Debug|Mixed Platforms.ActiveCfg = Debug|Any CPU
		{2B92EDF2-0C2E-4E27-9121-99448A9543DB}.Debug|Mixed Platforms.Build.0 = Debug|Any CPU
		{2B92EDF2-0C2E-4E27-9121-99448A9543DB}.Debug|x86.ActiveCfg = Debug|Any CPU
		{2B92EDF2-0C2E-4E27-9121-99448A9543DB}.Release|Any CPU.ActiveCfg = Release|Any CPU
		{2B92EDF2-0C2E-4E27-9121-99448A9543DB}.Release|Any CPU.Build.0 = Release|Any CPU
		{2B92EDF2-0C2E-4E27-9121-99448A9543DB}.Release|ARM.ActiveCfg = Release|Any CPU
		{2B92EDF2-0C2E-4E27-9121-99448A9543DB}.Release|iPhone.ActiveCfg = Release|Any CPU
		{2B92EDF2-0C2E-4E27-9121-99448A9543DB}.Release|iPhoneSimulator.ActiveCfg = Release|Any CPU
		{2B92EDF2-0C2E-4E27-9121-99448A9543DB}.Release|Mixed Platforms.ActiveCfg = Release|Any CPU
		{2B92EDF2-0C2E-4E27-9121-99448A9543DB}.Release|Mixed Platforms.Build.0 = Release|Any CPU
		{2B92EDF2-0C2E-4E27-9121-99448A9543DB}.Release|x86.ActiveCfg = Release|Any CPU
		{F3C08FDD-7F99-4EF4-920D-33CF43A77E0E}.Ad-Hoc|Any CPU.ActiveCfg = Ad-Hoc|iPhone
		{F3C08FDD-7F99-4EF4-920D-33CF43A77E0E}.Ad-Hoc|ARM.ActiveCfg = Ad-Hoc|iPhone
		{F3C08FDD-7F99-4EF4-920D-33CF43A77E0E}.Ad-Hoc|iPhone.ActiveCfg = Ad-Hoc|iPhone
		{F3C08FDD-7F99-4EF4-920D-33CF43A77E0E}.Ad-Hoc|iPhone.Build.0 = Ad-Hoc|iPhone
		{F3C08FDD-7F99-4EF4-920D-33CF43A77E0E}.Ad-Hoc|iPhoneSimulator.ActiveCfg = Ad-Hoc|iPhoneSimulator
		{F3C08FDD-7F99-4EF4-920D-33CF43A77E0E}.Ad-Hoc|iPhoneSimulator.Build.0 = Ad-Hoc|iPhoneSimulator
		{F3C08FDD-7F99-4EF4-920D-33CF43A77E0E}.Ad-Hoc|Mixed Platforms.ActiveCfg = Ad-Hoc|iPhone
		{F3C08FDD-7F99-4EF4-920D-33CF43A77E0E}.Ad-Hoc|Mixed Platforms.Build.0 = Ad-Hoc|iPhone
		{F3C08FDD-7F99-4EF4-920D-33CF43A77E0E}.Ad-Hoc|x86.ActiveCfg = Ad-Hoc|iPhone
		{F3C08FDD-7F99-4EF4-920D-33CF43A77E0E}.AppStore|Any CPU.ActiveCfg = AppStore|iPhone
		{F3C08FDD-7F99-4EF4-920D-33CF43A77E0E}.AppStore|ARM.ActiveCfg = AppStore|iPhone
		{F3C08FDD-7F99-4EF4-920D-33CF43A77E0E}.AppStore|iPhone.ActiveCfg = AppStore|iPhone
		{F3C08FDD-7F99-4EF4-920D-33CF43A77E0E}.AppStore|iPhone.Build.0 = AppStore|iPhone
		{F3C08FDD-7F99-4EF4-920D-33CF43A77E0E}.AppStore|iPhoneSimulator.ActiveCfg = AppStore|iPhoneSimulator
		{F3C08FDD-7F99-4EF4-920D-33CF43A77E0E}.AppStore|iPhoneSimulator.Build.0 = AppStore|iPhoneSimulator
		{F3C08FDD-7F99-4EF4-920D-33CF43A77E0E}.AppStore|Mixed Platforms.ActiveCfg = AppStore|iPhone
		{F3C08FDD-7F99-4EF4-920D-33CF43A77E0E}.AppStore|Mixed Platforms.Build.0 = AppStore|iPhone
		{F3C08FDD-7F99-4EF4-920D-33CF43A77E0E}.AppStore|x86.ActiveCfg = AppStore|iPhone
		{F3C08FDD-7F99-4EF4-920D-33CF43A77E0E}.Debug|Any CPU.ActiveCfg = Debug|iPhone
		{F3C08FDD-7F99-4EF4-920D-33CF43A77E0E}.Debug|ARM.ActiveCfg = Debug|iPhone
		{F3C08FDD-7F99-4EF4-920D-33CF43A77E0E}.Debug|iPhone.ActiveCfg = Debug|iPhone
		{F3C08FDD-7F99-4EF4-920D-33CF43A77E0E}.Debug|iPhone.Build.0 = Debug|iPhone
		{F3C08FDD-7F99-4EF4-920D-33CF43A77E0E}.Debug|iPhoneSimulator.ActiveCfg = Debug|iPhoneSimulator
		{F3C08FDD-7F99-4EF4-920D-33CF43A77E0E}.Debug|iPhoneSimulator.Build.0 = Debug|iPhoneSimulator
		{F3C08FDD-7F99-4EF4-920D-33CF43A77E0E}.Debug|Mixed Platforms.ActiveCfg = Debug|iPhone
		{F3C08FDD-7F99-4EF4-920D-33CF43A77E0E}.Debug|Mixed Platforms.Build.0 = Debug|iPhone
		{F3C08FDD-7F99-4EF4-920D-33CF43A77E0E}.Debug|x86.ActiveCfg = Debug|iPhone
		{F3C08FDD-7F99-4EF4-920D-33CF43A77E0E}.Release|Any CPU.ActiveCfg = Release|iPhone
		{F3C08FDD-7F99-4EF4-920D-33CF43A77E0E}.Release|ARM.ActiveCfg = Release|iPhone
		{F3C08FDD-7F99-4EF4-920D-33CF43A77E0E}.Release|iPhone.ActiveCfg = Release|iPhone
		{F3C08FDD-7F99-4EF4-920D-33CF43A77E0E}.Release|iPhone.Build.0 = Release|iPhone
		{F3C08FDD-7F99-4EF4-920D-33CF43A77E0E}.Release|iPhoneSimulator.ActiveCfg = Release|iPhoneSimulator
		{F3C08FDD-7F99-4EF4-920D-33CF43A77E0E}.Release|iPhoneSimulator.Build.0 = Release|iPhoneSimulator
		{F3C08FDD-7F99-4EF4-920D-33CF43A77E0E}.Release|Mixed Platforms.ActiveCfg = Release|iPhone
		{F3C08FDD-7F99-4EF4-920D-33CF43A77E0E}.Release|Mixed Platforms.Build.0 = Release|iPhone
		{F3C08FDD-7F99-4EF4-920D-33CF43A77E0E}.Release|x86.ActiveCfg = Release|iPhone
		{0DA434E2-4E4E-4E74-9461-295A27AC1549}.Ad-Hoc|Any CPU.ActiveCfg = Release|Any CPU
		{0DA434E2-4E4E-4E74-9461-295A27AC1549}.Ad-Hoc|Any CPU.Build.0 = Release|Any CPU
		{0DA434E2-4E4E-4E74-9461-295A27AC1549}.Ad-Hoc|Any CPU.Deploy.0 = Release|Any CPU
		{0DA434E2-4E4E-4E74-9461-295A27AC1549}.Ad-Hoc|ARM.ActiveCfg = Release|Any CPU
		{0DA434E2-4E4E-4E74-9461-295A27AC1549}.Ad-Hoc|iPhone.ActiveCfg = Release|Any CPU
		{0DA434E2-4E4E-4E74-9461-295A27AC1549}.Ad-Hoc|iPhoneSimulator.ActiveCfg = Release|Any CPU
		{0DA434E2-4E4E-4E74-9461-295A27AC1549}.Ad-Hoc|Mixed Platforms.ActiveCfg = Release|Any CPU
		{0DA434E2-4E4E-4E74-9461-295A27AC1549}.Ad-Hoc|Mixed Platforms.Build.0 = Release|Any CPU
		{0DA434E2-4E4E-4E74-9461-295A27AC1549}.Ad-Hoc|Mixed Platforms.Deploy.0 = Release|Any CPU
		{0DA434E2-4E4E-4E74-9461-295A27AC1549}.Ad-Hoc|x86.ActiveCfg = Release|Any CPU
		{0DA434E2-4E4E-4E74-9461-295A27AC1549}.AppStore|Any CPU.ActiveCfg = Release|Any CPU
		{0DA434E2-4E4E-4E74-9461-295A27AC1549}.AppStore|Any CPU.Build.0 = Release|Any CPU
		{0DA434E2-4E4E-4E74-9461-295A27AC1549}.AppStore|Any CPU.Deploy.0 = Release|Any CPU
		{0DA434E2-4E4E-4E74-9461-295A27AC1549}.AppStore|ARM.ActiveCfg = Release|Any CPU
		{0DA434E2-4E4E-4E74-9461-295A27AC1549}.AppStore|iPhone.ActiveCfg = Release|Any CPU
		{0DA434E2-4E4E-4E74-9461-295A27AC1549}.AppStore|iPhoneSimulator.ActiveCfg = Release|Any CPU
		{0DA434E2-4E4E-4E74-9461-295A27AC1549}.AppStore|Mixed Platforms.ActiveCfg = Release|Any CPU
		{0DA434E2-4E4E-4E74-9461-295A27AC1549}.AppStore|Mixed Platforms.Build.0 = Release|Any CPU
		{0DA434E2-4E4E-4E74-9461-295A27AC1549}.AppStore|Mixed Platforms.Deploy.0 = Release|Any CPU
		{0DA434E2-4E4E-4E74-9461-295A27AC1549}.AppStore|x86.ActiveCfg = Release|Any CPU
		{0DA434E2-4E4E-4E74-9461-295A27AC1549}.Debug|Any CPU.ActiveCfg = Debug|Any CPU
		{0DA434E2-4E4E-4E74-9461-295A27AC1549}.Debug|Any CPU.Build.0 = Debug|Any CPU
		{0DA434E2-4E4E-4E74-9461-295A27AC1549}.Debug|Any CPU.Deploy.0 = Debug|Any CPU
		{0DA434E2-4E4E-4E74-9461-295A27AC1549}.Debug|ARM.ActiveCfg = Debug|Any CPU
		{0DA434E2-4E4E-4E74-9461-295A27AC1549}.Debug|iPhone.ActiveCfg = Debug|Any CPU
		{0DA434E2-4E4E-4E74-9461-295A27AC1549}.Debug|iPhoneSimulator.ActiveCfg = Debug|Any CPU
		{0DA434E2-4E4E-4E74-9461-295A27AC1549}.Debug|Mixed Platforms.ActiveCfg = Debug|Any CPU
		{0DA434E2-4E4E-4E74-9461-295A27AC1549}.Debug|Mixed Platforms.Build.0 = Debug|Any CPU
		{0DA434E2-4E4E-4E74-9461-295A27AC1549}.Debug|Mixed Platforms.Deploy.0 = Debug|Any CPU
		{0DA434E2-4E4E-4E74-9461-295A27AC1549}.Debug|x86.ActiveCfg = Debug|Any CPU
		{0DA434E2-4E4E-4E74-9461-295A27AC1549}.Release|Any CPU.ActiveCfg = Release|Any CPU
		{0DA434E2-4E4E-4E74-9461-295A27AC1549}.Release|Any CPU.Build.0 = Release|Any CPU
		{0DA434E2-4E4E-4E74-9461-295A27AC1549}.Release|Any CPU.Deploy.0 = Release|Any CPU
		{0DA434E2-4E4E-4E74-9461-295A27AC1549}.Release|ARM.ActiveCfg = Release|Any CPU
		{0DA434E2-4E4E-4E74-9461-295A27AC1549}.Release|iPhone.ActiveCfg = Release|Any CPU
		{0DA434E2-4E4E-4E74-9461-295A27AC1549}.Release|iPhoneSimulator.ActiveCfg = Release|Any CPU
		{0DA434E2-4E4E-4E74-9461-295A27AC1549}.Release|Mixed Platforms.ActiveCfg = Release|Any CPU
		{0DA434E2-4E4E-4E74-9461-295A27AC1549}.Release|Mixed Platforms.Build.0 = Release|Any CPU
		{0DA434E2-4E4E-4E74-9461-295A27AC1549}.Release|Mixed Platforms.Deploy.0 = Release|Any CPU
		{0DA434E2-4E4E-4E74-9461-295A27AC1549}.Release|x86.ActiveCfg = Release|Any CPU
		{A3806A96-3E0F-4284-8E85-B65879C0B0C9}.Ad-Hoc|Any CPU.ActiveCfg = Release|Any CPU
		{A3806A96-3E0F-4284-8E85-B65879C0B0C9}.Ad-Hoc|Any CPU.Build.0 = Release|Any CPU
		{A3806A96-3E0F-4284-8E85-B65879C0B0C9}.Ad-Hoc|Any CPU.Deploy.0 = Release|Any CPU
		{A3806A96-3E0F-4284-8E85-B65879C0B0C9}.Ad-Hoc|ARM.ActiveCfg = Release|ARM
		{A3806A96-3E0F-4284-8E85-B65879C0B0C9}.Ad-Hoc|ARM.Build.0 = Release|ARM
		{A3806A96-3E0F-4284-8E85-B65879C0B0C9}.Ad-Hoc|ARM.Deploy.0 = Release|ARM
		{A3806A96-3E0F-4284-8E85-B65879C0B0C9}.Ad-Hoc|iPhone.ActiveCfg = Release|Any CPU
		{A3806A96-3E0F-4284-8E85-B65879C0B0C9}.Ad-Hoc|iPhoneSimulator.ActiveCfg = Release|Any CPU
		{A3806A96-3E0F-4284-8E85-B65879C0B0C9}.Ad-Hoc|Mixed Platforms.ActiveCfg = Release|x86
		{A3806A96-3E0F-4284-8E85-B65879C0B0C9}.Ad-Hoc|Mixed Platforms.Build.0 = Release|x86
		{A3806A96-3E0F-4284-8E85-B65879C0B0C9}.Ad-Hoc|Mixed Platforms.Deploy.0 = Release|x86
		{A3806A96-3E0F-4284-8E85-B65879C0B0C9}.Ad-Hoc|x86.ActiveCfg = Release|x86
		{A3806A96-3E0F-4284-8E85-B65879C0B0C9}.Ad-Hoc|x86.Build.0 = Release|x86
		{A3806A96-3E0F-4284-8E85-B65879C0B0C9}.Ad-Hoc|x86.Deploy.0 = Release|x86
		{A3806A96-3E0F-4284-8E85-B65879C0B0C9}.AppStore|Any CPU.ActiveCfg = Release|Any CPU
		{A3806A96-3E0F-4284-8E85-B65879C0B0C9}.AppStore|Any CPU.Build.0 = Release|Any CPU
		{A3806A96-3E0F-4284-8E85-B65879C0B0C9}.AppStore|Any CPU.Deploy.0 = Release|Any CPU
		{A3806A96-3E0F-4284-8E85-B65879C0B0C9}.AppStore|ARM.ActiveCfg = Release|ARM
		{A3806A96-3E0F-4284-8E85-B65879C0B0C9}.AppStore|ARM.Build.0 = Release|ARM
		{A3806A96-3E0F-4284-8E85-B65879C0B0C9}.AppStore|ARM.Deploy.0 = Release|ARM
		{A3806A96-3E0F-4284-8E85-B65879C0B0C9}.AppStore|iPhone.ActiveCfg = Release|Any CPU
		{A3806A96-3E0F-4284-8E85-B65879C0B0C9}.AppStore|iPhoneSimulator.ActiveCfg = Release|Any CPU
		{A3806A96-3E0F-4284-8E85-B65879C0B0C9}.AppStore|Mixed Platforms.ActiveCfg = Release|x86
		{A3806A96-3E0F-4284-8E85-B65879C0B0C9}.AppStore|Mixed Platforms.Build.0 = Release|x86
		{A3806A96-3E0F-4284-8E85-B65879C0B0C9}.AppStore|Mixed Platforms.Deploy.0 = Release|x86
		{A3806A96-3E0F-4284-8E85-B65879C0B0C9}.AppStore|x86.ActiveCfg = Release|x86
		{A3806A96-3E0F-4284-8E85-B65879C0B0C9}.AppStore|x86.Build.0 = Release|x86
		{A3806A96-3E0F-4284-8E85-B65879C0B0C9}.AppStore|x86.Deploy.0 = Release|x86
		{A3806A96-3E0F-4284-8E85-B65879C0B0C9}.Debug|Any CPU.ActiveCfg = Debug|Any CPU
		{A3806A96-3E0F-4284-8E85-B65879C0B0C9}.Debug|Any CPU.Build.0 = Debug|Any CPU
		{A3806A96-3E0F-4284-8E85-B65879C0B0C9}.Debug|Any CPU.Deploy.0 = Debug|Any CPU
		{A3806A96-3E0F-4284-8E85-B65879C0B0C9}.Debug|ARM.ActiveCfg = Debug|ARM
		{A3806A96-3E0F-4284-8E85-B65879C0B0C9}.Debug|ARM.Build.0 = Debug|ARM
		{A3806A96-3E0F-4284-8E85-B65879C0B0C9}.Debug|ARM.Deploy.0 = Debug|ARM
		{A3806A96-3E0F-4284-8E85-B65879C0B0C9}.Debug|iPhone.ActiveCfg = Debug|Any CPU
		{A3806A96-3E0F-4284-8E85-B65879C0B0C9}.Debug|iPhoneSimulator.ActiveCfg = Debug|Any CPU
		{A3806A96-3E0F-4284-8E85-B65879C0B0C9}.Debug|Mixed Platforms.ActiveCfg = Debug|x86
		{A3806A96-3E0F-4284-8E85-B65879C0B0C9}.Debug|Mixed Platforms.Build.0 = Debug|x86
		{A3806A96-3E0F-4284-8E85-B65879C0B0C9}.Debug|Mixed Platforms.Deploy.0 = Debug|x86
		{A3806A96-3E0F-4284-8E85-B65879C0B0C9}.Debug|x86.ActiveCfg = Debug|x86
		{A3806A96-3E0F-4284-8E85-B65879C0B0C9}.Debug|x86.Build.0 = Debug|x86
		{A3806A96-3E0F-4284-8E85-B65879C0B0C9}.Debug|x86.Deploy.0 = Debug|x86
		{A3806A96-3E0F-4284-8E85-B65879C0B0C9}.Release|Any CPU.ActiveCfg = Release|Any CPU
		{A3806A96-3E0F-4284-8E85-B65879C0B0C9}.Release|Any CPU.Build.0 = Release|Any CPU
		{A3806A96-3E0F-4284-8E85-B65879C0B0C9}.Release|Any CPU.Deploy.0 = Release|Any CPU
		{A3806A96-3E0F-4284-8E85-B65879C0B0C9}.Release|ARM.ActiveCfg = Release|ARM
		{A3806A96-3E0F-4284-8E85-B65879C0B0C9}.Release|ARM.Build.0 = Release|ARM
		{A3806A96-3E0F-4284-8E85-B65879C0B0C9}.Release|ARM.Deploy.0 = Release|ARM
		{A3806A96-3E0F-4284-8E85-B65879C0B0C9}.Release|iPhone.ActiveCfg = Release|Any CPU
		{A3806A96-3E0F-4284-8E85-B65879C0B0C9}.Release|iPhoneSimulator.ActiveCfg = Release|Any CPU
		{A3806A96-3E0F-4284-8E85-B65879C0B0C9}.Release|Mixed Platforms.ActiveCfg = Release|x86
		{A3806A96-3E0F-4284-8E85-B65879C0B0C9}.Release|Mixed Platforms.Build.0 = Release|x86
		{A3806A96-3E0F-4284-8E85-B65879C0B0C9}.Release|Mixed Platforms.Deploy.0 = Release|x86
		{A3806A96-3E0F-4284-8E85-B65879C0B0C9}.Release|x86.ActiveCfg = Release|x86
		{A3806A96-3E0F-4284-8E85-B65879C0B0C9}.Release|x86.Build.0 = Release|x86
		{A3806A96-3E0F-4284-8E85-B65879C0B0C9}.Release|x86.Deploy.0 = Release|x86
		{9D58D300-2DAD-488D-BEF1-6F591CF3E401}.Ad-Hoc|Any CPU.ActiveCfg = Release|Any CPU
		{9D58D300-2DAD-488D-BEF1-6F591CF3E401}.Ad-Hoc|Any CPU.Build.0 = Release|Any CPU
		{9D58D300-2DAD-488D-BEF1-6F591CF3E401}.Ad-Hoc|ARM.ActiveCfg = Release|Any CPU
		{9D58D300-2DAD-488D-BEF1-6F591CF3E401}.Ad-Hoc|iPhone.ActiveCfg = Release|Any CPU
		{9D58D300-2DAD-488D-BEF1-6F591CF3E401}.Ad-Hoc|iPhoneSimulator.ActiveCfg = Release|Any CPU
		{9D58D300-2DAD-488D-BEF1-6F591CF3E401}.Ad-Hoc|Mixed Platforms.ActiveCfg = Release|Any CPU
		{9D58D300-2DAD-488D-BEF1-6F591CF3E401}.Ad-Hoc|Mixed Platforms.Build.0 = Release|Any CPU
		{9D58D300-2DAD-488D-BEF1-6F591CF3E401}.Ad-Hoc|x86.ActiveCfg = Release|Any CPU
		{9D58D300-2DAD-488D-BEF1-6F591CF3E401}.AppStore|Any CPU.ActiveCfg = Release|Any CPU
		{9D58D300-2DAD-488D-BEF1-6F591CF3E401}.AppStore|Any CPU.Build.0 = Release|Any CPU
		{9D58D300-2DAD-488D-BEF1-6F591CF3E401}.AppStore|ARM.ActiveCfg = Release|Any CPU
		{9D58D300-2DAD-488D-BEF1-6F591CF3E401}.AppStore|iPhone.ActiveCfg = Release|Any CPU
		{9D58D300-2DAD-488D-BEF1-6F591CF3E401}.AppStore|iPhoneSimulator.ActiveCfg = Release|Any CPU
		{9D58D300-2DAD-488D-BEF1-6F591CF3E401}.AppStore|Mixed Platforms.ActiveCfg = Release|Any CPU
		{9D58D300-2DAD-488D-BEF1-6F591CF3E401}.AppStore|Mixed Platforms.Build.0 = Release|Any CPU
		{9D58D300-2DAD-488D-BEF1-6F591CF3E401}.AppStore|x86.ActiveCfg = Release|Any CPU
		{9D58D300-2DAD-488D-BEF1-6F591CF3E401}.Debug|Any CPU.ActiveCfg = Debug|Any CPU
		{9D58D300-2DAD-488D-BEF1-6F591CF3E401}.Debug|Any CPU.Build.0 = Debug|Any CPU
		{9D58D300-2DAD-488D-BEF1-6F591CF3E401}.Debug|ARM.ActiveCfg = Debug|Any CPU
		{9D58D300-2DAD-488D-BEF1-6F591CF3E401}.Debug|iPhone.ActiveCfg = Debug|Any CPU
		{9D58D300-2DAD-488D-BEF1-6F591CF3E401}.Debug|iPhoneSimulator.ActiveCfg = Debug|Any CPU
		{9D58D300-2DAD-488D-BEF1-6F591CF3E401}.Debug|Mixed Platforms.ActiveCfg = Debug|Any CPU
		{9D58D300-2DAD-488D-BEF1-6F591CF3E401}.Debug|Mixed Platforms.Build.0 = Debug|Any CPU
		{9D58D300-2DAD-488D-BEF1-6F591CF3E401}.Debug|x86.ActiveCfg = Debug|Any CPU
		{9D58D300-2DAD-488D-BEF1-6F591CF3E401}.Release|Any CPU.ActiveCfg = Release|Any CPU
		{9D58D300-2DAD-488D-BEF1-6F591CF3E401}.Release|Any CPU.Build.0 = Release|Any CPU
		{9D58D300-2DAD-488D-BEF1-6F591CF3E401}.Release|ARM.ActiveCfg = Release|Any CPU
		{9D58D300-2DAD-488D-BEF1-6F591CF3E401}.Release|iPhone.ActiveCfg = Release|Any CPU
		{9D58D300-2DAD-488D-BEF1-6F591CF3E401}.Release|iPhoneSimulator.ActiveCfg = Release|Any CPU
		{9D58D300-2DAD-488D-BEF1-6F591CF3E401}.Release|Mixed Platforms.ActiveCfg = Release|Any CPU
		{9D58D300-2DAD-488D-BEF1-6F591CF3E401}.Release|Mixed Platforms.Build.0 = Release|Any CPU
		{9D58D300-2DAD-488D-BEF1-6F591CF3E401}.Release|x86.ActiveCfg = Release|Any CPU
		{8CA1FB7E-F86C-4016-A79D-D01F40764E56}.Ad-Hoc|Any CPU.ActiveCfg = Release|Any CPU
		{8CA1FB7E-F86C-4016-A79D-D01F40764E56}.Ad-Hoc|Any CPU.Build.0 = Release|Any CPU
		{8CA1FB7E-F86C-4016-A79D-D01F40764E56}.Ad-Hoc|ARM.ActiveCfg = Release|Any CPU
		{8CA1FB7E-F86C-4016-A79D-D01F40764E56}.Ad-Hoc|iPhone.ActiveCfg = Release|Any CPU
		{8CA1FB7E-F86C-4016-A79D-D01F40764E56}.Ad-Hoc|iPhoneSimulator.ActiveCfg = Release|Any CPU
		{8CA1FB7E-F86C-4016-A79D-D01F40764E56}.Ad-Hoc|Mixed Platforms.ActiveCfg = Release|Any CPU
		{8CA1FB7E-F86C-4016-A79D-D01F40764E56}.Ad-Hoc|Mixed Platforms.Build.0 = Release|Any CPU
		{8CA1FB7E-F86C-4016-A79D-D01F40764E56}.Ad-Hoc|x86.ActiveCfg = Release|Any CPU
		{8CA1FB7E-F86C-4016-A79D-D01F40764E56}.AppStore|Any CPU.ActiveCfg = Release|Any CPU
		{8CA1FB7E-F86C-4016-A79D-D01F40764E56}.AppStore|Any CPU.Build.0 = Release|Any CPU
		{8CA1FB7E-F86C-4016-A79D-D01F40764E56}.AppStore|ARM.ActiveCfg = Release|Any CPU
		{8CA1FB7E-F86C-4016-A79D-D01F40764E56}.AppStore|iPhone.ActiveCfg = Release|Any CPU
		{8CA1FB7E-F86C-4016-A79D-D01F40764E56}.AppStore|iPhoneSimulator.ActiveCfg = Release|Any CPU
		{8CA1FB7E-F86C-4016-A79D-D01F40764E56}.AppStore|Mixed Platforms.ActiveCfg = Release|Any CPU
		{8CA1FB7E-F86C-4016-A79D-D01F40764E56}.AppStore|Mixed Platforms.Build.0 = Release|Any CPU
		{8CA1FB7E-F86C-4016-A79D-D01F40764E56}.AppStore|x86.ActiveCfg = Release|Any CPU
		{8CA1FB7E-F86C-4016-A79D-D01F40764E56}.Debug|Any CPU.ActiveCfg = Debug|Any CPU
		{8CA1FB7E-F86C-4016-A79D-D01F40764E56}.Debug|Any CPU.Build.0 = Debug|Any CPU
		{8CA1FB7E-F86C-4016-A79D-D01F40764E56}.Debug|ARM.ActiveCfg = Debug|Any CPU
		{8CA1FB7E-F86C-4016-A79D-D01F40764E56}.Debug|iPhone.ActiveCfg = Debug|Any CPU
		{8CA1FB7E-F86C-4016-A79D-D01F40764E56}.Debug|iPhoneSimulator.ActiveCfg = Debug|Any CPU
		{8CA1FB7E-F86C-4016-A79D-D01F40764E56}.Debug|Mixed Platforms.ActiveCfg = Debug|Any CPU
		{8CA1FB7E-F86C-4016-A79D-D01F40764E56}.Debug|Mixed Platforms.Build.0 = Debug|Any CPU
		{8CA1FB7E-F86C-4016-A79D-D01F40764E56}.Debug|x86.ActiveCfg = Debug|Any CPU
		{8CA1FB7E-F86C-4016-A79D-D01F40764E56}.Release|Any CPU.ActiveCfg = Release|Any CPU
		{8CA1FB7E-F86C-4016-A79D-D01F40764E56}.Release|Any CPU.Build.0 = Release|Any CPU
		{8CA1FB7E-F86C-4016-A79D-D01F40764E56}.Release|ARM.ActiveCfg = Release|Any CPU
		{8CA1FB7E-F86C-4016-A79D-D01F40764E56}.Release|iPhone.ActiveCfg = Release|Any CPU
		{8CA1FB7E-F86C-4016-A79D-D01F40764E56}.Release|iPhoneSimulator.ActiveCfg = Release|Any CPU
		{8CA1FB7E-F86C-4016-A79D-D01F40764E56}.Release|Mixed Platforms.ActiveCfg = Release|Any CPU
		{8CA1FB7E-F86C-4016-A79D-D01F40764E56}.Release|Mixed Platforms.Build.0 = Release|Any CPU
		{8CA1FB7E-F86C-4016-A79D-D01F40764E56}.Release|x86.ActiveCfg = Release|Any CPU
		{739CBC81-851A-4AD5-ADDE-617B5F3C45C2}.Ad-Hoc|Any CPU.ActiveCfg = Ad-Hoc|iPhone
		{739CBC81-851A-4AD5-ADDE-617B5F3C45C2}.Ad-Hoc|ARM.ActiveCfg = Ad-Hoc|iPhone
		{739CBC81-851A-4AD5-ADDE-617B5F3C45C2}.Ad-Hoc|iPhone.ActiveCfg = Ad-Hoc|iPhone
		{739CBC81-851A-4AD5-ADDE-617B5F3C45C2}.Ad-Hoc|iPhone.Build.0 = Ad-Hoc|iPhone
		{739CBC81-851A-4AD5-ADDE-617B5F3C45C2}.Ad-Hoc|iPhoneSimulator.ActiveCfg = Ad-Hoc|iPhoneSimulator
		{739CBC81-851A-4AD5-ADDE-617B5F3C45C2}.Ad-Hoc|iPhoneSimulator.Build.0 = Ad-Hoc|iPhoneSimulator
		{739CBC81-851A-4AD5-ADDE-617B5F3C45C2}.Ad-Hoc|Mixed Platforms.ActiveCfg = Ad-Hoc|iPhone
		{739CBC81-851A-4AD5-ADDE-617B5F3C45C2}.Ad-Hoc|Mixed Platforms.Build.0 = Ad-Hoc|iPhone
		{739CBC81-851A-4AD5-ADDE-617B5F3C45C2}.Ad-Hoc|x86.ActiveCfg = Ad-Hoc|iPhone
		{739CBC81-851A-4AD5-ADDE-617B5F3C45C2}.AppStore|Any CPU.ActiveCfg = AppStore|iPhone
		{739CBC81-851A-4AD5-ADDE-617B5F3C45C2}.AppStore|ARM.ActiveCfg = AppStore|iPhone
		{739CBC81-851A-4AD5-ADDE-617B5F3C45C2}.AppStore|iPhone.ActiveCfg = AppStore|iPhone
		{739CBC81-851A-4AD5-ADDE-617B5F3C45C2}.AppStore|iPhone.Build.0 = AppStore|iPhone
		{739CBC81-851A-4AD5-ADDE-617B5F3C45C2}.AppStore|iPhoneSimulator.ActiveCfg = AppStore|iPhoneSimulator
		{739CBC81-851A-4AD5-ADDE-617B5F3C45C2}.AppStore|iPhoneSimulator.Build.0 = AppStore|iPhoneSimulator
		{739CBC81-851A-4AD5-ADDE-617B5F3C45C2}.AppStore|Mixed Platforms.ActiveCfg = AppStore|iPhone
		{739CBC81-851A-4AD5-ADDE-617B5F3C45C2}.AppStore|Mixed Platforms.Build.0 = AppStore|iPhone
		{739CBC81-851A-4AD5-ADDE-617B5F3C45C2}.AppStore|x86.ActiveCfg = AppStore|iPhone
		{739CBC81-851A-4AD5-ADDE-617B5F3C45C2}.Debug|Any CPU.ActiveCfg = Debug|iPhone
		{739CBC81-851A-4AD5-ADDE-617B5F3C45C2}.Debug|ARM.ActiveCfg = Debug|iPhone
		{739CBC81-851A-4AD5-ADDE-617B5F3C45C2}.Debug|iPhone.ActiveCfg = Debug|iPhone
		{739CBC81-851A-4AD5-ADDE-617B5F3C45C2}.Debug|iPhone.Build.0 = Debug|iPhone
		{739CBC81-851A-4AD5-ADDE-617B5F3C45C2}.Debug|iPhoneSimulator.ActiveCfg = Debug|iPhoneSimulator
		{739CBC81-851A-4AD5-ADDE-617B5F3C45C2}.Debug|iPhoneSimulator.Build.0 = Debug|iPhoneSimulator
		{739CBC81-851A-4AD5-ADDE-617B5F3C45C2}.Debug|Mixed Platforms.ActiveCfg = Debug|iPhone
		{739CBC81-851A-4AD5-ADDE-617B5F3C45C2}.Debug|Mixed Platforms.Build.0 = Debug|iPhone
		{739CBC81-851A-4AD5-ADDE-617B5F3C45C2}.Debug|x86.ActiveCfg = Debug|iPhone
		{739CBC81-851A-4AD5-ADDE-617B5F3C45C2}.Release|Any CPU.ActiveCfg = Release|iPhone
		{739CBC81-851A-4AD5-ADDE-617B5F3C45C2}.Release|ARM.ActiveCfg = Release|iPhone
		{739CBC81-851A-4AD5-ADDE-617B5F3C45C2}.Release|iPhone.ActiveCfg = Release|iPhone
		{739CBC81-851A-4AD5-ADDE-617B5F3C45C2}.Release|iPhone.Build.0 = Release|iPhone
		{739CBC81-851A-4AD5-ADDE-617B5F3C45C2}.Release|iPhoneSimulator.ActiveCfg = Release|iPhoneSimulator
		{739CBC81-851A-4AD5-ADDE-617B5F3C45C2}.Release|iPhoneSimulator.Build.0 = Release|iPhoneSimulator
		{739CBC81-851A-4AD5-ADDE-617B5F3C45C2}.Release|Mixed Platforms.ActiveCfg = Release|iPhone
		{739CBC81-851A-4AD5-ADDE-617B5F3C45C2}.Release|Mixed Platforms.Build.0 = Release|iPhone
		{739CBC81-851A-4AD5-ADDE-617B5F3C45C2}.Release|x86.ActiveCfg = Release|iPhone
		{2C1C031C-4149-48E7-BDB3-8227A32684F7}.Ad-Hoc|Any CPU.ActiveCfg = Release|Any CPU
		{2C1C031C-4149-48E7-BDB3-8227A32684F7}.Ad-Hoc|Any CPU.Build.0 = Release|Any CPU
		{2C1C031C-4149-48E7-BDB3-8227A32684F7}.Ad-Hoc|Any CPU.Deploy.0 = Release|Any CPU
		{2C1C031C-4149-48E7-BDB3-8227A32684F7}.Ad-Hoc|ARM.ActiveCfg = Release|Any CPU
		{2C1C031C-4149-48E7-BDB3-8227A32684F7}.Ad-Hoc|iPhone.ActiveCfg = Release|Any CPU
		{2C1C031C-4149-48E7-BDB3-8227A32684F7}.Ad-Hoc|iPhoneSimulator.ActiveCfg = Release|Any CPU
		{2C1C031C-4149-48E7-BDB3-8227A32684F7}.Ad-Hoc|Mixed Platforms.ActiveCfg = Release|Any CPU
		{2C1C031C-4149-48E7-BDB3-8227A32684F7}.Ad-Hoc|Mixed Platforms.Build.0 = Release|Any CPU
		{2C1C031C-4149-48E7-BDB3-8227A32684F7}.Ad-Hoc|Mixed Platforms.Deploy.0 = Release|Any CPU
		{2C1C031C-4149-48E7-BDB3-8227A32684F7}.Ad-Hoc|x86.ActiveCfg = Release|Any CPU
		{2C1C031C-4149-48E7-BDB3-8227A32684F7}.AppStore|Any CPU.ActiveCfg = Release|Any CPU
		{2C1C031C-4149-48E7-BDB3-8227A32684F7}.AppStore|Any CPU.Build.0 = Release|Any CPU
		{2C1C031C-4149-48E7-BDB3-8227A32684F7}.AppStore|Any CPU.Deploy.0 = Release|Any CPU
		{2C1C031C-4149-48E7-BDB3-8227A32684F7}.AppStore|ARM.ActiveCfg = Release|Any CPU
		{2C1C031C-4149-48E7-BDB3-8227A32684F7}.AppStore|iPhone.ActiveCfg = Release|Any CPU
		{2C1C031C-4149-48E7-BDB3-8227A32684F7}.AppStore|iPhoneSimulator.ActiveCfg = Release|Any CPU
		{2C1C031C-4149-48E7-BDB3-8227A32684F7}.AppStore|Mixed Platforms.ActiveCfg = Release|Any CPU
		{2C1C031C-4149-48E7-BDB3-8227A32684F7}.AppStore|Mixed Platforms.Build.0 = Release|Any CPU
		{2C1C031C-4149-48E7-BDB3-8227A32684F7}.AppStore|Mixed Platforms.Deploy.0 = Release|Any CPU
		{2C1C031C-4149-48E7-BDB3-8227A32684F7}.AppStore|x86.ActiveCfg = Release|Any CPU
		{2C1C031C-4149-48E7-BDB3-8227A32684F7}.Debug|Any CPU.ActiveCfg = Debug|Any CPU
		{2C1C031C-4149-48E7-BDB3-8227A32684F7}.Debug|Any CPU.Build.0 = Debug|Any CPU
		{2C1C031C-4149-48E7-BDB3-8227A32684F7}.Debug|Any CPU.Deploy.0 = Debug|Any CPU
		{2C1C031C-4149-48E7-BDB3-8227A32684F7}.Debug|ARM.ActiveCfg = Debug|Any CPU
		{2C1C031C-4149-48E7-BDB3-8227A32684F7}.Debug|iPhone.ActiveCfg = Debug|Any CPU
		{2C1C031C-4149-48E7-BDB3-8227A32684F7}.Debug|iPhoneSimulator.ActiveCfg = Debug|Any CPU
		{2C1C031C-4149-48E7-BDB3-8227A32684F7}.Debug|Mixed Platforms.ActiveCfg = Debug|Any CPU
		{2C1C031C-4149-48E7-BDB3-8227A32684F7}.Debug|Mixed Platforms.Build.0 = Debug|Any CPU
		{2C1C031C-4149-48E7-BDB3-8227A32684F7}.Debug|Mixed Platforms.Deploy.0 = Debug|Any CPU
		{2C1C031C-4149-48E7-BDB3-8227A32684F7}.Debug|x86.ActiveCfg = Debug|Any CPU
		{2C1C031C-4149-48E7-BDB3-8227A32684F7}.Release|Any CPU.ActiveCfg = Release|Any CPU
		{2C1C031C-4149-48E7-BDB3-8227A32684F7}.Release|Any CPU.Build.0 = Release|Any CPU
		{2C1C031C-4149-48E7-BDB3-8227A32684F7}.Release|Any CPU.Deploy.0 = Release|Any CPU
		{2C1C031C-4149-48E7-BDB3-8227A32684F7}.Release|ARM.ActiveCfg = Release|Any CPU
		{2C1C031C-4149-48E7-BDB3-8227A32684F7}.Release|iPhone.ActiveCfg = Release|Any CPU
		{2C1C031C-4149-48E7-BDB3-8227A32684F7}.Release|iPhoneSimulator.ActiveCfg = Release|Any CPU
		{2C1C031C-4149-48E7-BDB3-8227A32684F7}.Release|Mixed Platforms.ActiveCfg = Release|Any CPU
		{2C1C031C-4149-48E7-BDB3-8227A32684F7}.Release|Mixed Platforms.Build.0 = Release|Any CPU
		{2C1C031C-4149-48E7-BDB3-8227A32684F7}.Release|Mixed Platforms.Deploy.0 = Release|Any CPU
		{2C1C031C-4149-48E7-BDB3-8227A32684F7}.Release|x86.ActiveCfg = Release|Any CPU
		{FB32D2BD-9D05-4BC1-ABEF-592F7CB3184A}.Ad-Hoc|Any CPU.ActiveCfg = Release|Any CPU
		{FB32D2BD-9D05-4BC1-ABEF-592F7CB3184A}.Ad-Hoc|Any CPU.Build.0 = Release|Any CPU
		{FB32D2BD-9D05-4BC1-ABEF-592F7CB3184A}.Ad-Hoc|Any CPU.Deploy.0 = Release|Any CPU
		{FB32D2BD-9D05-4BC1-ABEF-592F7CB3184A}.Ad-Hoc|ARM.ActiveCfg = Release|ARM
		{FB32D2BD-9D05-4BC1-ABEF-592F7CB3184A}.Ad-Hoc|ARM.Build.0 = Release|ARM
		{FB32D2BD-9D05-4BC1-ABEF-592F7CB3184A}.Ad-Hoc|ARM.Deploy.0 = Release|ARM
		{FB32D2BD-9D05-4BC1-ABEF-592F7CB3184A}.Ad-Hoc|iPhone.ActiveCfg = Release|Any CPU
		{FB32D2BD-9D05-4BC1-ABEF-592F7CB3184A}.Ad-Hoc|iPhoneSimulator.ActiveCfg = Release|Any CPU
		{FB32D2BD-9D05-4BC1-ABEF-592F7CB3184A}.Ad-Hoc|Mixed Platforms.ActiveCfg = Release|x86
		{FB32D2BD-9D05-4BC1-ABEF-592F7CB3184A}.Ad-Hoc|Mixed Platforms.Build.0 = Release|x86
		{FB32D2BD-9D05-4BC1-ABEF-592F7CB3184A}.Ad-Hoc|Mixed Platforms.Deploy.0 = Release|x86
		{FB32D2BD-9D05-4BC1-ABEF-592F7CB3184A}.Ad-Hoc|x86.ActiveCfg = Release|x86
		{FB32D2BD-9D05-4BC1-ABEF-592F7CB3184A}.Ad-Hoc|x86.Build.0 = Release|x86
		{FB32D2BD-9D05-4BC1-ABEF-592F7CB3184A}.Ad-Hoc|x86.Deploy.0 = Release|x86
		{FB32D2BD-9D05-4BC1-ABEF-592F7CB3184A}.AppStore|Any CPU.ActiveCfg = Release|Any CPU
		{FB32D2BD-9D05-4BC1-ABEF-592F7CB3184A}.AppStore|Any CPU.Build.0 = Release|Any CPU
		{FB32D2BD-9D05-4BC1-ABEF-592F7CB3184A}.AppStore|Any CPU.Deploy.0 = Release|Any CPU
		{FB32D2BD-9D05-4BC1-ABEF-592F7CB3184A}.AppStore|ARM.ActiveCfg = Release|ARM
		{FB32D2BD-9D05-4BC1-ABEF-592F7CB3184A}.AppStore|ARM.Build.0 = Release|ARM
		{FB32D2BD-9D05-4BC1-ABEF-592F7CB3184A}.AppStore|ARM.Deploy.0 = Release|ARM
		{FB32D2BD-9D05-4BC1-ABEF-592F7CB3184A}.AppStore|iPhone.ActiveCfg = Release|Any CPU
		{FB32D2BD-9D05-4BC1-ABEF-592F7CB3184A}.AppStore|iPhoneSimulator.ActiveCfg = Release|Any CPU
		{FB32D2BD-9D05-4BC1-ABEF-592F7CB3184A}.AppStore|Mixed Platforms.ActiveCfg = Release|x86
		{FB32D2BD-9D05-4BC1-ABEF-592F7CB3184A}.AppStore|Mixed Platforms.Build.0 = Release|x86
		{FB32D2BD-9D05-4BC1-ABEF-592F7CB3184A}.AppStore|Mixed Platforms.Deploy.0 = Release|x86
		{FB32D2BD-9D05-4BC1-ABEF-592F7CB3184A}.AppStore|x86.ActiveCfg = Release|x86
		{FB32D2BD-9D05-4BC1-ABEF-592F7CB3184A}.AppStore|x86.Build.0 = Release|x86
		{FB32D2BD-9D05-4BC1-ABEF-592F7CB3184A}.AppStore|x86.Deploy.0 = Release|x86
		{FB32D2BD-9D05-4BC1-ABEF-592F7CB3184A}.Debug|Any CPU.ActiveCfg = Debug|Any CPU
		{FB32D2BD-9D05-4BC1-ABEF-592F7CB3184A}.Debug|Any CPU.Build.0 = Debug|Any CPU
		{FB32D2BD-9D05-4BC1-ABEF-592F7CB3184A}.Debug|Any CPU.Deploy.0 = Debug|Any CPU
		{FB32D2BD-9D05-4BC1-ABEF-592F7CB3184A}.Debug|ARM.ActiveCfg = Debug|ARM
		{FB32D2BD-9D05-4BC1-ABEF-592F7CB3184A}.Debug|ARM.Build.0 = Debug|ARM
		{FB32D2BD-9D05-4BC1-ABEF-592F7CB3184A}.Debug|ARM.Deploy.0 = Debug|ARM
		{FB32D2BD-9D05-4BC1-ABEF-592F7CB3184A}.Debug|iPhone.ActiveCfg = Debug|Any CPU
		{FB32D2BD-9D05-4BC1-ABEF-592F7CB3184A}.Debug|iPhoneSimulator.ActiveCfg = Debug|Any CPU
		{FB32D2BD-9D05-4BC1-ABEF-592F7CB3184A}.Debug|Mixed Platforms.ActiveCfg = Debug|x86
		{FB32D2BD-9D05-4BC1-ABEF-592F7CB3184A}.Debug|Mixed Platforms.Build.0 = Debug|x86
		{FB32D2BD-9D05-4BC1-ABEF-592F7CB3184A}.Debug|Mixed Platforms.Deploy.0 = Debug|x86
		{FB32D2BD-9D05-4BC1-ABEF-592F7CB3184A}.Debug|x86.ActiveCfg = Debug|x86
		{FB32D2BD-9D05-4BC1-ABEF-592F7CB3184A}.Debug|x86.Build.0 = Debug|x86
		{FB32D2BD-9D05-4BC1-ABEF-592F7CB3184A}.Debug|x86.Deploy.0 = Debug|x86
		{FB32D2BD-9D05-4BC1-ABEF-592F7CB3184A}.Release|Any CPU.ActiveCfg = Release|Any CPU
		{FB32D2BD-9D05-4BC1-ABEF-592F7CB3184A}.Release|Any CPU.Build.0 = Release|Any CPU
		{FB32D2BD-9D05-4BC1-ABEF-592F7CB3184A}.Release|Any CPU.Deploy.0 = Release|Any CPU
		{FB32D2BD-9D05-4BC1-ABEF-592F7CB3184A}.Release|ARM.ActiveCfg = Release|ARM
		{FB32D2BD-9D05-4BC1-ABEF-592F7CB3184A}.Release|ARM.Build.0 = Release|ARM
		{FB32D2BD-9D05-4BC1-ABEF-592F7CB3184A}.Release|ARM.Deploy.0 = Release|ARM
		{FB32D2BD-9D05-4BC1-ABEF-592F7CB3184A}.Release|iPhone.ActiveCfg = Release|Any CPU
		{FB32D2BD-9D05-4BC1-ABEF-592F7CB3184A}.Release|iPhoneSimulator.ActiveCfg = Release|Any CPU
		{FB32D2BD-9D05-4BC1-ABEF-592F7CB3184A}.Release|Mixed Platforms.ActiveCfg = Release|x86
		{FB32D2BD-9D05-4BC1-ABEF-592F7CB3184A}.Release|Mixed Platforms.Build.0 = Release|x86
		{FB32D2BD-9D05-4BC1-ABEF-592F7CB3184A}.Release|Mixed Platforms.Deploy.0 = Release|x86
		{FB32D2BD-9D05-4BC1-ABEF-592F7CB3184A}.Release|x86.ActiveCfg = Release|x86
		{FB32D2BD-9D05-4BC1-ABEF-592F7CB3184A}.Release|x86.Build.0 = Release|x86
		{FB32D2BD-9D05-4BC1-ABEF-592F7CB3184A}.Release|x86.Deploy.0 = Release|x86
		{D7AAC1AC-DAE9-4D4A-82E9-185D0830DABA}.Ad-Hoc|Any CPU.ActiveCfg = Release|Any CPU
		{D7AAC1AC-DAE9-4D4A-82E9-185D0830DABA}.Ad-Hoc|Any CPU.Build.0 = Release|Any CPU
		{D7AAC1AC-DAE9-4D4A-82E9-185D0830DABA}.Ad-Hoc|ARM.ActiveCfg = Release|Any CPU
		{D7AAC1AC-DAE9-4D4A-82E9-185D0830DABA}.Ad-Hoc|iPhone.ActiveCfg = Release|Any CPU
		{D7AAC1AC-DAE9-4D4A-82E9-185D0830DABA}.Ad-Hoc|iPhoneSimulator.ActiveCfg = Release|Any CPU
		{D7AAC1AC-DAE9-4D4A-82E9-185D0830DABA}.Ad-Hoc|Mixed Platforms.ActiveCfg = Release|Any CPU
		{D7AAC1AC-DAE9-4D4A-82E9-185D0830DABA}.Ad-Hoc|Mixed Platforms.Build.0 = Release|Any CPU
		{D7AAC1AC-DAE9-4D4A-82E9-185D0830DABA}.Ad-Hoc|x86.ActiveCfg = Release|Any CPU
		{D7AAC1AC-DAE9-4D4A-82E9-185D0830DABA}.AppStore|Any CPU.ActiveCfg = Release|Any CPU
		{D7AAC1AC-DAE9-4D4A-82E9-185D0830DABA}.AppStore|Any CPU.Build.0 = Release|Any CPU
		{D7AAC1AC-DAE9-4D4A-82E9-185D0830DABA}.AppStore|ARM.ActiveCfg = Release|Any CPU
		{D7AAC1AC-DAE9-4D4A-82E9-185D0830DABA}.AppStore|iPhone.ActiveCfg = Release|Any CPU
		{D7AAC1AC-DAE9-4D4A-82E9-185D0830DABA}.AppStore|iPhoneSimulator.ActiveCfg = Release|Any CPU
		{D7AAC1AC-DAE9-4D4A-82E9-185D0830DABA}.AppStore|Mixed Platforms.ActiveCfg = Release|Any CPU
		{D7AAC1AC-DAE9-4D4A-82E9-185D0830DABA}.AppStore|Mixed Platforms.Build.0 = Release|Any CPU
		{D7AAC1AC-DAE9-4D4A-82E9-185D0830DABA}.AppStore|x86.ActiveCfg = Release|Any CPU
		{D7AAC1AC-DAE9-4D4A-82E9-185D0830DABA}.Debug|Any CPU.ActiveCfg = Debug|Any CPU
		{D7AAC1AC-DAE9-4D4A-82E9-185D0830DABA}.Debug|Any CPU.Build.0 = Debug|Any CPU
		{D7AAC1AC-DAE9-4D4A-82E9-185D0830DABA}.Debug|ARM.ActiveCfg = Debug|Any CPU
		{D7AAC1AC-DAE9-4D4A-82E9-185D0830DABA}.Debug|iPhone.ActiveCfg = Debug|Any CPU
		{D7AAC1AC-DAE9-4D4A-82E9-185D0830DABA}.Debug|iPhoneSimulator.ActiveCfg = Debug|Any CPU
		{D7AAC1AC-DAE9-4D4A-82E9-185D0830DABA}.Debug|Mixed Platforms.ActiveCfg = Debug|Any CPU
		{D7AAC1AC-DAE9-4D4A-82E9-185D0830DABA}.Debug|Mixed Platforms.Build.0 = Debug|Any CPU
		{D7AAC1AC-DAE9-4D4A-82E9-185D0830DABA}.Debug|x86.ActiveCfg = Debug|Any CPU
		{D7AAC1AC-DAE9-4D4A-82E9-185D0830DABA}.Release|Any CPU.ActiveCfg = Release|Any CPU
		{D7AAC1AC-DAE9-4D4A-82E9-185D0830DABA}.Release|Any CPU.Build.0 = Release|Any CPU
		{D7AAC1AC-DAE9-4D4A-82E9-185D0830DABA}.Release|ARM.ActiveCfg = Release|Any CPU
		{D7AAC1AC-DAE9-4D4A-82E9-185D0830DABA}.Release|iPhone.ActiveCfg = Release|Any CPU
		{D7AAC1AC-DAE9-4D4A-82E9-185D0830DABA}.Release|iPhoneSimulator.ActiveCfg = Release|Any CPU
		{D7AAC1AC-DAE9-4D4A-82E9-185D0830DABA}.Release|Mixed Platforms.ActiveCfg = Release|Any CPU
		{D7AAC1AC-DAE9-4D4A-82E9-185D0830DABA}.Release|Mixed Platforms.Build.0 = Release|Any CPU
		{D7AAC1AC-DAE9-4D4A-82E9-185D0830DABA}.Release|x86.ActiveCfg = Release|Any CPU
	EndGlobalSection
	GlobalSection(SolutionProperties) = preSolution
		HideSolutionNode = FALSE
	EndGlobalSection
EndGlobal
