
Microsoft Visual Studio Solution File, Format Version 12.00
# Visual Studio 14
VisualStudioVersion = 14.0.25123.0
MinimumVisualStudioVersion = 10.0.40219.1
Project("{FAE04EC0-301F-11D3-BF4B-00C04F79EFBC}") = "SampleBigFileTransfer.WPF", "Sample04Wpf.Win\SampleBigFileTransfer.WPF.csproj", "{DBB00C2F-E30D-45EE-BDF1-6A36C4C6BA83}"
EndProject
Project("{FAE04EC0-301F-11D3-BF4B-00C04F79EFBC}") = "C8oSDKPCL", "..\C8oSDKDotNet\C8oSDKPCL\C8oSDKPCL.csproj", "{1764723D-85B1-4FDE-ACCF-88BB7A3B62A8}"
EndProject
Project("{D954291E-2A0B-460D-934E-DC6B0785DB48}") = "C8oFullSyncCbl", "..\C8oSDKDotNet\C8oFullSyncCbl\C8oFullSyncCbl.shproj", "{863CE965-5C79-48F0-9E97-1AADC3241A87}"
EndProject
Project("{FAE04EC0-301F-11D3-BF4B-00C04F79EFBC}") = "C8oSDKDotNet.Android", "..\C8oSDKDotNet\C8oSDKDotNet.Android\C8oSDKDotNet.Android.csproj", "{4F9BA553-8252-412D-98C8-C113CC009F82}"
EndProject
Project("{FAE04EC0-301F-11D3-BF4B-00C04F79EFBC}") = "C8oSDKDotNet.iOS", "..\C8oSDKDotNet\C8oSDKDotNet.iOS\C8oSDKDotNet.iOS.csproj", "{9D58D300-2DAD-488D-BEF1-6F591CF3E401}"
EndProject
Project("{FAE04EC0-301F-11D3-BF4B-00C04F79EFBC}") = "Sample05XamarinForms.Droid", "Sample05XamarinForms\Sample05XamarinForms.Droid\Sample05XamarinForms.Droid.csproj", "{E4964171-7E88-4E81-B063-D1C0EABD9141}"
EndProject
Project("{D954291E-2A0B-460D-934E-DC6B0785DB48}") = "Sample05XamarinForms", "Sample05XamarinForms\Sample05XamarinForms\Sample05XamarinForms.shproj", "{02BB11BD-BBF8-4438-9813-A6871F8351F3}"
EndProject
Project("{FAE04EC0-301F-11D3-BF4B-00C04F79EFBC}") = "Sample05Wpf.Win", "Sample05Wpf.Win\Sample05Wpf.Win.csproj", "{FE33AEF2-2A2E-48FC-AD4B-D9D6B04E8C0E}"
EndProject
Project("{FAE04EC0-301F-11D3-BF4B-00C04F79EFBC}") = "C8oSDKDotNet.Windows", "..\C8oSDKDotNet\C8oSDKDotNet.Windows\C8oSDKDotNet.Windows.csproj", "{FAD46F42-E48D-45D3-BA42-A27298F0B63B}"
EndProject
Project("{D954291E-2A0B-460D-934E-DC6B0785DB48}") = "Sample05Shared", "Sample05Shared\Sample05Shared.shproj", "{E18E0AAB-5CE8-4DD8-91DE-AFD1CEF64181}"
EndProject
Project("{FAE04EC0-301F-11D3-BF4B-00C04F79EFBC}") = "Sample05XamarinForms.iOS", "Sample05XamarinForms\Sample05XamarinForms.iOS\Sample05XamarinForms.iOS.csproj", "{70B42F88-DCA4-408F-B024-6CD90C9363D2}"
EndProject
Project("{FAE04EC0-301F-11D3-BF4B-00C04F79EFBC}") = "Sample05XamarinForms.WinPhone", "Sample05XamarinForms\Sample05XamarinForms.WinPhone\Sample05XamarinForms.WinPhone.csproj", "{BB4FE28C-A790-45DC-8EEC-C00F04E7E4A7}"
EndProject
Project("{FAE04EC0-301F-11D3-BF4B-00C04F79EFBC}") = "SampleBigFileTransfer.Droid", "SampleBigFileTransfer\SampleBigFileTransfer.Droid\SampleBigFileTransfer.Droid.csproj", "{5A4A37FC-CEE5-4054-AA45-44D14919EB7C}"
EndProject
Project("{FAE04EC0-301F-11D3-BF4B-00C04F79EFBC}") = "SampleBigFileTransfer.iOS", "SampleBigFileTransfer\SampleBigFileTransfer.iOS\SampleBigFileTransfer.iOS.csproj", "{73F8F5F6-7918-4D5B-9E78-F0812E73478A}"
EndProject
Project("{D954291E-2A0B-460D-934E-DC6B0785DB48}") = "SampleBigFileTransfer", "SampleBigFileTransfer\SampleBigFileTransfer\SampleBigFileTransfer.shproj", "{E96EC615-CD01-4507-AC88-43E32B1E42E8}"
EndProject
Project("{D954291E-2A0B-460D-934E-DC6B0785DB48}") = "C8oPlatform", "..\C8oSDKDotNet\C8oPlatforms\C8oPlatform.shproj", "{BDF9111D-F09A-4213-9721-114434CA73B6}"
EndProject
Global
	GlobalSection(SubversionScc) = preSolution
		Svn-Managed = True
		Manager = AnkhSVN - Subversion Support for Visual Studio
	EndGlobalSection
	GlobalSection(SharedMSBuildProjectFiles) = preSolution
		..\C8oSDKDotNet\C8oFullSyncCbl\C8oFullSyncNet.projitems*{fad46f42-e48d-45d3-ba42-a27298f0b63b}*SharedItemsImports = 4
		..\C8oSDKDotNet\C8oPlatforms\C8oPlatforms.projitems*{fad46f42-e48d-45d3-ba42-a27298f0b63b}*SharedItemsImports = 4
		Sample05Shared\Sample05Shared.projitems*{70b42f88-dca4-408f-b024-6cd90c9363d2}*SharedItemsImports = 4
		Sample05XamarinForms\Sample05XamarinForms\Sample05XamarinForms.projitems*{70b42f88-dca4-408f-b024-6cd90c9363d2}*SharedItemsImports = 4
		..\C8oSDKDotNet\C8oFullSyncCbl\C8oFullSyncNet.projitems*{863ce965-5c79-48f0-9e97-1aadc3241a87}*SharedItemsImports = 13
		SampleBigFileTransfer\SampleBigFileTransfer\SampleBigFileTransfer.projitems*{5a4a37fc-cee5-4054-aa45-44d14919eb7c}*SharedItemsImports = 4
		Sample05Shared\Sample05Shared.projitems*{bb4fe28c-a790-45dc-8eec-c00f04e7e4a7}*SharedItemsImports = 4
		Sample05XamarinForms\Sample05XamarinForms\Sample05XamarinForms.projitems*{bb4fe28c-a790-45dc-8eec-c00f04e7e4a7}*SharedItemsImports = 4
		..\C8oSDKDotNet\C8oFullSyncCbl\C8oFullSyncNet.projitems*{9d58d300-2dad-488d-bef1-6f591cf3e401}*SharedItemsImports = 4
		..\C8oSDKDotNet\C8oPlatforms\C8oPlatforms.projitems*{9d58d300-2dad-488d-bef1-6f591cf3e401}*SharedItemsImports = 4
		SampleBigFileTransfer\SampleBigFileTransfer\SampleBigFileTransfer.projitems*{73f8f5f6-7918-4d5b-9e78-f0812e73478a}*SharedItemsImports = 4
		..\C8oSDKDotNet\C8oFullSyncCbl\C8oFullSyncNet.projitems*{4f9ba553-8252-412d-98c8-c113cc009f82}*SharedItemsImports = 4
		..\C8oSDKDotNet\C8oPlatforms\C8oPlatforms.projitems*{4f9ba553-8252-412d-98c8-c113cc009f82}*SharedItemsImports = 4
		Sample05Shared\Sample05Shared.projitems*{fe33aef2-2a2e-48fc-ad4b-d9d6b04e8c0e}*SharedItemsImports = 4
		Sample05Shared\Sample05Shared.projitems*{e18e0aab-5ce8-4dd8-91de-afd1cef64181}*SharedItemsImports = 13
		Sample05XamarinForms\Sample05XamarinForms\Sample05XamarinForms.projitems*{02bb11bd-bbf8-4438-9813-a6871f8351f3}*SharedItemsImports = 13
		Sample05Shared\Sample05Shared.projitems*{e4964171-7e88-4e81-b063-d1c0eabd9141}*SharedItemsImports = 4
		Sample05XamarinForms\Sample05XamarinForms\Sample05XamarinForms.projitems*{e4964171-7e88-4e81-b063-d1c0eabd9141}*SharedItemsImports = 4
		..\C8oSDKDotNet\C8oPlatforms\C8oPlatforms.projitems*{bdf9111d-f09a-4213-9721-114434ca73b6}*SharedItemsImports = 13
		SampleBigFileTransfer\SampleBigFileTransfer\SampleBigFileTransfer.projitems*{e96ec615-cd01-4507-ac88-43e32b1e42e8}*SharedItemsImports = 13
	EndGlobalSection
	GlobalSection(SolutionConfigurationPlatforms) = preSolution
		Ad-Hoc|Any CPU = Ad-Hoc|Any CPU
		Ad-Hoc|ARM = Ad-Hoc|ARM
		Ad-Hoc|iPhone = Ad-Hoc|iPhone
		Ad-Hoc|iPhoneSimulator = Ad-Hoc|iPhoneSimulator
		Ad-Hoc|Mixed Platforms = Ad-Hoc|Mixed Platforms
		Ad-Hoc|x86 = Ad-Hoc|x86
		AppStore|Any CPU = AppStore|Any CPU
		AppStore|ARM = AppStore|ARM
		AppStore|iPhone = AppStore|iPhone
		AppStore|iPhoneSimulator = AppStore|iPhoneSimulator
		AppStore|Mixed Platforms = AppStore|Mixed Platforms
		AppStore|x86 = AppStore|x86
		Debug|Any CPU = Debug|Any CPU
		Debug|ARM = Debug|ARM
		Debug|iPhone = Debug|iPhone
		Debug|iPhoneSimulator = Debug|iPhoneSimulator
		Debug|Mixed Platforms = Debug|Mixed Platforms
		Debug|x86 = Debug|x86
		Release|Any CPU = Release|Any CPU
		Release|ARM = Release|ARM
		Release|iPhone = Release|iPhone
		Release|iPhoneSimulator = Release|iPhoneSimulator
		Release|Mixed Platforms = Release|Mixed Platforms
		Release|x86 = Release|x86
	EndGlobalSection
	GlobalSection(ProjectConfigurationPlatforms) = postSolution
		{DBB00C2F-E30D-45EE-BDF1-6A36C4C6BA83}.Ad-Hoc|Any CPU.ActiveCfg = Release|Any CPU
		{DBB00C2F-E30D-45EE-BDF1-6A36C4C6BA83}.Ad-Hoc|Any CPU.Build.0 = Release|Any CPU
		{DBB00C2F-E30D-45EE-BDF1-6A36C4C6BA83}.Ad-Hoc|ARM.ActiveCfg = Debug|Any CPU
		{DBB00C2F-E30D-45EE-BDF1-6A36C4C6BA83}.Ad-Hoc|iPhone.ActiveCfg = Release|Any CPU
		{DBB00C2F-E30D-45EE-BDF1-6A36C4C6BA83}.Ad-Hoc|iPhoneSimulator.ActiveCfg = Release|Any CPU
		{DBB00C2F-E30D-45EE-BDF1-6A36C4C6BA83}.Ad-Hoc|Mixed Platforms.ActiveCfg = Release|Any CPU
		{DBB00C2F-E30D-45EE-BDF1-6A36C4C6BA83}.Ad-Hoc|Mixed Platforms.Build.0 = Release|Any CPU
		{DBB00C2F-E30D-45EE-BDF1-6A36C4C6BA83}.Ad-Hoc|x86.ActiveCfg = Debug|Any CPU
		{DBB00C2F-E30D-45EE-BDF1-6A36C4C6BA83}.AppStore|Any CPU.ActiveCfg = Release|Any CPU
		{DBB00C2F-E30D-45EE-BDF1-6A36C4C6BA83}.AppStore|Any CPU.Build.0 = Release|Any CPU
		{DBB00C2F-E30D-45EE-BDF1-6A36C4C6BA83}.AppStore|ARM.ActiveCfg = Debug|Any CPU
		{DBB00C2F-E30D-45EE-BDF1-6A36C4C6BA83}.AppStore|iPhone.ActiveCfg = Release|Any CPU
		{DBB00C2F-E30D-45EE-BDF1-6A36C4C6BA83}.AppStore|iPhoneSimulator.ActiveCfg = Release|Any CPU
		{DBB00C2F-E30D-45EE-BDF1-6A36C4C6BA83}.AppStore|Mixed Platforms.ActiveCfg = Release|Any CPU
		{DBB00C2F-E30D-45EE-BDF1-6A36C4C6BA83}.AppStore|Mixed Platforms.Build.0 = Release|Any CPU
		{DBB00C2F-E30D-45EE-BDF1-6A36C4C6BA83}.AppStore|x86.ActiveCfg = Debug|Any CPU
		{DBB00C2F-E30D-45EE-BDF1-6A36C4C6BA83}.Debug|Any CPU.ActiveCfg = Debug|Any CPU
		{DBB00C2F-E30D-45EE-BDF1-6A36C4C6BA83}.Debug|Any CPU.Build.0 = Debug|Any CPU
		{DBB00C2F-E30D-45EE-BDF1-6A36C4C6BA83}.Debug|ARM.ActiveCfg = Debug|Any CPU
		{DBB00C2F-E30D-45EE-BDF1-6A36C4C6BA83}.Debug|iPhone.ActiveCfg = Debug|Any CPU
		{DBB00C2F-E30D-45EE-BDF1-6A36C4C6BA83}.Debug|iPhoneSimulator.ActiveCfg = Debug|Any CPU
		{DBB00C2F-E30D-45EE-BDF1-6A36C4C6BA83}.Debug|Mixed Platforms.ActiveCfg = Debug|Any CPU
		{DBB00C2F-E30D-45EE-BDF1-6A36C4C6BA83}.Debug|Mixed Platforms.Build.0 = Debug|Any CPU
		{DBB00C2F-E30D-45EE-BDF1-6A36C4C6BA83}.Debug|x86.ActiveCfg = Debug|Any CPU
		{DBB00C2F-E30D-45EE-BDF1-6A36C4C6BA83}.Release|Any CPU.ActiveCfg = Release|Any CPU
		{DBB00C2F-E30D-45EE-BDF1-6A36C4C6BA83}.Release|Any CPU.Build.0 = Release|Any CPU
		{DBB00C2F-E30D-45EE-BDF1-6A36C4C6BA83}.Release|ARM.ActiveCfg = Release|Any CPU
		{DBB00C2F-E30D-45EE-BDF1-6A36C4C6BA83}.Release|iPhone.ActiveCfg = Release|Any CPU
		{DBB00C2F-E30D-45EE-BDF1-6A36C4C6BA83}.Release|iPhoneSimulator.ActiveCfg = Release|Any CPU
		{DBB00C2F-E30D-45EE-BDF1-6A36C4C6BA83}.Release|Mixed Platforms.ActiveCfg = Release|Any CPU
		{DBB00C2F-E30D-45EE-BDF1-6A36C4C6BA83}.Release|Mixed Platforms.Build.0 = Release|Any CPU
		{DBB00C2F-E30D-45EE-BDF1-6A36C4C6BA83}.Release|x86.ActiveCfg = Release|Any CPU
		{1764723D-85B1-4FDE-ACCF-88BB7A3B62A8}.Ad-Hoc|Any CPU.ActiveCfg = Release|Any CPU
		{1764723D-85B1-4FDE-ACCF-88BB7A3B62A8}.Ad-Hoc|Any CPU.Build.0 = Release|Any CPU
		{1764723D-85B1-4FDE-ACCF-88BB7A3B62A8}.Ad-Hoc|ARM.ActiveCfg = Debug|Any CPU
		{1764723D-85B1-4FDE-ACCF-88BB7A3B62A8}.Ad-Hoc|ARM.Build.0 = Debug|Any CPU
		{1764723D-85B1-4FDE-ACCF-88BB7A3B62A8}.Ad-Hoc|iPhone.ActiveCfg = Release|Any CPU
		{1764723D-85B1-4FDE-ACCF-88BB7A3B62A8}.Ad-Hoc|iPhone.Build.0 = Release|Any CPU
		{1764723D-85B1-4FDE-ACCF-88BB7A3B62A8}.Ad-Hoc|iPhoneSimulator.ActiveCfg = Release|Any CPU
		{1764723D-85B1-4FDE-ACCF-88BB7A3B62A8}.Ad-Hoc|iPhoneSimulator.Build.0 = Release|Any CPU
		{1764723D-85B1-4FDE-ACCF-88BB7A3B62A8}.Ad-Hoc|Mixed Platforms.ActiveCfg = Release|Any CPU
		{1764723D-85B1-4FDE-ACCF-88BB7A3B62A8}.Ad-Hoc|Mixed Platforms.Build.0 = Release|Any CPU
		{1764723D-85B1-4FDE-ACCF-88BB7A3B62A8}.Ad-Hoc|x86.ActiveCfg = Debug|Any CPU
		{1764723D-85B1-4FDE-ACCF-88BB7A3B62A8}.Ad-Hoc|x86.Build.0 = Debug|Any CPU
		{1764723D-85B1-4FDE-ACCF-88BB7A3B62A8}.AppStore|Any CPU.ActiveCfg = Release|Any CPU
		{1764723D-85B1-4FDE-ACCF-88BB7A3B62A8}.AppStore|Any CPU.Build.0 = Release|Any CPU
		{1764723D-85B1-4FDE-ACCF-88BB7A3B62A8}.AppStore|ARM.ActiveCfg = Debug|Any CPU
		{1764723D-85B1-4FDE-ACCF-88BB7A3B62A8}.AppStore|ARM.Build.0 = Debug|Any CPU
		{1764723D-85B1-4FDE-ACCF-88BB7A3B62A8}.AppStore|iPhone.ActiveCfg = Release|Any CPU
		{1764723D-85B1-4FDE-ACCF-88BB7A3B62A8}.AppStore|iPhone.Build.0 = Release|Any CPU
		{1764723D-85B1-4FDE-ACCF-88BB7A3B62A8}.AppStore|iPhoneSimulator.ActiveCfg = Release|Any CPU
		{1764723D-85B1-4FDE-ACCF-88BB7A3B62A8}.AppStore|iPhoneSimulator.Build.0 = Release|Any CPU
		{1764723D-85B1-4FDE-ACCF-88BB7A3B62A8}.AppStore|Mixed Platforms.ActiveCfg = Release|Any CPU
		{1764723D-85B1-4FDE-ACCF-88BB7A3B62A8}.AppStore|Mixed Platforms.Build.0 = Release|Any CPU
		{1764723D-85B1-4FDE-ACCF-88BB7A3B62A8}.AppStore|x86.ActiveCfg = Debug|Any CPU
		{1764723D-85B1-4FDE-ACCF-88BB7A3B62A8}.AppStore|x86.Build.0 = Debug|Any CPU
		{1764723D-85B1-4FDE-ACCF-88BB7A3B62A8}.Debug|Any CPU.ActiveCfg = Debug|Any CPU
		{1764723D-85B1-4FDE-ACCF-88BB7A3B62A8}.Debug|Any CPU.Build.0 = Debug|Any CPU
		{1764723D-85B1-4FDE-ACCF-88BB7A3B62A8}.Debug|ARM.ActiveCfg = Debug|Any CPU
		{1764723D-85B1-4FDE-ACCF-88BB7A3B62A8}.Debug|ARM.Build.0 = Debug|Any CPU
		{1764723D-85B1-4FDE-ACCF-88BB7A3B62A8}.Debug|iPhone.ActiveCfg = Debug|Any CPU
		{1764723D-85B1-4FDE-ACCF-88BB7A3B62A8}.Debug|iPhone.Build.0 = Debug|Any CPU
		{1764723D-85B1-4FDE-ACCF-88BB7A3B62A8}.Debug|iPhoneSimulator.ActiveCfg = Debug|Any CPU
		{1764723D-85B1-4FDE-ACCF-88BB7A3B62A8}.Debug|iPhoneSimulator.Build.0 = Debug|Any CPU
		{1764723D-85B1-4FDE-ACCF-88BB7A3B62A8}.Debug|Mixed Platforms.ActiveCfg = Debug|Any CPU
		{1764723D-85B1-4FDE-ACCF-88BB7A3B62A8}.Debug|Mixed Platforms.Build.0 = Debug|Any CPU
		{1764723D-85B1-4FDE-ACCF-88BB7A3B62A8}.Debug|x86.ActiveCfg = Debug|Any CPU
		{1764723D-85B1-4FDE-ACCF-88BB7A3B62A8}.Debug|x86.Build.0 = Debug|Any CPU
		{1764723D-85B1-4FDE-ACCF-88BB7A3B62A8}.Release|Any CPU.ActiveCfg = Release|Any CPU
		{1764723D-85B1-4FDE-ACCF-88BB7A3B62A8}.Release|Any CPU.Build.0 = Release|Any CPU
		{1764723D-85B1-4FDE-ACCF-88BB7A3B62A8}.Release|ARM.ActiveCfg = Release|Any CPU
		{1764723D-85B1-4FDE-ACCF-88BB7A3B62A8}.Release|ARM.Build.0 = Release|Any CPU
		{1764723D-85B1-4FDE-ACCF-88BB7A3B62A8}.Release|iPhone.ActiveCfg = Release|Any CPU
		{1764723D-85B1-4FDE-ACCF-88BB7A3B62A8}.Release|iPhone.Build.0 = Release|Any CPU
		{1764723D-85B1-4FDE-ACCF-88BB7A3B62A8}.Release|iPhoneSimulator.ActiveCfg = Release|Any CPU
		{1764723D-85B1-4FDE-ACCF-88BB7A3B62A8}.Release|iPhoneSimulator.Build.0 = Release|Any CPU
		{1764723D-85B1-4FDE-ACCF-88BB7A3B62A8}.Release|Mixed Platforms.ActiveCfg = Release|Any CPU
		{1764723D-85B1-4FDE-ACCF-88BB7A3B62A8}.Release|Mixed Platforms.Build.0 = Release|Any CPU
		{1764723D-85B1-4FDE-ACCF-88BB7A3B62A8}.Release|x86.ActiveCfg = Release|Any CPU
		{1764723D-85B1-4FDE-ACCF-88BB7A3B62A8}.Release|x86.Build.0 = Release|Any CPU
		{4F9BA553-8252-412D-98C8-C113CC009F82}.Ad-Hoc|Any CPU.ActiveCfg = Release|Any CPU
		{4F9BA553-8252-412D-98C8-C113CC009F82}.Ad-Hoc|Any CPU.Build.0 = Release|Any CPU
		{4F9BA553-8252-412D-98C8-C113CC009F82}.Ad-Hoc|ARM.ActiveCfg = Debug|Any CPU
		{4F9BA553-8252-412D-98C8-C113CC009F82}.Ad-Hoc|ARM.Build.0 = Debug|Any CPU
		{4F9BA553-8252-412D-98C8-C113CC009F82}.Ad-Hoc|iPhone.ActiveCfg = Release|Any CPU
		{4F9BA553-8252-412D-98C8-C113CC009F82}.Ad-Hoc|iPhoneSimulator.ActiveCfg = Release|Any CPU
		{4F9BA553-8252-412D-98C8-C113CC009F82}.Ad-Hoc|Mixed Platforms.ActiveCfg = Release|Any CPU
		{4F9BA553-8252-412D-98C8-C113CC009F82}.Ad-Hoc|Mixed Platforms.Build.0 = Release|Any CPU
		{4F9BA553-8252-412D-98C8-C113CC009F82}.Ad-Hoc|x86.ActiveCfg = Debug|Any CPU
		{4F9BA553-8252-412D-98C8-C113CC009F82}.Ad-Hoc|x86.Build.0 = Debug|Any CPU
		{4F9BA553-8252-412D-98C8-C113CC009F82}.AppStore|Any CPU.ActiveCfg = Release|Any CPU
		{4F9BA553-8252-412D-98C8-C113CC009F82}.AppStore|Any CPU.Build.0 = Release|Any CPU
		{4F9BA553-8252-412D-98C8-C113CC009F82}.AppStore|ARM.ActiveCfg = Debug|Any CPU
		{4F9BA553-8252-412D-98C8-C113CC009F82}.AppStore|ARM.Build.0 = Debug|Any CPU
		{4F9BA553-8252-412D-98C8-C113CC009F82}.AppStore|iPhone.ActiveCfg = Release|Any CPU
		{4F9BA553-8252-412D-98C8-C113CC009F82}.AppStore|iPhoneSimulator.ActiveCfg = Release|Any CPU
		{4F9BA553-8252-412D-98C8-C113CC009F82}.AppStore|Mixed Platforms.ActiveCfg = Release|Any CPU
		{4F9BA553-8252-412D-98C8-C113CC009F82}.AppStore|Mixed Platforms.Build.0 = Release|Any CPU
		{4F9BA553-8252-412D-98C8-C113CC009F82}.AppStore|x86.ActiveCfg = Debug|Any CPU
		{4F9BA553-8252-412D-98C8-C113CC009F82}.AppStore|x86.Build.0 = Debug|Any CPU
		{4F9BA553-8252-412D-98C8-C113CC009F82}.Debug|Any CPU.ActiveCfg = Debug|Any CPU
		{4F9BA553-8252-412D-98C8-C113CC009F82}.Debug|Any CPU.Build.0 = Debug|Any CPU
		{4F9BA553-8252-412D-98C8-C113CC009F82}.Debug|ARM.ActiveCfg = Debug|Any CPU
		{4F9BA553-8252-412D-98C8-C113CC009F82}.Debug|ARM.Build.0 = Debug|Any CPU
		{4F9BA553-8252-412D-98C8-C113CC009F82}.Debug|iPhone.ActiveCfg = Debug|Any CPU
		{4F9BA553-8252-412D-98C8-C113CC009F82}.Debug|iPhoneSimulator.ActiveCfg = Debug|Any CPU
		{4F9BA553-8252-412D-98C8-C113CC009F82}.Debug|Mixed Platforms.ActiveCfg = Debug|Any CPU
		{4F9BA553-8252-412D-98C8-C113CC009F82}.Debug|Mixed Platforms.Build.0 = Debug|Any CPU
		{4F9BA553-8252-412D-98C8-C113CC009F82}.Debug|x86.ActiveCfg = Debug|Any CPU
		{4F9BA553-8252-412D-98C8-C113CC009F82}.Debug|x86.Build.0 = Debug|Any CPU
		{4F9BA553-8252-412D-98C8-C113CC009F82}.Release|Any CPU.ActiveCfg = Release|Any CPU
		{4F9BA553-8252-412D-98C8-C113CC009F82}.Release|Any CPU.Build.0 = Release|Any CPU
		{4F9BA553-8252-412D-98C8-C113CC009F82}.Release|ARM.ActiveCfg = Release|Any CPU
		{4F9BA553-8252-412D-98C8-C113CC009F82}.Release|ARM.Build.0 = Release|Any CPU
		{4F9BA553-8252-412D-98C8-C113CC009F82}.Release|iPhone.ActiveCfg = Release|Any CPU
		{4F9BA553-8252-412D-98C8-C113CC009F82}.Release|iPhoneSimulator.ActiveCfg = Release|Any CPU
		{4F9BA553-8252-412D-98C8-C113CC009F82}.Release|Mixed Platforms.ActiveCfg = Release|Any CPU
		{4F9BA553-8252-412D-98C8-C113CC009F82}.Release|Mixed Platforms.Build.0 = Release|Any CPU
		{4F9BA553-8252-412D-98C8-C113CC009F82}.Release|x86.ActiveCfg = Release|Any CPU
		{4F9BA553-8252-412D-98C8-C113CC009F82}.Release|x86.Build.0 = Release|Any CPU
		{9D58D300-2DAD-488D-BEF1-6F591CF3E401}.Ad-Hoc|Any CPU.ActiveCfg = Release|Any CPU
		{9D58D300-2DAD-488D-BEF1-6F591CF3E401}.Ad-Hoc|Any CPU.Build.0 = Release|Any CPU
		{9D58D300-2DAD-488D-BEF1-6F591CF3E401}.Ad-Hoc|ARM.ActiveCfg = Debug|Any CPU
		{9D58D300-2DAD-488D-BEF1-6F591CF3E401}.Ad-Hoc|ARM.Build.0 = Debug|Any CPU
		{9D58D300-2DAD-488D-BEF1-6F591CF3E401}.Ad-Hoc|iPhone.ActiveCfg = Release|Any CPU
		{9D58D300-2DAD-488D-BEF1-6F591CF3E401}.Ad-Hoc|iPhoneSimulator.ActiveCfg = Release|Any CPU
		{9D58D300-2DAD-488D-BEF1-6F591CF3E401}.Ad-Hoc|Mixed Platforms.ActiveCfg = Release|Any CPU
		{9D58D300-2DAD-488D-BEF1-6F591CF3E401}.Ad-Hoc|Mixed Platforms.Build.0 = Release|Any CPU
		{9D58D300-2DAD-488D-BEF1-6F591CF3E401}.Ad-Hoc|x86.ActiveCfg = Debug|Any CPU
		{9D58D300-2DAD-488D-BEF1-6F591CF3E401}.Ad-Hoc|x86.Build.0 = Debug|Any CPU
		{9D58D300-2DAD-488D-BEF1-6F591CF3E401}.AppStore|Any CPU.ActiveCfg = Release|Any CPU
		{9D58D300-2DAD-488D-BEF1-6F591CF3E401}.AppStore|Any CPU.Build.0 = Release|Any CPU
		{9D58D300-2DAD-488D-BEF1-6F591CF3E401}.AppStore|ARM.ActiveCfg = Debug|Any CPU
		{9D58D300-2DAD-488D-BEF1-6F591CF3E401}.AppStore|ARM.Build.0 = Debug|Any CPU
		{9D58D300-2DAD-488D-BEF1-6F591CF3E401}.AppStore|iPhone.ActiveCfg = Release|Any CPU
		{9D58D300-2DAD-488D-BEF1-6F591CF3E401}.AppStore|iPhoneSimulator.ActiveCfg = Release|Any CPU
		{9D58D300-2DAD-488D-BEF1-6F591CF3E401}.AppStore|Mixed Platforms.ActiveCfg = Release|Any CPU
		{9D58D300-2DAD-488D-BEF1-6F591CF3E401}.AppStore|Mixed Platforms.Build.0 = Release|Any CPU
		{9D58D300-2DAD-488D-BEF1-6F591CF3E401}.AppStore|x86.ActiveCfg = Debug|Any CPU
		{9D58D300-2DAD-488D-BEF1-6F591CF3E401}.AppStore|x86.Build.0 = Debug|Any CPU
		{9D58D300-2DAD-488D-BEF1-6F591CF3E401}.Debug|Any CPU.ActiveCfg = Debug|Any CPU
		{9D58D300-2DAD-488D-BEF1-6F591CF3E401}.Debug|Any CPU.Build.0 = Debug|Any CPU
		{9D58D300-2DAD-488D-BEF1-6F591CF3E401}.Debug|ARM.ActiveCfg = Debug|Any CPU
		{9D58D300-2DAD-488D-BEF1-6F591CF3E401}.Debug|ARM.Build.0 = Debug|Any CPU
		{9D58D300-2DAD-488D-BEF1-6F591CF3E401}.Debug|iPhone.ActiveCfg = Debug|Any CPU
		{9D58D300-2DAD-488D-BEF1-6F591CF3E401}.Debug|iPhoneSimulator.ActiveCfg = Debug|Any CPU
		{9D58D300-2DAD-488D-BEF1-6F591CF3E401}.Debug|Mixed Platforms.ActiveCfg = Debug|Any CPU
		{9D58D300-2DAD-488D-BEF1-6F591CF3E401}.Debug|Mixed Platforms.Build.0 = Debug|Any CPU
		{9D58D300-2DAD-488D-BEF1-6F591CF3E401}.Debug|x86.ActiveCfg = Debug|Any CPU
		{9D58D300-2DAD-488D-BEF1-6F591CF3E401}.Debug|x86.Build.0 = Debug|Any CPU
		{9D58D300-2DAD-488D-BEF1-6F591CF3E401}.Release|Any CPU.ActiveCfg = Release|Any CPU
		{9D58D300-2DAD-488D-BEF1-6F591CF3E401}.Release|Any CPU.Build.0 = Release|Any CPU
		{9D58D300-2DAD-488D-BEF1-6F591CF3E401}.Release|ARM.ActiveCfg = Release|Any CPU
		{9D58D300-2DAD-488D-BEF1-6F591CF3E401}.Release|ARM.Build.0 = Release|Any CPU
		{9D58D300-2DAD-488D-BEF1-6F591CF3E401}.Release|iPhone.ActiveCfg = Release|Any CPU
		{9D58D300-2DAD-488D-BEF1-6F591CF3E401}.Release|iPhoneSimulator.ActiveCfg = Release|Any CPU
		{9D58D300-2DAD-488D-BEF1-6F591CF3E401}.Release|Mixed Platforms.ActiveCfg = Release|Any CPU
		{9D58D300-2DAD-488D-BEF1-6F591CF3E401}.Release|Mixed Platforms.Build.0 = Release|Any CPU
		{9D58D300-2DAD-488D-BEF1-6F591CF3E401}.Release|x86.ActiveCfg = Release|Any CPU
		{9D58D300-2DAD-488D-BEF1-6F591CF3E401}.Release|x86.Build.0 = Release|Any CPU
		{E4964171-7E88-4E81-B063-D1C0EABD9141}.Ad-Hoc|Any CPU.ActiveCfg = Release|Any CPU
		{E4964171-7E88-4E81-B063-D1C0EABD9141}.Ad-Hoc|Any CPU.Build.0 = Release|Any CPU
		{E4964171-7E88-4E81-B063-D1C0EABD9141}.Ad-Hoc|Any CPU.Deploy.0 = Release|Any CPU
		{E4964171-7E88-4E81-B063-D1C0EABD9141}.Ad-Hoc|ARM.ActiveCfg = Debug|Any CPU
		{E4964171-7E88-4E81-B063-D1C0EABD9141}.Ad-Hoc|ARM.Build.0 = Debug|Any CPU
		{E4964171-7E88-4E81-B063-D1C0EABD9141}.Ad-Hoc|ARM.Deploy.0 = Debug|Any CPU
		{E4964171-7E88-4E81-B063-D1C0EABD9141}.Ad-Hoc|iPhone.ActiveCfg = Release|Any CPU
		{E4964171-7E88-4E81-B063-D1C0EABD9141}.Ad-Hoc|iPhoneSimulator.ActiveCfg = Release|Any CPU
		{E4964171-7E88-4E81-B063-D1C0EABD9141}.Ad-Hoc|Mixed Platforms.ActiveCfg = Release|Any CPU
		{E4964171-7E88-4E81-B063-D1C0EABD9141}.Ad-Hoc|Mixed Platforms.Build.0 = Release|Any CPU
		{E4964171-7E88-4E81-B063-D1C0EABD9141}.Ad-Hoc|Mixed Platforms.Deploy.0 = Release|Any CPU
		{E4964171-7E88-4E81-B063-D1C0EABD9141}.Ad-Hoc|x86.ActiveCfg = Debug|Any CPU
		{E4964171-7E88-4E81-B063-D1C0EABD9141}.Ad-Hoc|x86.Build.0 = Debug|Any CPU
		{E4964171-7E88-4E81-B063-D1C0EABD9141}.Ad-Hoc|x86.Deploy.0 = Debug|Any CPU
		{E4964171-7E88-4E81-B063-D1C0EABD9141}.AppStore|Any CPU.ActiveCfg = Release|Any CPU
		{E4964171-7E88-4E81-B063-D1C0EABD9141}.AppStore|Any CPU.Build.0 = Release|Any CPU
		{E4964171-7E88-4E81-B063-D1C0EABD9141}.AppStore|Any CPU.Deploy.0 = Release|Any CPU
		{E4964171-7E88-4E81-B063-D1C0EABD9141}.AppStore|ARM.ActiveCfg = Debug|Any CPU
		{E4964171-7E88-4E81-B063-D1C0EABD9141}.AppStore|ARM.Build.0 = Debug|Any CPU
		{E4964171-7E88-4E81-B063-D1C0EABD9141}.AppStore|ARM.Deploy.0 = Debug|Any CPU
		{E4964171-7E88-4E81-B063-D1C0EABD9141}.AppStore|iPhone.ActiveCfg = Release|Any CPU
		{E4964171-7E88-4E81-B063-D1C0EABD9141}.AppStore|iPhoneSimulator.ActiveCfg = Release|Any CPU
		{E4964171-7E88-4E81-B063-D1C0EABD9141}.AppStore|Mixed Platforms.ActiveCfg = Release|Any CPU
		{E4964171-7E88-4E81-B063-D1C0EABD9141}.AppStore|Mixed Platforms.Build.0 = Release|Any CPU
		{E4964171-7E88-4E81-B063-D1C0EABD9141}.AppStore|Mixed Platforms.Deploy.0 = Release|Any CPU
		{E4964171-7E88-4E81-B063-D1C0EABD9141}.AppStore|x86.ActiveCfg = Debug|Any CPU
		{E4964171-7E88-4E81-B063-D1C0EABD9141}.AppStore|x86.Build.0 = Debug|Any CPU
		{E4964171-7E88-4E81-B063-D1C0EABD9141}.AppStore|x86.Deploy.0 = Debug|Any CPU
		{E4964171-7E88-4E81-B063-D1C0EABD9141}.Debug|Any CPU.ActiveCfg = Debug|Any CPU
		{E4964171-7E88-4E81-B063-D1C0EABD9141}.Debug|Any CPU.Build.0 = Debug|Any CPU
		{E4964171-7E88-4E81-B063-D1C0EABD9141}.Debug|Any CPU.Deploy.0 = Debug|Any CPU
		{E4964171-7E88-4E81-B063-D1C0EABD9141}.Debug|ARM.ActiveCfg = Debug|Any CPU
		{E4964171-7E88-4E81-B063-D1C0EABD9141}.Debug|ARM.Build.0 = Debug|Any CPU
		{E4964171-7E88-4E81-B063-D1C0EABD9141}.Debug|ARM.Deploy.0 = Debug|Any CPU
		{E4964171-7E88-4E81-B063-D1C0EABD9141}.Debug|iPhone.ActiveCfg = Debug|Any CPU
		{E4964171-7E88-4E81-B063-D1C0EABD9141}.Debug|iPhoneSimulator.ActiveCfg = Debug|Any CPU
		{E4964171-7E88-4E81-B063-D1C0EABD9141}.Debug|Mixed Platforms.ActiveCfg = Debug|Any CPU
		{E4964171-7E88-4E81-B063-D1C0EABD9141}.Debug|Mixed Platforms.Build.0 = Debug|Any CPU
		{E4964171-7E88-4E81-B063-D1C0EABD9141}.Debug|Mixed Platforms.Deploy.0 = Debug|Any CPU
		{E4964171-7E88-4E81-B063-D1C0EABD9141}.Debug|x86.ActiveCfg = Debug|Any CPU
		{E4964171-7E88-4E81-B063-D1C0EABD9141}.Debug|x86.Build.0 = Debug|Any CPU
		{E4964171-7E88-4E81-B063-D1C0EABD9141}.Debug|x86.Deploy.0 = Debug|Any CPU
		{E4964171-7E88-4E81-B063-D1C0EABD9141}.Release|Any CPU.ActiveCfg = Release|Any CPU
		{E4964171-7E88-4E81-B063-D1C0EABD9141}.Release|Any CPU.Build.0 = Release|Any CPU
		{E4964171-7E88-4E81-B063-D1C0EABD9141}.Release|Any CPU.Deploy.0 = Release|Any CPU
		{E4964171-7E88-4E81-B063-D1C0EABD9141}.Release|ARM.ActiveCfg = Release|Any CPU
		{E4964171-7E88-4E81-B063-D1C0EABD9141}.Release|ARM.Build.0 = Release|Any CPU
		{E4964171-7E88-4E81-B063-D1C0EABD9141}.Release|ARM.Deploy.0 = Release|Any CPU
		{E4964171-7E88-4E81-B063-D1C0EABD9141}.Release|iPhone.ActiveCfg = Release|Any CPU
		{E4964171-7E88-4E81-B063-D1C0EABD9141}.Release|iPhoneSimulator.ActiveCfg = Release|Any CPU
		{E4964171-7E88-4E81-B063-D1C0EABD9141}.Release|Mixed Platforms.ActiveCfg = Release|Any CPU
		{E4964171-7E88-4E81-B063-D1C0EABD9141}.Release|Mixed Platforms.Build.0 = Release|Any CPU
		{E4964171-7E88-4E81-B063-D1C0EABD9141}.Release|Mixed Platforms.Deploy.0 = Release|Any CPU
		{E4964171-7E88-4E81-B063-D1C0EABD9141}.Release|x86.ActiveCfg = Release|Any CPU
		{E4964171-7E88-4E81-B063-D1C0EABD9141}.Release|x86.Build.0 = Release|Any CPU
		{E4964171-7E88-4E81-B063-D1C0EABD9141}.Release|x86.Deploy.0 = Release|Any CPU
		{FE33AEF2-2A2E-48FC-AD4B-D9D6B04E8C0E}.Ad-Hoc|Any CPU.ActiveCfg = Release|Any CPU
		{FE33AEF2-2A2E-48FC-AD4B-D9D6B04E8C0E}.Ad-Hoc|Any CPU.Build.0 = Release|Any CPU
		{FE33AEF2-2A2E-48FC-AD4B-D9D6B04E8C0E}.Ad-Hoc|ARM.ActiveCfg = Debug|Any CPU
		{FE33AEF2-2A2E-48FC-AD4B-D9D6B04E8C0E}.Ad-Hoc|ARM.Build.0 = Debug|Any CPU
		{FE33AEF2-2A2E-48FC-AD4B-D9D6B04E8C0E}.Ad-Hoc|iPhone.ActiveCfg = Release|Any CPU
		{FE33AEF2-2A2E-48FC-AD4B-D9D6B04E8C0E}.Ad-Hoc|iPhoneSimulator.ActiveCfg = Release|Any CPU
		{FE33AEF2-2A2E-48FC-AD4B-D9D6B04E8C0E}.Ad-Hoc|Mixed Platforms.ActiveCfg = Release|Any CPU
		{FE33AEF2-2A2E-48FC-AD4B-D9D6B04E8C0E}.Ad-Hoc|Mixed Platforms.Build.0 = Release|Any CPU
		{FE33AEF2-2A2E-48FC-AD4B-D9D6B04E8C0E}.Ad-Hoc|x86.ActiveCfg = Debug|Any CPU
		{FE33AEF2-2A2E-48FC-AD4B-D9D6B04E8C0E}.Ad-Hoc|x86.Build.0 = Debug|Any CPU
		{FE33AEF2-2A2E-48FC-AD4B-D9D6B04E8C0E}.AppStore|Any CPU.ActiveCfg = Release|Any CPU
		{FE33AEF2-2A2E-48FC-AD4B-D9D6B04E8C0E}.AppStore|Any CPU.Build.0 = Release|Any CPU
		{FE33AEF2-2A2E-48FC-AD4B-D9D6B04E8C0E}.AppStore|ARM.ActiveCfg = Debug|Any CPU
		{FE33AEF2-2A2E-48FC-AD4B-D9D6B04E8C0E}.AppStore|ARM.Build.0 = Debug|Any CPU
		{FE33AEF2-2A2E-48FC-AD4B-D9D6B04E8C0E}.AppStore|iPhone.ActiveCfg = Release|Any CPU
		{FE33AEF2-2A2E-48FC-AD4B-D9D6B04E8C0E}.AppStore|iPhoneSimulator.ActiveCfg = Release|Any CPU
		{FE33AEF2-2A2E-48FC-AD4B-D9D6B04E8C0E}.AppStore|Mixed Platforms.ActiveCfg = Release|Any CPU
		{FE33AEF2-2A2E-48FC-AD4B-D9D6B04E8C0E}.AppStore|Mixed Platforms.Build.0 = Release|Any CPU
		{FE33AEF2-2A2E-48FC-AD4B-D9D6B04E8C0E}.AppStore|x86.ActiveCfg = Debug|Any CPU
		{FE33AEF2-2A2E-48FC-AD4B-D9D6B04E8C0E}.AppStore|x86.Build.0 = Debug|Any CPU
		{FE33AEF2-2A2E-48FC-AD4B-D9D6B04E8C0E}.Debug|Any CPU.ActiveCfg = Debug|Any CPU
		{FE33AEF2-2A2E-48FC-AD4B-D9D6B04E8C0E}.Debug|Any CPU.Build.0 = Debug|Any CPU
		{FE33AEF2-2A2E-48FC-AD4B-D9D6B04E8C0E}.Debug|ARM.ActiveCfg = Debug|Any CPU
		{FE33AEF2-2A2E-48FC-AD4B-D9D6B04E8C0E}.Debug|ARM.Build.0 = Debug|Any CPU
		{FE33AEF2-2A2E-48FC-AD4B-D9D6B04E8C0E}.Debug|iPhone.ActiveCfg = Debug|Any CPU
		{FE33AEF2-2A2E-48FC-AD4B-D9D6B04E8C0E}.Debug|iPhoneSimulator.ActiveCfg = Debug|Any CPU
		{FE33AEF2-2A2E-48FC-AD4B-D9D6B04E8C0E}.Debug|Mixed Platforms.ActiveCfg = Debug|Any CPU
		{FE33AEF2-2A2E-48FC-AD4B-D9D6B04E8C0E}.Debug|Mixed Platforms.Build.0 = Debug|Any CPU
		{FE33AEF2-2A2E-48FC-AD4B-D9D6B04E8C0E}.Debug|x86.ActiveCfg = Debug|Any CPU
		{FE33AEF2-2A2E-48FC-AD4B-D9D6B04E8C0E}.Debug|x86.Build.0 = Debug|Any CPU
		{FE33AEF2-2A2E-48FC-AD4B-D9D6B04E8C0E}.Release|Any CPU.ActiveCfg = Release|Any CPU
		{FE33AEF2-2A2E-48FC-AD4B-D9D6B04E8C0E}.Release|Any CPU.Build.0 = Release|Any CPU
		{FE33AEF2-2A2E-48FC-AD4B-D9D6B04E8C0E}.Release|ARM.ActiveCfg = Release|Any CPU
		{FE33AEF2-2A2E-48FC-AD4B-D9D6B04E8C0E}.Release|ARM.Build.0 = Release|Any CPU
		{FE33AEF2-2A2E-48FC-AD4B-D9D6B04E8C0E}.Release|iPhone.ActiveCfg = Release|Any CPU
		{FE33AEF2-2A2E-48FC-AD4B-D9D6B04E8C0E}.Release|iPhoneSimulator.ActiveCfg = Release|Any CPU
		{FE33AEF2-2A2E-48FC-AD4B-D9D6B04E8C0E}.Release|Mixed Platforms.ActiveCfg = Release|Any CPU
		{FE33AEF2-2A2E-48FC-AD4B-D9D6B04E8C0E}.Release|Mixed Platforms.Build.0 = Release|Any CPU
		{FE33AEF2-2A2E-48FC-AD4B-D9D6B04E8C0E}.Release|x86.ActiveCfg = Release|Any CPU
		{FE33AEF2-2A2E-48FC-AD4B-D9D6B04E8C0E}.Release|x86.Build.0 = Release|Any CPU
		{FAD46F42-E48D-45D3-BA42-A27298F0B63B}.Ad-Hoc|Any CPU.ActiveCfg = Release|Any CPU
		{FAD46F42-E48D-45D3-BA42-A27298F0B63B}.Ad-Hoc|Any CPU.Build.0 = Release|Any CPU
		{FAD46F42-E48D-45D3-BA42-A27298F0B63B}.Ad-Hoc|ARM.ActiveCfg = Debug|Any CPU
		{FAD46F42-E48D-45D3-BA42-A27298F0B63B}.Ad-Hoc|ARM.Build.0 = Debug|Any CPU
		{FAD46F42-E48D-45D3-BA42-A27298F0B63B}.Ad-Hoc|iPhone.ActiveCfg = Release|Any CPU
		{FAD46F42-E48D-45D3-BA42-A27298F0B63B}.Ad-Hoc|iPhoneSimulator.ActiveCfg = Release|Any CPU
		{FAD46F42-E48D-45D3-BA42-A27298F0B63B}.Ad-Hoc|Mixed Platforms.ActiveCfg = Release|Any CPU
		{FAD46F42-E48D-45D3-BA42-A27298F0B63B}.Ad-Hoc|Mixed Platforms.Build.0 = Release|Any CPU
		{FAD46F42-E48D-45D3-BA42-A27298F0B63B}.Ad-Hoc|x86.ActiveCfg = Debug|Any CPU
		{FAD46F42-E48D-45D3-BA42-A27298F0B63B}.Ad-Hoc|x86.Build.0 = Debug|Any CPU
		{FAD46F42-E48D-45D3-BA42-A27298F0B63B}.AppStore|Any CPU.ActiveCfg = Release|Any CPU
		{FAD46F42-E48D-45D3-BA42-A27298F0B63B}.AppStore|Any CPU.Build.0 = Release|Any CPU
		{FAD46F42-E48D-45D3-BA42-A27298F0B63B}.AppStore|ARM.ActiveCfg = Debug|Any CPU
		{FAD46F42-E48D-45D3-BA42-A27298F0B63B}.AppStore|ARM.Build.0 = Debug|Any CPU
		{FAD46F42-E48D-45D3-BA42-A27298F0B63B}.AppStore|iPhone.ActiveCfg = Release|Any CPU
		{FAD46F42-E48D-45D3-BA42-A27298F0B63B}.AppStore|iPhoneSimulator.ActiveCfg = Release|Any CPU
		{FAD46F42-E48D-45D3-BA42-A27298F0B63B}.AppStore|Mixed Platforms.ActiveCfg = Release|Any CPU
		{FAD46F42-E48D-45D3-BA42-A27298F0B63B}.AppStore|Mixed Platforms.Build.0 = Release|Any CPU
		{FAD46F42-E48D-45D3-BA42-A27298F0B63B}.AppStore|x86.ActiveCfg = Debug|Any CPU
		{FAD46F42-E48D-45D3-BA42-A27298F0B63B}.AppStore|x86.Build.0 = Debug|Any CPU
		{FAD46F42-E48D-45D3-BA42-A27298F0B63B}.Debug|Any CPU.ActiveCfg = Debug|Any CPU
		{FAD46F42-E48D-45D3-BA42-A27298F0B63B}.Debug|Any CPU.Build.0 = Debug|Any CPU
		{FAD46F42-E48D-45D3-BA42-A27298F0B63B}.Debug|ARM.ActiveCfg = Debug|Any CPU
		{FAD46F42-E48D-45D3-BA42-A27298F0B63B}.Debug|ARM.Build.0 = Debug|Any CPU
		{FAD46F42-E48D-45D3-BA42-A27298F0B63B}.Debug|iPhone.ActiveCfg = Debug|Any CPU
		{FAD46F42-E48D-45D3-BA42-A27298F0B63B}.Debug|iPhoneSimulator.ActiveCfg = Debug|Any CPU
		{FAD46F42-E48D-45D3-BA42-A27298F0B63B}.Debug|Mixed Platforms.ActiveCfg = Debug|Any CPU
		{FAD46F42-E48D-45D3-BA42-A27298F0B63B}.Debug|Mixed Platforms.Build.0 = Debug|Any CPU
		{FAD46F42-E48D-45D3-BA42-A27298F0B63B}.Debug|x86.ActiveCfg = Debug|Any CPU
		{FAD46F42-E48D-45D3-BA42-A27298F0B63B}.Debug|x86.Build.0 = Debug|Any CPU
		{FAD46F42-E48D-45D3-BA42-A27298F0B63B}.Release|Any CPU.ActiveCfg = Release|Any CPU
		{FAD46F42-E48D-45D3-BA42-A27298F0B63B}.Release|Any CPU.Build.0 = Release|Any CPU
		{FAD46F42-E48D-45D3-BA42-A27298F0B63B}.Release|ARM.ActiveCfg = Release|Any CPU
		{FAD46F42-E48D-45D3-BA42-A27298F0B63B}.Release|ARM.Build.0 = Release|Any CPU
		{FAD46F42-E48D-45D3-BA42-A27298F0B63B}.Release|iPhone.ActiveCfg = Release|Any CPU
		{FAD46F42-E48D-45D3-BA42-A27298F0B63B}.Release|iPhoneSimulator.ActiveCfg = Release|Any CPU
		{FAD46F42-E48D-45D3-BA42-A27298F0B63B}.Release|Mixed Platforms.ActiveCfg = Release|Any CPU
		{FAD46F42-E48D-45D3-BA42-A27298F0B63B}.Release|Mixed Platforms.Build.0 = Release|Any CPU
		{FAD46F42-E48D-45D3-BA42-A27298F0B63B}.Release|x86.ActiveCfg = Release|Any CPU
		{FAD46F42-E48D-45D3-BA42-A27298F0B63B}.Release|x86.Build.0 = Release|Any CPU
		{70B42F88-DCA4-408F-B024-6CD90C9363D2}.Ad-Hoc|Any CPU.ActiveCfg = Ad-Hoc|iPhone
		{70B42F88-DCA4-408F-B024-6CD90C9363D2}.Ad-Hoc|ARM.ActiveCfg = Ad-Hoc|iPhoneSimulator
		{70B42F88-DCA4-408F-B024-6CD90C9363D2}.Ad-Hoc|iPhone.ActiveCfg = Ad-Hoc|iPhone
		{70B42F88-DCA4-408F-B024-6CD90C9363D2}.Ad-Hoc|iPhone.Build.0 = Ad-Hoc|iPhone
		{70B42F88-DCA4-408F-B024-6CD90C9363D2}.Ad-Hoc|iPhoneSimulator.ActiveCfg = Ad-Hoc|iPhoneSimulator
		{70B42F88-DCA4-408F-B024-6CD90C9363D2}.Ad-Hoc|iPhoneSimulator.Build.0 = Ad-Hoc|iPhoneSimulator
		{70B42F88-DCA4-408F-B024-6CD90C9363D2}.Ad-Hoc|Mixed Platforms.ActiveCfg = Ad-Hoc|iPhone
		{70B42F88-DCA4-408F-B024-6CD90C9363D2}.Ad-Hoc|Mixed Platforms.Build.0 = Ad-Hoc|iPhone
		{70B42F88-DCA4-408F-B024-6CD90C9363D2}.Ad-Hoc|x86.ActiveCfg = Ad-Hoc|iPhoneSimulator
		{70B42F88-DCA4-408F-B024-6CD90C9363D2}.AppStore|Any CPU.ActiveCfg = AppStore|iPhone
		{70B42F88-DCA4-408F-B024-6CD90C9363D2}.AppStore|ARM.ActiveCfg = AppStore|iPhoneSimulator
		{70B42F88-DCA4-408F-B024-6CD90C9363D2}.AppStore|iPhone.ActiveCfg = AppStore|iPhone
		{70B42F88-DCA4-408F-B024-6CD90C9363D2}.AppStore|iPhone.Build.0 = AppStore|iPhone
		{70B42F88-DCA4-408F-B024-6CD90C9363D2}.AppStore|iPhoneSimulator.ActiveCfg = AppStore|iPhoneSimulator
		{70B42F88-DCA4-408F-B024-6CD90C9363D2}.AppStore|iPhoneSimulator.Build.0 = AppStore|iPhoneSimulator
		{70B42F88-DCA4-408F-B024-6CD90C9363D2}.AppStore|Mixed Platforms.ActiveCfg = AppStore|iPhone
		{70B42F88-DCA4-408F-B024-6CD90C9363D2}.AppStore|Mixed Platforms.Build.0 = AppStore|iPhone
		{70B42F88-DCA4-408F-B024-6CD90C9363D2}.AppStore|x86.ActiveCfg = AppStore|iPhoneSimulator
		{70B42F88-DCA4-408F-B024-6CD90C9363D2}.Debug|Any CPU.ActiveCfg = Debug|iPhone
		{70B42F88-DCA4-408F-B024-6CD90C9363D2}.Debug|ARM.ActiveCfg = Debug|iPhoneSimulator
		{70B42F88-DCA4-408F-B024-6CD90C9363D2}.Debug|iPhone.ActiveCfg = Debug|iPhone
		{70B42F88-DCA4-408F-B024-6CD90C9363D2}.Debug|iPhone.Build.0 = Debug|iPhone
		{70B42F88-DCA4-408F-B024-6CD90C9363D2}.Debug|iPhoneSimulator.ActiveCfg = Debug|iPhoneSimulator
		{70B42F88-DCA4-408F-B024-6CD90C9363D2}.Debug|iPhoneSimulator.Build.0 = Debug|iPhoneSimulator
		{70B42F88-DCA4-408F-B024-6CD90C9363D2}.Debug|Mixed Platforms.ActiveCfg = Debug|iPhone
		{70B42F88-DCA4-408F-B024-6CD90C9363D2}.Debug|Mixed Platforms.Build.0 = Debug|iPhone
		{70B42F88-DCA4-408F-B024-6CD90C9363D2}.Debug|x86.ActiveCfg = Debug|iPhoneSimulator
		{70B42F88-DCA4-408F-B024-6CD90C9363D2}.Release|Any CPU.ActiveCfg = Release|iPhone
		{70B42F88-DCA4-408F-B024-6CD90C9363D2}.Release|ARM.ActiveCfg = Release|iPhoneSimulator
		{70B42F88-DCA4-408F-B024-6CD90C9363D2}.Release|iPhone.ActiveCfg = Release|iPhone
		{70B42F88-DCA4-408F-B024-6CD90C9363D2}.Release|iPhone.Build.0 = Release|iPhone
		{70B42F88-DCA4-408F-B024-6CD90C9363D2}.Release|iPhoneSimulator.ActiveCfg = Release|iPhoneSimulator
		{70B42F88-DCA4-408F-B024-6CD90C9363D2}.Release|iPhoneSimulator.Build.0 = Release|iPhoneSimulator
		{70B42F88-DCA4-408F-B024-6CD90C9363D2}.Release|Mixed Platforms.ActiveCfg = Release|iPhone
		{70B42F88-DCA4-408F-B024-6CD90C9363D2}.Release|Mixed Platforms.Build.0 = Release|iPhone
		{70B42F88-DCA4-408F-B024-6CD90C9363D2}.Release|x86.ActiveCfg = Release|iPhoneSimulator
		{BB4FE28C-A790-45DC-8EEC-C00F04E7E4A7}.Ad-Hoc|Any CPU.ActiveCfg = Release|Any CPU
		{BB4FE28C-A790-45DC-8EEC-C00F04E7E4A7}.Ad-Hoc|Any CPU.Build.0 = Release|Any CPU
		{BB4FE28C-A790-45DC-8EEC-C00F04E7E4A7}.Ad-Hoc|Any CPU.Deploy.0 = Release|Any CPU
		{BB4FE28C-A790-45DC-8EEC-C00F04E7E4A7}.Ad-Hoc|ARM.ActiveCfg = Release|ARM
		{BB4FE28C-A790-45DC-8EEC-C00F04E7E4A7}.Ad-Hoc|ARM.Build.0 = Release|ARM
		{BB4FE28C-A790-45DC-8EEC-C00F04E7E4A7}.Ad-Hoc|ARM.Deploy.0 = Release|ARM
		{BB4FE28C-A790-45DC-8EEC-C00F04E7E4A7}.Ad-Hoc|iPhone.ActiveCfg = Release|Any CPU
		{BB4FE28C-A790-45DC-8EEC-C00F04E7E4A7}.Ad-Hoc|iPhone.Build.0 = Release|Any CPU
		{BB4FE28C-A790-45DC-8EEC-C00F04E7E4A7}.Ad-Hoc|iPhone.Deploy.0 = Release|Any CPU
		{BB4FE28C-A790-45DC-8EEC-C00F04E7E4A7}.Ad-Hoc|iPhoneSimulator.ActiveCfg = Release|Any CPU
		{BB4FE28C-A790-45DC-8EEC-C00F04E7E4A7}.Ad-Hoc|iPhoneSimulator.Build.0 = Release|Any CPU
		{BB4FE28C-A790-45DC-8EEC-C00F04E7E4A7}.Ad-Hoc|iPhoneSimulator.Deploy.0 = Release|Any CPU
		{BB4FE28C-A790-45DC-8EEC-C00F04E7E4A7}.Ad-Hoc|Mixed Platforms.ActiveCfg = Release|x86
		{BB4FE28C-A790-45DC-8EEC-C00F04E7E4A7}.Ad-Hoc|Mixed Platforms.Build.0 = Release|x86
		{BB4FE28C-A790-45DC-8EEC-C00F04E7E4A7}.Ad-Hoc|Mixed Platforms.Deploy.0 = Release|x86
		{BB4FE28C-A790-45DC-8EEC-C00F04E7E4A7}.Ad-Hoc|x86.ActiveCfg = Release|x86
		{BB4FE28C-A790-45DC-8EEC-C00F04E7E4A7}.Ad-Hoc|x86.Build.0 = Release|x86
		{BB4FE28C-A790-45DC-8EEC-C00F04E7E4A7}.Ad-Hoc|x86.Deploy.0 = Release|x86
		{BB4FE28C-A790-45DC-8EEC-C00F04E7E4A7}.AppStore|Any CPU.ActiveCfg = Release|Any CPU
		{BB4FE28C-A790-45DC-8EEC-C00F04E7E4A7}.AppStore|Any CPU.Build.0 = Release|Any CPU
		{BB4FE28C-A790-45DC-8EEC-C00F04E7E4A7}.AppStore|Any CPU.Deploy.0 = Release|Any CPU
		{BB4FE28C-A790-45DC-8EEC-C00F04E7E4A7}.AppStore|ARM.ActiveCfg = Release|ARM
		{BB4FE28C-A790-45DC-8EEC-C00F04E7E4A7}.AppStore|ARM.Build.0 = Release|ARM
		{BB4FE28C-A790-45DC-8EEC-C00F04E7E4A7}.AppStore|ARM.Deploy.0 = Release|ARM
		{BB4FE28C-A790-45DC-8EEC-C00F04E7E4A7}.AppStore|iPhone.ActiveCfg = Release|Any CPU
		{BB4FE28C-A790-45DC-8EEC-C00F04E7E4A7}.AppStore|iPhone.Build.0 = Release|Any CPU
		{BB4FE28C-A790-45DC-8EEC-C00F04E7E4A7}.AppStore|iPhone.Deploy.0 = Release|Any CPU
		{BB4FE28C-A790-45DC-8EEC-C00F04E7E4A7}.AppStore|iPhoneSimulator.ActiveCfg = Release|Any CPU
		{BB4FE28C-A790-45DC-8EEC-C00F04E7E4A7}.AppStore|iPhoneSimulator.Build.0 = Release|Any CPU
		{BB4FE28C-A790-45DC-8EEC-C00F04E7E4A7}.AppStore|iPhoneSimulator.Deploy.0 = Release|Any CPU
		{BB4FE28C-A790-45DC-8EEC-C00F04E7E4A7}.AppStore|Mixed Platforms.ActiveCfg = Release|x86
		{BB4FE28C-A790-45DC-8EEC-C00F04E7E4A7}.AppStore|Mixed Platforms.Build.0 = Release|x86
		{BB4FE28C-A790-45DC-8EEC-C00F04E7E4A7}.AppStore|Mixed Platforms.Deploy.0 = Release|x86
		{BB4FE28C-A790-45DC-8EEC-C00F04E7E4A7}.AppStore|x86.ActiveCfg = Release|x86
		{BB4FE28C-A790-45DC-8EEC-C00F04E7E4A7}.AppStore|x86.Build.0 = Release|x86
		{BB4FE28C-A790-45DC-8EEC-C00F04E7E4A7}.AppStore|x86.Deploy.0 = Release|x86
		{BB4FE28C-A790-45DC-8EEC-C00F04E7E4A7}.Debug|Any CPU.ActiveCfg = Debug|Any CPU
		{BB4FE28C-A790-45DC-8EEC-C00F04E7E4A7}.Debug|Any CPU.Build.0 = Debug|Any CPU
		{BB4FE28C-A790-45DC-8EEC-C00F04E7E4A7}.Debug|Any CPU.Deploy.0 = Debug|Any CPU
		{BB4FE28C-A790-45DC-8EEC-C00F04E7E4A7}.Debug|ARM.ActiveCfg = Debug|ARM
		{BB4FE28C-A790-45DC-8EEC-C00F04E7E4A7}.Debug|ARM.Build.0 = Debug|ARM
		{BB4FE28C-A790-45DC-8EEC-C00F04E7E4A7}.Debug|ARM.Deploy.0 = Debug|ARM
		{BB4FE28C-A790-45DC-8EEC-C00F04E7E4A7}.Debug|iPhone.ActiveCfg = Debug|Any CPU
		{BB4FE28C-A790-45DC-8EEC-C00F04E7E4A7}.Debug|iPhone.Build.0 = Debug|Any CPU
		{BB4FE28C-A790-45DC-8EEC-C00F04E7E4A7}.Debug|iPhone.Deploy.0 = Debug|Any CPU
		{BB4FE28C-A790-45DC-8EEC-C00F04E7E4A7}.Debug|iPhoneSimulator.ActiveCfg = Debug|Any CPU
		{BB4FE28C-A790-45DC-8EEC-C00F04E7E4A7}.Debug|iPhoneSimulator.Build.0 = Debug|Any CPU
		{BB4FE28C-A790-45DC-8EEC-C00F04E7E4A7}.Debug|iPhoneSimulator.Deploy.0 = Debug|Any CPU
		{BB4FE28C-A790-45DC-8EEC-C00F04E7E4A7}.Debug|Mixed Platforms.ActiveCfg = Debug|x86
		{BB4FE28C-A790-45DC-8EEC-C00F04E7E4A7}.Debug|Mixed Platforms.Build.0 = Debug|x86
		{BB4FE28C-A790-45DC-8EEC-C00F04E7E4A7}.Debug|Mixed Platforms.Deploy.0 = Debug|x86
		{BB4FE28C-A790-45DC-8EEC-C00F04E7E4A7}.Debug|x86.ActiveCfg = Debug|x86
		{BB4FE28C-A790-45DC-8EEC-C00F04E7E4A7}.Debug|x86.Build.0 = Debug|x86
		{BB4FE28C-A790-45DC-8EEC-C00F04E7E4A7}.Debug|x86.Deploy.0 = Debug|x86
		{BB4FE28C-A790-45DC-8EEC-C00F04E7E4A7}.Release|Any CPU.ActiveCfg = Release|Any CPU
		{BB4FE28C-A790-45DC-8EEC-C00F04E7E4A7}.Release|Any CPU.Build.0 = Release|Any CPU
		{BB4FE28C-A790-45DC-8EEC-C00F04E7E4A7}.Release|Any CPU.Deploy.0 = Release|Any CPU
		{BB4FE28C-A790-45DC-8EEC-C00F04E7E4A7}.Release|ARM.ActiveCfg = Release|ARM
		{BB4FE28C-A790-45DC-8EEC-C00F04E7E4A7}.Release|ARM.Build.0 = Release|ARM
		{BB4FE28C-A790-45DC-8EEC-C00F04E7E4A7}.Release|ARM.Deploy.0 = Release|ARM
		{BB4FE28C-A790-45DC-8EEC-C00F04E7E4A7}.Release|iPhone.ActiveCfg = Release|Any CPU
		{BB4FE28C-A790-45DC-8EEC-C00F04E7E4A7}.Release|iPhone.Build.0 = Release|Any CPU
		{BB4FE28C-A790-45DC-8EEC-C00F04E7E4A7}.Release|iPhone.Deploy.0 = Release|Any CPU
		{BB4FE28C-A790-45DC-8EEC-C00F04E7E4A7}.Release|iPhoneSimulator.ActiveCfg = Release|Any CPU
		{BB4FE28C-A790-45DC-8EEC-C00F04E7E4A7}.Release|iPhoneSimulator.Build.0 = Release|Any CPU
		{BB4FE28C-A790-45DC-8EEC-C00F04E7E4A7}.Release|iPhoneSimulator.Deploy.0 = Release|Any CPU
		{BB4FE28C-A790-45DC-8EEC-C00F04E7E4A7}.Release|Mixed Platforms.ActiveCfg = Release|x86
		{BB4FE28C-A790-45DC-8EEC-C00F04E7E4A7}.Release|Mixed Platforms.Build.0 = Release|x86
		{BB4FE28C-A790-45DC-8EEC-C00F04E7E4A7}.Release|Mixed Platforms.Deploy.0 = Release|x86
		{BB4FE28C-A790-45DC-8EEC-C00F04E7E4A7}.Release|x86.ActiveCfg = Release|x86
		{BB4FE28C-A790-45DC-8EEC-C00F04E7E4A7}.Release|x86.Build.0 = Release|x86
		{BB4FE28C-A790-45DC-8EEC-C00F04E7E4A7}.Release|x86.Deploy.0 = Release|x86
		{5A4A37FC-CEE5-4054-AA45-44D14919EB7C}.Ad-Hoc|Any CPU.ActiveCfg = Release|Any CPU
		{5A4A37FC-CEE5-4054-AA45-44D14919EB7C}.Ad-Hoc|Any CPU.Build.0 = Release|Any CPU
		{5A4A37FC-CEE5-4054-AA45-44D14919EB7C}.Ad-Hoc|Any CPU.Deploy.0 = Release|Any CPU
		{5A4A37FC-CEE5-4054-AA45-44D14919EB7C}.Ad-Hoc|ARM.ActiveCfg = Release|Any CPU
		{5A4A37FC-CEE5-4054-AA45-44D14919EB7C}.Ad-Hoc|ARM.Build.0 = Release|Any CPU
		{5A4A37FC-CEE5-4054-AA45-44D14919EB7C}.Ad-Hoc|ARM.Deploy.0 = Release|Any CPU
		{5A4A37FC-CEE5-4054-AA45-44D14919EB7C}.Ad-Hoc|iPhone.ActiveCfg = Release|Any CPU
		{5A4A37FC-CEE5-4054-AA45-44D14919EB7C}.Ad-Hoc|iPhone.Build.0 = Release|Any CPU
		{5A4A37FC-CEE5-4054-AA45-44D14919EB7C}.Ad-Hoc|iPhone.Deploy.0 = Release|Any CPU
		{5A4A37FC-CEE5-4054-AA45-44D14919EB7C}.Ad-Hoc|iPhoneSimulator.ActiveCfg = Release|Any CPU
		{5A4A37FC-CEE5-4054-AA45-44D14919EB7C}.Ad-Hoc|iPhoneSimulator.Build.0 = Release|Any CPU
		{5A4A37FC-CEE5-4054-AA45-44D14919EB7C}.Ad-Hoc|iPhoneSimulator.Deploy.0 = Release|Any CPU
		{5A4A37FC-CEE5-4054-AA45-44D14919EB7C}.Ad-Hoc|Mixed Platforms.ActiveCfg = Release|Any CPU
		{5A4A37FC-CEE5-4054-AA45-44D14919EB7C}.Ad-Hoc|Mixed Platforms.Build.0 = Release|Any CPU
		{5A4A37FC-CEE5-4054-AA45-44D14919EB7C}.Ad-Hoc|Mixed Platforms.Deploy.0 = Release|Any CPU
		{5A4A37FC-CEE5-4054-AA45-44D14919EB7C}.Ad-Hoc|x86.ActiveCfg = Release|Any CPU
		{5A4A37FC-CEE5-4054-AA45-44D14919EB7C}.Ad-Hoc|x86.Build.0 = Release|Any CPU
		{5A4A37FC-CEE5-4054-AA45-44D14919EB7C}.Ad-Hoc|x86.Deploy.0 = Release|Any CPU
		{5A4A37FC-CEE5-4054-AA45-44D14919EB7C}.AppStore|Any CPU.ActiveCfg = Release|Any CPU
		{5A4A37FC-CEE5-4054-AA45-44D14919EB7C}.AppStore|Any CPU.Build.0 = Release|Any CPU
		{5A4A37FC-CEE5-4054-AA45-44D14919EB7C}.AppStore|Any CPU.Deploy.0 = Release|Any CPU
		{5A4A37FC-CEE5-4054-AA45-44D14919EB7C}.AppStore|ARM.ActiveCfg = Release|Any CPU
		{5A4A37FC-CEE5-4054-AA45-44D14919EB7C}.AppStore|ARM.Build.0 = Release|Any CPU
		{5A4A37FC-CEE5-4054-AA45-44D14919EB7C}.AppStore|ARM.Deploy.0 = Release|Any CPU
		{5A4A37FC-CEE5-4054-AA45-44D14919EB7C}.AppStore|iPhone.ActiveCfg = Release|Any CPU
		{5A4A37FC-CEE5-4054-AA45-44D14919EB7C}.AppStore|iPhone.Build.0 = Release|Any CPU
		{5A4A37FC-CEE5-4054-AA45-44D14919EB7C}.AppStore|iPhone.Deploy.0 = Release|Any CPU
		{5A4A37FC-CEE5-4054-AA45-44D14919EB7C}.AppStore|iPhoneSimulator.ActiveCfg = Release|Any CPU
		{5A4A37FC-CEE5-4054-AA45-44D14919EB7C}.AppStore|iPhoneSimulator.Build.0 = Release|Any CPU
		{5A4A37FC-CEE5-4054-AA45-44D14919EB7C}.AppStore|iPhoneSimulator.Deploy.0 = Release|Any CPU
		{5A4A37FC-CEE5-4054-AA45-44D14919EB7C}.AppStore|Mixed Platforms.ActiveCfg = Release|Any CPU
		{5A4A37FC-CEE5-4054-AA45-44D14919EB7C}.AppStore|Mixed Platforms.Build.0 = Release|Any CPU
		{5A4A37FC-CEE5-4054-AA45-44D14919EB7C}.AppStore|Mixed Platforms.Deploy.0 = Release|Any CPU
		{5A4A37FC-CEE5-4054-AA45-44D14919EB7C}.AppStore|x86.ActiveCfg = Release|Any CPU
		{5A4A37FC-CEE5-4054-AA45-44D14919EB7C}.AppStore|x86.Build.0 = Release|Any CPU
		{5A4A37FC-CEE5-4054-AA45-44D14919EB7C}.AppStore|x86.Deploy.0 = Release|Any CPU
		{5A4A37FC-CEE5-4054-AA45-44D14919EB7C}.Debug|Any CPU.ActiveCfg = Debug|Any CPU
		{5A4A37FC-CEE5-4054-AA45-44D14919EB7C}.Debug|Any CPU.Build.0 = Debug|Any CPU
		{5A4A37FC-CEE5-4054-AA45-44D14919EB7C}.Debug|Any CPU.Deploy.0 = Debug|Any CPU
		{5A4A37FC-CEE5-4054-AA45-44D14919EB7C}.Debug|ARM.ActiveCfg = Debug|Any CPU
		{5A4A37FC-CEE5-4054-AA45-44D14919EB7C}.Debug|ARM.Build.0 = Debug|Any CPU
		{5A4A37FC-CEE5-4054-AA45-44D14919EB7C}.Debug|ARM.Deploy.0 = Debug|Any CPU
		{5A4A37FC-CEE5-4054-AA45-44D14919EB7C}.Debug|iPhone.ActiveCfg = Debug|Any CPU
		{5A4A37FC-CEE5-4054-AA45-44D14919EB7C}.Debug|iPhone.Build.0 = Debug|Any CPU
		{5A4A37FC-CEE5-4054-AA45-44D14919EB7C}.Debug|iPhone.Deploy.0 = Debug|Any CPU
		{5A4A37FC-CEE5-4054-AA45-44D14919EB7C}.Debug|iPhoneSimulator.ActiveCfg = Debug|Any CPU
		{5A4A37FC-CEE5-4054-AA45-44D14919EB7C}.Debug|iPhoneSimulator.Build.0 = Debug|Any CPU
		{5A4A37FC-CEE5-4054-AA45-44D14919EB7C}.Debug|iPhoneSimulator.Deploy.0 = Debug|Any CPU
		{5A4A37FC-CEE5-4054-AA45-44D14919EB7C}.Debug|Mixed Platforms.ActiveCfg = Debug|Any CPU
		{5A4A37FC-CEE5-4054-AA45-44D14919EB7C}.Debug|Mixed Platforms.Build.0 = Debug|Any CPU
		{5A4A37FC-CEE5-4054-AA45-44D14919EB7C}.Debug|Mixed Platforms.Deploy.0 = Debug|Any CPU
		{5A4A37FC-CEE5-4054-AA45-44D14919EB7C}.Debug|x86.ActiveCfg = Debug|Any CPU
		{5A4A37FC-CEE5-4054-AA45-44D14919EB7C}.Debug|x86.Build.0 = Debug|Any CPU
		{5A4A37FC-CEE5-4054-AA45-44D14919EB7C}.Debug|x86.Deploy.0 = Debug|Any CPU
		{5A4A37FC-CEE5-4054-AA45-44D14919EB7C}.Release|Any CPU.ActiveCfg = Release|Any CPU
		{5A4A37FC-CEE5-4054-AA45-44D14919EB7C}.Release|Any CPU.Build.0 = Release|Any CPU
		{5A4A37FC-CEE5-4054-AA45-44D14919EB7C}.Release|Any CPU.Deploy.0 = Release|Any CPU
		{5A4A37FC-CEE5-4054-AA45-44D14919EB7C}.Release|ARM.ActiveCfg = Release|Any CPU
		{5A4A37FC-CEE5-4054-AA45-44D14919EB7C}.Release|ARM.Build.0 = Release|Any CPU
		{5A4A37FC-CEE5-4054-AA45-44D14919EB7C}.Release|ARM.Deploy.0 = Release|Any CPU
		{5A4A37FC-CEE5-4054-AA45-44D14919EB7C}.Release|iPhone.ActiveCfg = Release|Any CPU
		{5A4A37FC-CEE5-4054-AA45-44D14919EB7C}.Release|iPhone.Build.0 = Release|Any CPU
		{5A4A37FC-CEE5-4054-AA45-44D14919EB7C}.Release|iPhone.Deploy.0 = Release|Any CPU
		{5A4A37FC-CEE5-4054-AA45-44D14919EB7C}.Release|iPhoneSimulator.ActiveCfg = Release|Any CPU
		{5A4A37FC-CEE5-4054-AA45-44D14919EB7C}.Release|iPhoneSimulator.Build.0 = Release|Any CPU
		{5A4A37FC-CEE5-4054-AA45-44D14919EB7C}.Release|iPhoneSimulator.Deploy.0 = Release|Any CPU
		{5A4A37FC-CEE5-4054-AA45-44D14919EB7C}.Release|Mixed Platforms.ActiveCfg = Release|Any CPU
		{5A4A37FC-CEE5-4054-AA45-44D14919EB7C}.Release|Mixed Platforms.Build.0 = Release|Any CPU
		{5A4A37FC-CEE5-4054-AA45-44D14919EB7C}.Release|Mixed Platforms.Deploy.0 = Release|Any CPU
		{5A4A37FC-CEE5-4054-AA45-44D14919EB7C}.Release|x86.ActiveCfg = Release|Any CPU
		{5A4A37FC-CEE5-4054-AA45-44D14919EB7C}.Release|x86.Build.0 = Release|Any CPU
		{5A4A37FC-CEE5-4054-AA45-44D14919EB7C}.Release|x86.Deploy.0 = Release|Any CPU
		{73F8F5F6-7918-4D5B-9E78-F0812E73478A}.Ad-Hoc|Any CPU.ActiveCfg = Ad-Hoc|iPhone
		{73F8F5F6-7918-4D5B-9E78-F0812E73478A}.Ad-Hoc|ARM.ActiveCfg = Ad-Hoc|iPhone
		{73F8F5F6-7918-4D5B-9E78-F0812E73478A}.Ad-Hoc|iPhone.ActiveCfg = Ad-Hoc|iPhone
		{73F8F5F6-7918-4D5B-9E78-F0812E73478A}.Ad-Hoc|iPhone.Build.0 = Ad-Hoc|iPhone
		{73F8F5F6-7918-4D5B-9E78-F0812E73478A}.Ad-Hoc|iPhoneSimulator.ActiveCfg = Ad-Hoc|iPhoneSimulator
		{73F8F5F6-7918-4D5B-9E78-F0812E73478A}.Ad-Hoc|iPhoneSimulator.Build.0 = Ad-Hoc|iPhoneSimulator
		{73F8F5F6-7918-4D5B-9E78-F0812E73478A}.Ad-Hoc|Mixed Platforms.ActiveCfg = Ad-Hoc|iPhone
		{73F8F5F6-7918-4D5B-9E78-F0812E73478A}.Ad-Hoc|Mixed Platforms.Build.0 = Ad-Hoc|iPhone
		{73F8F5F6-7918-4D5B-9E78-F0812E73478A}.Ad-Hoc|x86.ActiveCfg = Ad-Hoc|iPhone
		{73F8F5F6-7918-4D5B-9E78-F0812E73478A}.AppStore|Any CPU.ActiveCfg = AppStore|iPhone
		{73F8F5F6-7918-4D5B-9E78-F0812E73478A}.AppStore|ARM.ActiveCfg = AppStore|iPhone
		{73F8F5F6-7918-4D5B-9E78-F0812E73478A}.AppStore|iPhone.ActiveCfg = AppStore|iPhone
		{73F8F5F6-7918-4D5B-9E78-F0812E73478A}.AppStore|iPhone.Build.0 = AppStore|iPhone
		{73F8F5F6-7918-4D5B-9E78-F0812E73478A}.AppStore|iPhoneSimulator.ActiveCfg = AppStore|iPhoneSimulator
		{73F8F5F6-7918-4D5B-9E78-F0812E73478A}.AppStore|iPhoneSimulator.Build.0 = AppStore|iPhoneSimulator
		{73F8F5F6-7918-4D5B-9E78-F0812E73478A}.AppStore|Mixed Platforms.ActiveCfg = AppStore|iPhone
		{73F8F5F6-7918-4D5B-9E78-F0812E73478A}.AppStore|Mixed Platforms.Build.0 = AppStore|iPhone
		{73F8F5F6-7918-4D5B-9E78-F0812E73478A}.AppStore|x86.ActiveCfg = AppStore|iPhone
		{73F8F5F6-7918-4D5B-9E78-F0812E73478A}.Debug|Any CPU.ActiveCfg = Debug|iPhone
		{73F8F5F6-7918-4D5B-9E78-F0812E73478A}.Debug|ARM.ActiveCfg = Debug|iPhone
		{73F8F5F6-7918-4D5B-9E78-F0812E73478A}.Debug|iPhone.ActiveCfg = Debug|iPhone
		{73F8F5F6-7918-4D5B-9E78-F0812E73478A}.Debug|iPhone.Build.0 = Debug|iPhone
		{73F8F5F6-7918-4D5B-9E78-F0812E73478A}.Debug|iPhoneSimulator.ActiveCfg = Debug|iPhoneSimulator
		{73F8F5F6-7918-4D5B-9E78-F0812E73478A}.Debug|iPhoneSimulator.Build.0 = Debug|iPhoneSimulator
		{73F8F5F6-7918-4D5B-9E78-F0812E73478A}.Debug|Mixed Platforms.ActiveCfg = Debug|iPhone
		{73F8F5F6-7918-4D5B-9E78-F0812E73478A}.Debug|Mixed Platforms.Build.0 = Debug|iPhone
		{73F8F5F6-7918-4D5B-9E78-F0812E73478A}.Debug|x86.ActiveCfg = Debug|iPhone
		{73F8F5F6-7918-4D5B-9E78-F0812E73478A}.Release|Any CPU.ActiveCfg = Release|iPhone
		{73F8F5F6-7918-4D5B-9E78-F0812E73478A}.Release|ARM.ActiveCfg = Release|iPhone
		{73F8F5F6-7918-4D5B-9E78-F0812E73478A}.Release|iPhone.ActiveCfg = Release|iPhone
		{73F8F5F6-7918-4D5B-9E78-F0812E73478A}.Release|iPhone.Build.0 = Release|iPhone
		{73F8F5F6-7918-4D5B-9E78-F0812E73478A}.Release|iPhoneSimulator.ActiveCfg = Release|iPhoneSimulator
		{73F8F5F6-7918-4D5B-9E78-F0812E73478A}.Release|iPhoneSimulator.Build.0 = Release|iPhoneSimulator
		{73F8F5F6-7918-4D5B-9E78-F0812E73478A}.Release|Mixed Platforms.ActiveCfg = Release|iPhone
		{73F8F5F6-7918-4D5B-9E78-F0812E73478A}.Release|Mixed Platforms.Build.0 = Release|iPhone
		{73F8F5F6-7918-4D5B-9E78-F0812E73478A}.Release|x86.ActiveCfg = Release|iPhone
	EndGlobalSection
	GlobalSection(SolutionProperties) = preSolution
		HideSolutionNode = FALSE
	EndGlobalSection
EndGlobal
